
Microsoft Visual Studio Solution File, Format Version 12.00
# Visual Studio Version 17
VisualStudioVersion = 17.2.32519.379
MinimumVisualStudioVersion = 10.0.40219.1
Project("{2150E333-8FDC-42A3-9474-1A3956D46DE8}") = "Solution Items", "Solution Items", "{5C88F0B1-E1B9-43BF-818D-86AC80A3A09F}"
	ProjectSection(SolutionItems) = preProject
		NOTICE.md = NOTICE.md
	EndProjectSection
EndProject
Project("{2150E333-8FDC-42A3-9474-1A3956D46DE8}") = "submodule", "submodule", "{88BF5669-D3F7-4409-8117-4222074F4354}"
EndProject
Project("{9A19103F-16F7-4668-BE54-9A1E7A4F7556}") = "SanteDB.Core.Api", "santedb-api\SanteDB.Core.Api\SanteDB.Core.Api.csproj", "{3A45F695-47A2-464C-ACE6-BDABBFA39FBC}"
EndProject
Project("{9A19103F-16F7-4668-BE54-9A1E7A4F7556}") = "SanteDB.Core.Applets", "santedb-applets\SanteDB.Core.Applets\SanteDB.Core.Applets.csproj", "{39E61451-F4FE-493D-B754-5F06EB284AAC}"
EndProject
Project("{9A19103F-16F7-4668-BE54-9A1E7A4F7556}") = "SanteDB.BusinessRules.JavaScript", "santedb-bre-js\SanteDB.BusinessRules.JavaScript\SanteDB.BusinessRules.JavaScript.csproj", "{3BFD6EE6-0267-4D82-BE7D-9B48B2F6F3D4}"
EndProject
Project("{9A19103F-16F7-4668-BE54-9A1E7A4F7556}") = "SanteDB.Cdss.Xml", "santedb-cdss\SanteDB.Cdss.Xml\SanteDB.Cdss.Xml.csproj", "{CAD6BCB7-758B-4AA4-A5FE-A9FAB8A4CF2F}"
EndProject
Project("{9A19103F-16F7-4668-BE54-9A1E7A4F7556}") = "SanteDB.Core.Model", "santedb-model\SanteDB.Core.Model\SanteDB.Core.Model.csproj", "{F1A82A4F-4A57-47D7-AE76-444C8A4FF54A}"
EndProject
Project("{9A19103F-16F7-4668-BE54-9A1E7A4F7556}") = "SanteDB.Core.Model.AMI", "santedb-restsvc\SanteDB.Core.Model.AMI\SanteDB.Core.Model.AMI.csproj", "{65EF51C6-5CB8-43B8-AE65-4A68F0B44AD2}"
EndProject
Project("{9A19103F-16F7-4668-BE54-9A1E7A4F7556}") = "SanteDB.Core.Model.RISI", "santedb-restsvc\SanteDB.Core.Model.RISI\SanteDB.Core.Model.RISI.csproj", "{F3D2FA84-C398-4390-9834-1272CC2D6F89}"
EndProject
Project("{9A19103F-16F7-4668-BE54-9A1E7A4F7556}") = "SanteDB.Rest.Common", "santedb-restsvc\SanteDB.Rest.Common\SanteDB.Rest.Common.csproj", "{786BD0EE-1806-4158-BA45-80249AC6DFE7}"
EndProject
Project("{9A19103F-16F7-4668-BE54-9A1E7A4F7556}") = "SanteDB.Rest.AMI", "santedb-restsvc\SanteDB.Rest.AMI\SanteDB.Rest.AMI.csproj", "{F14023E2-F8DF-4EBC-B2C4-34A825E3790E}"
EndProject
Project("{9A19103F-16F7-4668-BE54-9A1E7A4F7556}") = "SanteDB.Rest.HDSI", "santedb-restsvc\SanteDB.Rest.HDSI\SanteDB.Rest.HDSI.csproj", "{903E2E75-7B62-4C42-A001-404DC0235A6B}"
EndProject
Project("{2150E333-8FDC-42A3-9474-1A3956D46DE8}") = "RestService", "RestService", "{C8BA5840-9AEC-48D9-ACAF-6C5C40366CE4}"
EndProject
Project("{2150E333-8FDC-42A3-9474-1A3956D46DE8}") = "Dc", "Dc", "{F386119B-7D95-4F22-B789-CABE710FE83D}"
EndProject
Project("{2150E333-8FDC-42A3-9474-1A3956D46DE8}") = "Core", "Core", "{938E48F1-4BDF-4953-AB18-E72D6FDB1E18}"
EndProject
Project("{9A19103F-16F7-4668-BE54-9A1E7A4F7556}") = "SanteDB.BI", "santedb-bis\SanteDB.BI\SanteDB.BI.csproj", "{030666AA-FC71-449E-9DFC-270F1C23C5DA}"
EndProject
Project("{9A19103F-16F7-4668-BE54-9A1E7A4F7556}") = "SanteDB.Rest.BIS", "santedb-bis\SanteDB.Rest.BIS\SanteDB.Rest.BIS.csproj", "{200AC0CB-EBBF-4FDE-81D0-447CDFFFA2F7}"
EndProject
Project("{9A19103F-16F7-4668-BE54-9A1E7A4F7556}") = "SanteDB.Core.Model.ViewModelSerializers", "santedb-restsvc\SanteDB.Core.Model.ViewModelSerializers\SanteDB.Core.Model.ViewModelSerializers.csproj", "{ECE9B280-9647-4092-BABF-EB2E25084670}"
EndProject
Project("{2150E333-8FDC-42A3-9474-1A3956D46DE8}") = "Tooling", "Tooling", "{576926A4-9EBF-47D2-BDDA-4FAF0ED534FE}"
EndProject
Project("{9A19103F-16F7-4668-BE54-9A1E7A4F7556}") = "SanteDB.Matcher", "santedb-match\SanteDB.Matcher\SanteDB.Matcher.csproj", "{A37BB496-739D-440E-AB64-E2939A759898}"
EndProject
Project("{9A19103F-16F7-4668-BE54-9A1E7A4F7556}") = "SanteDB.OrmLite", "santedb-orm\SanteDB.OrmLite\SanteDB.OrmLite.csproj", "{0D913602-39B1-4ABB-AE5A-D8EBAD1CCDD6}"
EndProject
Project("{2150E333-8FDC-42A3-9474-1A3956D46DE8}") = "Docker", "Docker", "{31E3C458-01AE-4340-9AFB-2C004CD8C98F}"
EndProject
Project("{9A19103F-16F7-4668-BE54-9A1E7A4F7556}") = "SanteDB.Docker.Core", "santedb-docker\SanteDB.Docker.Core\SanteDB.Docker.Core.csproj", "{4933B173-831A-41B3-A04B-498EEC647B29}"
EndProject
Project("{9A19103F-16F7-4668-BE54-9A1E7A4F7556}") = "SanteDB.Caching.Memory", "santedb-cache-memory\SanteDB.Caching.Memory\SanteDB.Caching.Memory.csproj", "{8553ABC7-ABFA-4A21-B0E8-68B7DE76129D}"
EndProject
Project("{2150E333-8FDC-42A3-9474-1A3956D46DE8}") = "Client", "Client", "{C2C0DDDF-46A4-4672-B5B3-9BEB503C60D2}"
EndProject
Project("{9A19103F-16F7-4668-BE54-9A1E7A4F7556}") = "SanteDB.Messaging.HDSI.Client", "santedb-client\SanteDB.Messaging.HDSI.Client\SanteDB.Messaging.HDSI.Client.csproj", "{9B5BD1A0-3FBB-4632-9969-7FBE60DE93AC}"
EndProject
Project("{9A19103F-16F7-4668-BE54-9A1E7A4F7556}") = "SanteDB.Messaging.AMI.Client", "santedb-client\SanteDB.Messaging.AMI.Client\SanteDB.Messaging.AMI.Client.csproj", "{5C53A418-40C1-42BC-B30E-0EDA2737DE5F}"
EndProject
Project("{2150E333-8FDC-42A3-9474-1A3956D46DE8}") = "Persistence", "Persistence", "{F5FF8D13-A718-4C61-8156-66E89E9E0542}"
EndProject
Project("{9A19103F-16F7-4668-BE54-9A1E7A4F7556}") = "SanteDB.Persistence.MDM", "santedb-mdm\SanteDB.Persistence.MDM\SanteDB.Persistence.MDM.csproj", "{20960967-3647-41A2-9DF6-3E15E2AA7019}"
EndProject
Project("{9A19103F-16F7-4668-BE54-9A1E7A4F7556}") = "SanteDB.Messaging.FHIR", "santedb-fhir\SanteDB.Messaging.FHIR\SanteDB.Messaging.FHIR.csproj", "{33836324-C699-4139-AB9C-7524570A04D5}"
EndProject
Project("{9A19103F-16F7-4668-BE54-9A1E7A4F7556}") = "SanteDB.Client", "santedb-dc-core\SanteDB.Client\SanteDB.Client.csproj", "{0345A561-AB19-4899-909D-76C97213CCED}"
EndProject
Project("{9A19103F-16F7-4668-BE54-9A1E7A4F7556}") = "SanteDB.Client.Disconnected", "santedb-dc-core\SanteDB.Client.Disconnected\SanteDB.Client.Disconnected.csproj", "{7A8CFF73-BFF7-499B-98D6-27932A8E7FD4}"
EndProject
Project("{9A19103F-16F7-4668-BE54-9A1E7A4F7556}") = "SanteDB.Persistence.Data", "santedb-data\SanteDB.Persistence.Data\SanteDB.Persistence.Data.csproj", "{A0B78179-43BA-4D37-BEE1-09F60F631874}"
EndProject
Project("{9A19103F-16F7-4668-BE54-9A1E7A4F7556}") = "SanteDB.Persistence.PubSub.ADO", "santedb-data\SanteDB.Persistence.PubSub.ADO\SanteDB.Persistence.PubSub.ADO.csproj", "{2A81F68B-132C-4CCC-9B36-83AEBF94391B}"
EndProject
Project("{9A19103F-16F7-4668-BE54-9A1E7A4F7556}") = "SanteDB.Persistence.Synchronization.ADO", "santedb-data\SanteDB.Persistence.Synchronization.ADO\SanteDB.Persistence.Synchronization.ADO.csproj", "{6F1ED09F-543F-4DB0-8A85-79E3468127ED}"
EndProject
Project("{9A19103F-16F7-4668-BE54-9A1E7A4F7556}") = "SanteDB.Rest.OAuth", "santedb-restsvc\SanteDB.Rest.OAuth\SanteDB.Rest.OAuth.csproj", "{ADE24A22-A207-4786-A934-85CA720DA294}"
EndProject
Project("{9A19103F-16F7-4668-BE54-9A1E7A4F7556}") = "SanteDB.Rest.WWW", "santedb-restsvc\SanteDB.Rest.WWW\SanteDB.Rest.WWW.csproj", "{2818336D-F9E9-4ACD-A0CF-ADD36C7C8264}"
EndProject
Project("{9A19103F-16F7-4668-BE54-9A1E7A4F7556}") = "SanteDB.Rest.AppService", "santedb-restsvc\SanteDB.Rest.AppService\SanteDB.Rest.AppService.csproj", "{5F3263FB-F532-423E-BF77-4A3922DE251A}"
EndProject
Project("{9A19103F-16F7-4668-BE54-9A1E7A4F7556}") = "SanteDB.Core.i18n", "santedb-i18n\SanteDB.Core.i18n\SanteDB.Core.i18n.csproj", "{DD441099-8E0A-4C11-AB92-2FF1D33471B7}"
EndProject
Project("{9A19103F-16F7-4668-BE54-9A1E7A4F7556}") = "SanteDB.Persistence.Auditing.ADO", "santedb-data\SanteDB.Persistence.Auditing.ADO\SanteDB.Persistence.Auditing.ADO.csproj", "{7E0584D9-0313-4AC1-84AC-5EB45890BFF9}"
EndProject
Project("{FAE04EC0-301F-11D3-BF4B-00C04F79EFBC}") = "SanteDB.SDK.BrainBug", "santedb-tools\BrainBug\SanteDB.SDK.BrainBug.csproj", "{76272AB0-DF7A-4AF8-BBD5-1AD87150BA7F}"
EndProject
Project("{FAE04EC0-301F-11D3-BF4B-00C04F79EFBC}") = "SanteDB.SDK.JsProxy", "santedb-tools\JsProxy\SanteDB.SDK.JsProxy.csproj", "{A49B162F-B08B-4753-99EA-9A8E07270F5E}"
EndProject
Project("{FAE04EC0-301F-11D3-BF4B-00C04F79EFBC}") = "SanteDB.PakMan", "santedb-tools\PakMan\SanteDB.PakMan.csproj", "{CE1ECA7B-77D8-48AC-B611-72B3B4CDEF0A}"
EndProject
Project("{9A19103F-16F7-4668-BE54-9A1E7A4F7556}") = "SanteDB.PakMan.Common", "santedb-tools\PakMan.Common\SanteDB.PakMan.Common.csproj", "{5F67B926-2B78-49EB-AEFE-B80CA9AA12BB}"
EndProject
Project("{FAE04EC0-301F-11D3-BF4B-00C04F79EFBC}") = "SanteDB.PakSrv", "santedb-tools\PakSrv\SanteDB.PakSrv.csproj", "{FE6895B0-A046-4938-8D52-59A8E48C55DD}"
EndProject
Project("{FAE04EC0-301F-11D3-BF4B-00C04F79EFBC}") = "SanteDB.SDK.BreDebugger", "santedb-tools\SanteDB.BreDebugger\SanteDB.SDK.BreDebugger.csproj", "{16013272-94C9-46DE-84A1-9562A322719D}"
EndProject
Project("{9A19103F-16F7-4668-BE54-9A1E7A4F7556}") = "SanteDB.DevTools", "santedb-tools\SanteDB.DevTools\SanteDB.DevTools.csproj", "{7E6524A0-5441-40C0-A122-428861D2E1DA}"
EndProject
Project("{FAE04EC0-301F-11D3-BF4B-00C04F79EFBC}") = "SanteDB.VocabImport", "santedb-tools\SanteDB.VocabImport\SanteDB.VocabImport.csproj", "{E3872E49-66F3-4EA1-9F99-2F6D85EBE5C7}"
EndProject
Project("{FAE04EC0-301F-11D3-BF4B-00C04F79EFBC}") = "SanteDB.SDK.AppletDebugger", "santedb-tools\Ade\SanteDB.SDK.AppletDebugger.csproj", "{6B894823-4076-4D56-B12D-81517AF3223D}"
EndProject
Project("{9A19103F-16F7-4668-BE54-9A1E7A4F7556}") = "SanteDB.Security.Certs.BouncyCastle", "santedb-certs-bc\SanteDB.Security.Certs.BouncyCastle\SanteDB.Security.Certs.BouncyCastle.csproj", "{A72694E7-87D3-45D9-96B4-314603A88C89}"
EndProject
Project("{9A19103F-16F7-4668-BE54-9A1E7A4F7556}") = "SanteDB.Messaging.Metadata", "santedb-openapi\SanteDB.Messaging.OpenAPI\SanteDB.Messaging.Metadata.csproj", "{1B690052-ED2E-4389-838D-9B9FB188F541}"
EndProject
Project("{9A19103F-16F7-4668-BE54-9A1E7A4F7556}") = "SanteDB.Messaging.HL7", "santedb-hl7\SanteDB.Messaging.HL7\SanteDB.Messaging.HL7.csproj", "{C1F86EA3-FC84-456F-A9D9-0BF8DB0D48D3}"
EndProject
Project("{9A19103F-16F7-4668-BE54-9A1E7A4F7556}") = "RestSrvr", "restsrvr\RestSrvr\RestSrvr.csproj", "{93965296-AC71-47D4-BC68-825157080965}"
EndProject
Global
	GlobalSection(SolutionConfigurationPlatforms) = preSolution
		Debug|Any CPU = Debug|Any CPU
		Debug|x86 = Debug|x86
		MacDebug|Any CPU = MacDebug|Any CPU
		MacDebug|x86 = MacDebug|x86
		MacRelease|Any CPU = MacRelease|Any CPU
		MacRelease|x86 = MacRelease|x86
		Release|Any CPU = Release|Any CPU
		Release|x86 = Release|x86
		SignedRelease|Any CPU = SignedRelease|Any CPU
		SignedRelease|x86 = SignedRelease|x86
	EndGlobalSection
	GlobalSection(ProjectConfigurationPlatforms) = postSolution
		{3A45F695-47A2-464C-ACE6-BDABBFA39FBC}.Debug|Any CPU.ActiveCfg = Debug|Any CPU
		{3A45F695-47A2-464C-ACE6-BDABBFA39FBC}.Debug|Any CPU.Build.0 = Debug|Any CPU
		{3A45F695-47A2-464C-ACE6-BDABBFA39FBC}.Debug|x86.ActiveCfg = Debug|Any CPU
		{3A45F695-47A2-464C-ACE6-BDABBFA39FBC}.Debug|x86.Build.0 = Debug|Any CPU
		{3A45F695-47A2-464C-ACE6-BDABBFA39FBC}.MacDebug|Any CPU.ActiveCfg = Debug|Any CPU
		{3A45F695-47A2-464C-ACE6-BDABBFA39FBC}.MacDebug|Any CPU.Build.0 = Debug|Any CPU
		{3A45F695-47A2-464C-ACE6-BDABBFA39FBC}.MacDebug|x86.ActiveCfg = Debug|Any CPU
		{3A45F695-47A2-464C-ACE6-BDABBFA39FBC}.MacDebug|x86.Build.0 = Debug|Any CPU
		{3A45F695-47A2-464C-ACE6-BDABBFA39FBC}.MacRelease|Any CPU.ActiveCfg = Release|Any CPU
		{3A45F695-47A2-464C-ACE6-BDABBFA39FBC}.MacRelease|Any CPU.Build.0 = Release|Any CPU
		{3A45F695-47A2-464C-ACE6-BDABBFA39FBC}.MacRelease|x86.ActiveCfg = Release|Any CPU
		{3A45F695-47A2-464C-ACE6-BDABBFA39FBC}.MacRelease|x86.Build.0 = Release|Any CPU
		{3A45F695-47A2-464C-ACE6-BDABBFA39FBC}.Release|Any CPU.ActiveCfg = Release|Any CPU
		{3A45F695-47A2-464C-ACE6-BDABBFA39FBC}.Release|Any CPU.Build.0 = Release|Any CPU
		{3A45F695-47A2-464C-ACE6-BDABBFA39FBC}.Release|x86.ActiveCfg = Release|Any CPU
		{3A45F695-47A2-464C-ACE6-BDABBFA39FBC}.Release|x86.Build.0 = Release|Any CPU
		{3A45F695-47A2-464C-ACE6-BDABBFA39FBC}.SignedRelease|Any CPU.ActiveCfg = Release|Any CPU
		{3A45F695-47A2-464C-ACE6-BDABBFA39FBC}.SignedRelease|Any CPU.Build.0 = Release|Any CPU
		{3A45F695-47A2-464C-ACE6-BDABBFA39FBC}.SignedRelease|x86.ActiveCfg = Release|Any CPU
		{3A45F695-47A2-464C-ACE6-BDABBFA39FBC}.SignedRelease|x86.Build.0 = Release|Any CPU
		{39E61451-F4FE-493D-B754-5F06EB284AAC}.Debug|Any CPU.ActiveCfg = Debug|Any CPU
		{39E61451-F4FE-493D-B754-5F06EB284AAC}.Debug|Any CPU.Build.0 = Debug|Any CPU
		{39E61451-F4FE-493D-B754-5F06EB284AAC}.Debug|x86.ActiveCfg = Debug|Any CPU
		{39E61451-F4FE-493D-B754-5F06EB284AAC}.Debug|x86.Build.0 = Debug|Any CPU
		{39E61451-F4FE-493D-B754-5F06EB284AAC}.MacDebug|Any CPU.ActiveCfg = Debug|Any CPU
		{39E61451-F4FE-493D-B754-5F06EB284AAC}.MacDebug|Any CPU.Build.0 = Debug|Any CPU
		{39E61451-F4FE-493D-B754-5F06EB284AAC}.MacDebug|x86.ActiveCfg = Debug|Any CPU
		{39E61451-F4FE-493D-B754-5F06EB284AAC}.MacDebug|x86.Build.0 = Debug|Any CPU
		{39E61451-F4FE-493D-B754-5F06EB284AAC}.MacRelease|Any CPU.ActiveCfg = Release|Any CPU
		{39E61451-F4FE-493D-B754-5F06EB284AAC}.MacRelease|Any CPU.Build.0 = Release|Any CPU
		{39E61451-F4FE-493D-B754-5F06EB284AAC}.MacRelease|x86.ActiveCfg = Release|Any CPU
		{39E61451-F4FE-493D-B754-5F06EB284AAC}.MacRelease|x86.Build.0 = Release|Any CPU
		{39E61451-F4FE-493D-B754-5F06EB284AAC}.Release|Any CPU.ActiveCfg = Release|Any CPU
		{39E61451-F4FE-493D-B754-5F06EB284AAC}.Release|Any CPU.Build.0 = Release|Any CPU
		{39E61451-F4FE-493D-B754-5F06EB284AAC}.Release|x86.ActiveCfg = Release|Any CPU
		{39E61451-F4FE-493D-B754-5F06EB284AAC}.Release|x86.Build.0 = Release|Any CPU
		{39E61451-F4FE-493D-B754-5F06EB284AAC}.SignedRelease|Any CPU.ActiveCfg = Release|Any CPU
		{39E61451-F4FE-493D-B754-5F06EB284AAC}.SignedRelease|Any CPU.Build.0 = Release|Any CPU
		{39E61451-F4FE-493D-B754-5F06EB284AAC}.SignedRelease|x86.ActiveCfg = Release|Any CPU
		{39E61451-F4FE-493D-B754-5F06EB284AAC}.SignedRelease|x86.Build.0 = Release|Any CPU
		{3BFD6EE6-0267-4D82-BE7D-9B48B2F6F3D4}.Debug|Any CPU.ActiveCfg = Debug|Any CPU
		{3BFD6EE6-0267-4D82-BE7D-9B48B2F6F3D4}.Debug|Any CPU.Build.0 = Debug|Any CPU
		{3BFD6EE6-0267-4D82-BE7D-9B48B2F6F3D4}.Debug|x86.ActiveCfg = Debug|Any CPU
		{3BFD6EE6-0267-4D82-BE7D-9B48B2F6F3D4}.Debug|x86.Build.0 = Debug|Any CPU
		{3BFD6EE6-0267-4D82-BE7D-9B48B2F6F3D4}.MacDebug|Any CPU.ActiveCfg = Debug|Any CPU
		{3BFD6EE6-0267-4D82-BE7D-9B48B2F6F3D4}.MacDebug|Any CPU.Build.0 = Debug|Any CPU
		{3BFD6EE6-0267-4D82-BE7D-9B48B2F6F3D4}.MacDebug|x86.ActiveCfg = Debug|Any CPU
		{3BFD6EE6-0267-4D82-BE7D-9B48B2F6F3D4}.MacDebug|x86.Build.0 = Debug|Any CPU
		{3BFD6EE6-0267-4D82-BE7D-9B48B2F6F3D4}.MacRelease|Any CPU.ActiveCfg = Release|Any CPU
		{3BFD6EE6-0267-4D82-BE7D-9B48B2F6F3D4}.MacRelease|Any CPU.Build.0 = Release|Any CPU
		{3BFD6EE6-0267-4D82-BE7D-9B48B2F6F3D4}.MacRelease|x86.ActiveCfg = Release|Any CPU
		{3BFD6EE6-0267-4D82-BE7D-9B48B2F6F3D4}.MacRelease|x86.Build.0 = Release|Any CPU
		{3BFD6EE6-0267-4D82-BE7D-9B48B2F6F3D4}.Release|Any CPU.ActiveCfg = Release|Any CPU
		{3BFD6EE6-0267-4D82-BE7D-9B48B2F6F3D4}.Release|Any CPU.Build.0 = Release|Any CPU
		{3BFD6EE6-0267-4D82-BE7D-9B48B2F6F3D4}.Release|x86.ActiveCfg = Release|Any CPU
		{3BFD6EE6-0267-4D82-BE7D-9B48B2F6F3D4}.Release|x86.Build.0 = Release|Any CPU
		{3BFD6EE6-0267-4D82-BE7D-9B48B2F6F3D4}.SignedRelease|Any CPU.ActiveCfg = Release|Any CPU
		{3BFD6EE6-0267-4D82-BE7D-9B48B2F6F3D4}.SignedRelease|Any CPU.Build.0 = Release|Any CPU
		{3BFD6EE6-0267-4D82-BE7D-9B48B2F6F3D4}.SignedRelease|x86.ActiveCfg = Release|Any CPU
		{3BFD6EE6-0267-4D82-BE7D-9B48B2F6F3D4}.SignedRelease|x86.Build.0 = Release|Any CPU
		{CAD6BCB7-758B-4AA4-A5FE-A9FAB8A4CF2F}.Debug|Any CPU.ActiveCfg = Debug|Any CPU
		{CAD6BCB7-758B-4AA4-A5FE-A9FAB8A4CF2F}.Debug|Any CPU.Build.0 = Debug|Any CPU
		{CAD6BCB7-758B-4AA4-A5FE-A9FAB8A4CF2F}.Debug|x86.ActiveCfg = Debug|Any CPU
		{CAD6BCB7-758B-4AA4-A5FE-A9FAB8A4CF2F}.Debug|x86.Build.0 = Debug|Any CPU
		{CAD6BCB7-758B-4AA4-A5FE-A9FAB8A4CF2F}.MacDebug|Any CPU.ActiveCfg = Debug|Any CPU
		{CAD6BCB7-758B-4AA4-A5FE-A9FAB8A4CF2F}.MacDebug|Any CPU.Build.0 = Debug|Any CPU
		{CAD6BCB7-758B-4AA4-A5FE-A9FAB8A4CF2F}.MacDebug|x86.ActiveCfg = Debug|Any CPU
		{CAD6BCB7-758B-4AA4-A5FE-A9FAB8A4CF2F}.MacDebug|x86.Build.0 = Debug|Any CPU
		{CAD6BCB7-758B-4AA4-A5FE-A9FAB8A4CF2F}.MacRelease|Any CPU.ActiveCfg = Release|Any CPU
		{CAD6BCB7-758B-4AA4-A5FE-A9FAB8A4CF2F}.MacRelease|Any CPU.Build.0 = Release|Any CPU
		{CAD6BCB7-758B-4AA4-A5FE-A9FAB8A4CF2F}.MacRelease|x86.ActiveCfg = Release|Any CPU
		{CAD6BCB7-758B-4AA4-A5FE-A9FAB8A4CF2F}.MacRelease|x86.Build.0 = Release|Any CPU
		{CAD6BCB7-758B-4AA4-A5FE-A9FAB8A4CF2F}.Release|Any CPU.ActiveCfg = Release|Any CPU
		{CAD6BCB7-758B-4AA4-A5FE-A9FAB8A4CF2F}.Release|Any CPU.Build.0 = Release|Any CPU
		{CAD6BCB7-758B-4AA4-A5FE-A9FAB8A4CF2F}.Release|x86.ActiveCfg = Release|Any CPU
		{CAD6BCB7-758B-4AA4-A5FE-A9FAB8A4CF2F}.Release|x86.Build.0 = Release|Any CPU
		{CAD6BCB7-758B-4AA4-A5FE-A9FAB8A4CF2F}.SignedRelease|Any CPU.ActiveCfg = Release|Any CPU
		{CAD6BCB7-758B-4AA4-A5FE-A9FAB8A4CF2F}.SignedRelease|Any CPU.Build.0 = Release|Any CPU
		{CAD6BCB7-758B-4AA4-A5FE-A9FAB8A4CF2F}.SignedRelease|x86.ActiveCfg = Release|Any CPU
		{CAD6BCB7-758B-4AA4-A5FE-A9FAB8A4CF2F}.SignedRelease|x86.Build.0 = Release|Any CPU
		{F1A82A4F-4A57-47D7-AE76-444C8A4FF54A}.Debug|Any CPU.ActiveCfg = Debug|Any CPU
		{F1A82A4F-4A57-47D7-AE76-444C8A4FF54A}.Debug|Any CPU.Build.0 = Debug|Any CPU
		{F1A82A4F-4A57-47D7-AE76-444C8A4FF54A}.Debug|x86.ActiveCfg = Debug|Any CPU
		{F1A82A4F-4A57-47D7-AE76-444C8A4FF54A}.Debug|x86.Build.0 = Debug|Any CPU
		{F1A82A4F-4A57-47D7-AE76-444C8A4FF54A}.MacDebug|Any CPU.ActiveCfg = Debug|Any CPU
		{F1A82A4F-4A57-47D7-AE76-444C8A4FF54A}.MacDebug|Any CPU.Build.0 = Debug|Any CPU
		{F1A82A4F-4A57-47D7-AE76-444C8A4FF54A}.MacDebug|x86.ActiveCfg = Debug|Any CPU
		{F1A82A4F-4A57-47D7-AE76-444C8A4FF54A}.MacDebug|x86.Build.0 = Debug|Any CPU
		{F1A82A4F-4A57-47D7-AE76-444C8A4FF54A}.MacRelease|Any CPU.ActiveCfg = Release|Any CPU
		{F1A82A4F-4A57-47D7-AE76-444C8A4FF54A}.MacRelease|Any CPU.Build.0 = Release|Any CPU
		{F1A82A4F-4A57-47D7-AE76-444C8A4FF54A}.MacRelease|x86.ActiveCfg = Release|Any CPU
		{F1A82A4F-4A57-47D7-AE76-444C8A4FF54A}.MacRelease|x86.Build.0 = Release|Any CPU
		{F1A82A4F-4A57-47D7-AE76-444C8A4FF54A}.Release|Any CPU.ActiveCfg = Release|Any CPU
		{F1A82A4F-4A57-47D7-AE76-444C8A4FF54A}.Release|Any CPU.Build.0 = Release|Any CPU
		{F1A82A4F-4A57-47D7-AE76-444C8A4FF54A}.Release|x86.ActiveCfg = Release|Any CPU
		{F1A82A4F-4A57-47D7-AE76-444C8A4FF54A}.Release|x86.Build.0 = Release|Any CPU
		{F1A82A4F-4A57-47D7-AE76-444C8A4FF54A}.SignedRelease|Any CPU.ActiveCfg = Release|Any CPU
		{F1A82A4F-4A57-47D7-AE76-444C8A4FF54A}.SignedRelease|Any CPU.Build.0 = Release|Any CPU
		{F1A82A4F-4A57-47D7-AE76-444C8A4FF54A}.SignedRelease|x86.ActiveCfg = Release|Any CPU
		{F1A82A4F-4A57-47D7-AE76-444C8A4FF54A}.SignedRelease|x86.Build.0 = Release|Any CPU
		{65EF51C6-5CB8-43B8-AE65-4A68F0B44AD2}.Debug|Any CPU.ActiveCfg = Debug|Any CPU
		{65EF51C6-5CB8-43B8-AE65-4A68F0B44AD2}.Debug|Any CPU.Build.0 = Debug|Any CPU
		{65EF51C6-5CB8-43B8-AE65-4A68F0B44AD2}.Debug|x86.ActiveCfg = Debug|Any CPU
		{65EF51C6-5CB8-43B8-AE65-4A68F0B44AD2}.Debug|x86.Build.0 = Debug|Any CPU
		{65EF51C6-5CB8-43B8-AE65-4A68F0B44AD2}.MacDebug|Any CPU.ActiveCfg = Debug|Any CPU
		{65EF51C6-5CB8-43B8-AE65-4A68F0B44AD2}.MacDebug|Any CPU.Build.0 = Debug|Any CPU
		{65EF51C6-5CB8-43B8-AE65-4A68F0B44AD2}.MacDebug|x86.ActiveCfg = Debug|Any CPU
		{65EF51C6-5CB8-43B8-AE65-4A68F0B44AD2}.MacDebug|x86.Build.0 = Debug|Any CPU
		{65EF51C6-5CB8-43B8-AE65-4A68F0B44AD2}.MacRelease|Any CPU.ActiveCfg = Release|Any CPU
		{65EF51C6-5CB8-43B8-AE65-4A68F0B44AD2}.MacRelease|Any CPU.Build.0 = Release|Any CPU
		{65EF51C6-5CB8-43B8-AE65-4A68F0B44AD2}.MacRelease|x86.ActiveCfg = Release|Any CPU
		{65EF51C6-5CB8-43B8-AE65-4A68F0B44AD2}.MacRelease|x86.Build.0 = Release|Any CPU
		{65EF51C6-5CB8-43B8-AE65-4A68F0B44AD2}.Release|Any CPU.ActiveCfg = Release|Any CPU
		{65EF51C6-5CB8-43B8-AE65-4A68F0B44AD2}.Release|Any CPU.Build.0 = Release|Any CPU
		{65EF51C6-5CB8-43B8-AE65-4A68F0B44AD2}.Release|x86.ActiveCfg = Release|Any CPU
		{65EF51C6-5CB8-43B8-AE65-4A68F0B44AD2}.Release|x86.Build.0 = Release|Any CPU
		{65EF51C6-5CB8-43B8-AE65-4A68F0B44AD2}.SignedRelease|Any CPU.ActiveCfg = Release|Any CPU
		{65EF51C6-5CB8-43B8-AE65-4A68F0B44AD2}.SignedRelease|Any CPU.Build.0 = Release|Any CPU
		{65EF51C6-5CB8-43B8-AE65-4A68F0B44AD2}.SignedRelease|x86.ActiveCfg = Release|Any CPU
		{65EF51C6-5CB8-43B8-AE65-4A68F0B44AD2}.SignedRelease|x86.Build.0 = Release|Any CPU
		{F3D2FA84-C398-4390-9834-1272CC2D6F89}.Debug|Any CPU.ActiveCfg = Debug|Any CPU
		{F3D2FA84-C398-4390-9834-1272CC2D6F89}.Debug|Any CPU.Build.0 = Debug|Any CPU
		{F3D2FA84-C398-4390-9834-1272CC2D6F89}.Debug|x86.ActiveCfg = Debug|Any CPU
		{F3D2FA84-C398-4390-9834-1272CC2D6F89}.Debug|x86.Build.0 = Debug|Any CPU
		{F3D2FA84-C398-4390-9834-1272CC2D6F89}.MacDebug|Any CPU.ActiveCfg = Debug|Any CPU
		{F3D2FA84-C398-4390-9834-1272CC2D6F89}.MacDebug|Any CPU.Build.0 = Debug|Any CPU
		{F3D2FA84-C398-4390-9834-1272CC2D6F89}.MacDebug|x86.ActiveCfg = Debug|Any CPU
		{F3D2FA84-C398-4390-9834-1272CC2D6F89}.MacDebug|x86.Build.0 = Debug|Any CPU
		{F3D2FA84-C398-4390-9834-1272CC2D6F89}.MacRelease|Any CPU.ActiveCfg = Release|Any CPU
		{F3D2FA84-C398-4390-9834-1272CC2D6F89}.MacRelease|Any CPU.Build.0 = Release|Any CPU
		{F3D2FA84-C398-4390-9834-1272CC2D6F89}.MacRelease|x86.ActiveCfg = Release|Any CPU
		{F3D2FA84-C398-4390-9834-1272CC2D6F89}.MacRelease|x86.Build.0 = Release|Any CPU
		{F3D2FA84-C398-4390-9834-1272CC2D6F89}.Release|Any CPU.ActiveCfg = Release|Any CPU
		{F3D2FA84-C398-4390-9834-1272CC2D6F89}.Release|Any CPU.Build.0 = Release|Any CPU
		{F3D2FA84-C398-4390-9834-1272CC2D6F89}.Release|x86.ActiveCfg = Release|Any CPU
		{F3D2FA84-C398-4390-9834-1272CC2D6F89}.Release|x86.Build.0 = Release|Any CPU
		{F3D2FA84-C398-4390-9834-1272CC2D6F89}.SignedRelease|Any CPU.ActiveCfg = Release|Any CPU
		{F3D2FA84-C398-4390-9834-1272CC2D6F89}.SignedRelease|Any CPU.Build.0 = Release|Any CPU
		{F3D2FA84-C398-4390-9834-1272CC2D6F89}.SignedRelease|x86.ActiveCfg = Release|Any CPU
		{F3D2FA84-C398-4390-9834-1272CC2D6F89}.SignedRelease|x86.Build.0 = Release|Any CPU
		{786BD0EE-1806-4158-BA45-80249AC6DFE7}.Debug|Any CPU.ActiveCfg = Debug|Any CPU
		{786BD0EE-1806-4158-BA45-80249AC6DFE7}.Debug|Any CPU.Build.0 = Debug|Any CPU
		{786BD0EE-1806-4158-BA45-80249AC6DFE7}.Debug|x86.ActiveCfg = Debug|Any CPU
		{786BD0EE-1806-4158-BA45-80249AC6DFE7}.Debug|x86.Build.0 = Debug|Any CPU
		{786BD0EE-1806-4158-BA45-80249AC6DFE7}.MacDebug|Any CPU.ActiveCfg = Debug|Any CPU
		{786BD0EE-1806-4158-BA45-80249AC6DFE7}.MacDebug|Any CPU.Build.0 = Debug|Any CPU
		{786BD0EE-1806-4158-BA45-80249AC6DFE7}.MacDebug|x86.ActiveCfg = Debug|Any CPU
		{786BD0EE-1806-4158-BA45-80249AC6DFE7}.MacDebug|x86.Build.0 = Debug|Any CPU
		{786BD0EE-1806-4158-BA45-80249AC6DFE7}.MacRelease|Any CPU.ActiveCfg = Release|Any CPU
		{786BD0EE-1806-4158-BA45-80249AC6DFE7}.MacRelease|Any CPU.Build.0 = Release|Any CPU
		{786BD0EE-1806-4158-BA45-80249AC6DFE7}.MacRelease|x86.ActiveCfg = Release|Any CPU
		{786BD0EE-1806-4158-BA45-80249AC6DFE7}.MacRelease|x86.Build.0 = Release|Any CPU
		{786BD0EE-1806-4158-BA45-80249AC6DFE7}.Release|Any CPU.ActiveCfg = Release|Any CPU
		{786BD0EE-1806-4158-BA45-80249AC6DFE7}.Release|Any CPU.Build.0 = Release|Any CPU
		{786BD0EE-1806-4158-BA45-80249AC6DFE7}.Release|x86.ActiveCfg = Release|Any CPU
		{786BD0EE-1806-4158-BA45-80249AC6DFE7}.Release|x86.Build.0 = Release|Any CPU
		{786BD0EE-1806-4158-BA45-80249AC6DFE7}.SignedRelease|Any CPU.ActiveCfg = Release|Any CPU
		{786BD0EE-1806-4158-BA45-80249AC6DFE7}.SignedRelease|Any CPU.Build.0 = Release|Any CPU
		{786BD0EE-1806-4158-BA45-80249AC6DFE7}.SignedRelease|x86.ActiveCfg = Release|Any CPU
		{786BD0EE-1806-4158-BA45-80249AC6DFE7}.SignedRelease|x86.Build.0 = Release|Any CPU
		{F14023E2-F8DF-4EBC-B2C4-34A825E3790E}.Debug|Any CPU.ActiveCfg = Debug|Any CPU
		{F14023E2-F8DF-4EBC-B2C4-34A825E3790E}.Debug|Any CPU.Build.0 = Debug|Any CPU
		{F14023E2-F8DF-4EBC-B2C4-34A825E3790E}.Debug|x86.ActiveCfg = Debug|Any CPU
		{F14023E2-F8DF-4EBC-B2C4-34A825E3790E}.Debug|x86.Build.0 = Debug|Any CPU
		{F14023E2-F8DF-4EBC-B2C4-34A825E3790E}.MacDebug|Any CPU.ActiveCfg = Debug|Any CPU
		{F14023E2-F8DF-4EBC-B2C4-34A825E3790E}.MacDebug|Any CPU.Build.0 = Debug|Any CPU
		{F14023E2-F8DF-4EBC-B2C4-34A825E3790E}.MacDebug|x86.ActiveCfg = Debug|Any CPU
		{F14023E2-F8DF-4EBC-B2C4-34A825E3790E}.MacDebug|x86.Build.0 = Debug|Any CPU
		{F14023E2-F8DF-4EBC-B2C4-34A825E3790E}.MacRelease|Any CPU.ActiveCfg = Release|Any CPU
		{F14023E2-F8DF-4EBC-B2C4-34A825E3790E}.MacRelease|Any CPU.Build.0 = Release|Any CPU
		{F14023E2-F8DF-4EBC-B2C4-34A825E3790E}.MacRelease|x86.ActiveCfg = Release|Any CPU
		{F14023E2-F8DF-4EBC-B2C4-34A825E3790E}.MacRelease|x86.Build.0 = Release|Any CPU
		{F14023E2-F8DF-4EBC-B2C4-34A825E3790E}.Release|Any CPU.ActiveCfg = Release|Any CPU
		{F14023E2-F8DF-4EBC-B2C4-34A825E3790E}.Release|Any CPU.Build.0 = Release|Any CPU
		{F14023E2-F8DF-4EBC-B2C4-34A825E3790E}.Release|x86.ActiveCfg = Release|Any CPU
		{F14023E2-F8DF-4EBC-B2C4-34A825E3790E}.Release|x86.Build.0 = Release|Any CPU
		{F14023E2-F8DF-4EBC-B2C4-34A825E3790E}.SignedRelease|Any CPU.ActiveCfg = Release|Any CPU
		{F14023E2-F8DF-4EBC-B2C4-34A825E3790E}.SignedRelease|Any CPU.Build.0 = Release|Any CPU
		{F14023E2-F8DF-4EBC-B2C4-34A825E3790E}.SignedRelease|x86.ActiveCfg = Release|Any CPU
		{F14023E2-F8DF-4EBC-B2C4-34A825E3790E}.SignedRelease|x86.Build.0 = Release|Any CPU
		{903E2E75-7B62-4C42-A001-404DC0235A6B}.Debug|Any CPU.ActiveCfg = Debug|Any CPU
		{903E2E75-7B62-4C42-A001-404DC0235A6B}.Debug|Any CPU.Build.0 = Debug|Any CPU
		{903E2E75-7B62-4C42-A001-404DC0235A6B}.Debug|x86.ActiveCfg = Debug|Any CPU
		{903E2E75-7B62-4C42-A001-404DC0235A6B}.Debug|x86.Build.0 = Debug|Any CPU
		{903E2E75-7B62-4C42-A001-404DC0235A6B}.MacDebug|Any CPU.ActiveCfg = Debug|Any CPU
		{903E2E75-7B62-4C42-A001-404DC0235A6B}.MacDebug|Any CPU.Build.0 = Debug|Any CPU
		{903E2E75-7B62-4C42-A001-404DC0235A6B}.MacDebug|x86.ActiveCfg = Debug|Any CPU
		{903E2E75-7B62-4C42-A001-404DC0235A6B}.MacDebug|x86.Build.0 = Debug|Any CPU
		{903E2E75-7B62-4C42-A001-404DC0235A6B}.MacRelease|Any CPU.ActiveCfg = Release|Any CPU
		{903E2E75-7B62-4C42-A001-404DC0235A6B}.MacRelease|Any CPU.Build.0 = Release|Any CPU
		{903E2E75-7B62-4C42-A001-404DC0235A6B}.MacRelease|x86.ActiveCfg = Release|Any CPU
		{903E2E75-7B62-4C42-A001-404DC0235A6B}.MacRelease|x86.Build.0 = Release|Any CPU
		{903E2E75-7B62-4C42-A001-404DC0235A6B}.Release|Any CPU.ActiveCfg = Release|Any CPU
		{903E2E75-7B62-4C42-A001-404DC0235A6B}.Release|Any CPU.Build.0 = Release|Any CPU
		{903E2E75-7B62-4C42-A001-404DC0235A6B}.Release|x86.ActiveCfg = Release|Any CPU
		{903E2E75-7B62-4C42-A001-404DC0235A6B}.Release|x86.Build.0 = Release|Any CPU
		{903E2E75-7B62-4C42-A001-404DC0235A6B}.SignedRelease|Any CPU.ActiveCfg = Release|Any CPU
		{903E2E75-7B62-4C42-A001-404DC0235A6B}.SignedRelease|Any CPU.Build.0 = Release|Any CPU
		{903E2E75-7B62-4C42-A001-404DC0235A6B}.SignedRelease|x86.ActiveCfg = Release|Any CPU
		{903E2E75-7B62-4C42-A001-404DC0235A6B}.SignedRelease|x86.Build.0 = Release|Any CPU
		{030666AA-FC71-449E-9DFC-270F1C23C5DA}.Debug|Any CPU.ActiveCfg = Debug|Any CPU
		{030666AA-FC71-449E-9DFC-270F1C23C5DA}.Debug|Any CPU.Build.0 = Debug|Any CPU
		{030666AA-FC71-449E-9DFC-270F1C23C5DA}.Debug|x86.ActiveCfg = Debug|Any CPU
		{030666AA-FC71-449E-9DFC-270F1C23C5DA}.Debug|x86.Build.0 = Debug|Any CPU
		{030666AA-FC71-449E-9DFC-270F1C23C5DA}.MacDebug|Any CPU.ActiveCfg = Debug|Any CPU
		{030666AA-FC71-449E-9DFC-270F1C23C5DA}.MacDebug|Any CPU.Build.0 = Debug|Any CPU
		{030666AA-FC71-449E-9DFC-270F1C23C5DA}.MacDebug|x86.ActiveCfg = Debug|Any CPU
		{030666AA-FC71-449E-9DFC-270F1C23C5DA}.MacDebug|x86.Build.0 = Debug|Any CPU
		{030666AA-FC71-449E-9DFC-270F1C23C5DA}.MacRelease|Any CPU.ActiveCfg = Release|Any CPU
		{030666AA-FC71-449E-9DFC-270F1C23C5DA}.MacRelease|Any CPU.Build.0 = Release|Any CPU
		{030666AA-FC71-449E-9DFC-270F1C23C5DA}.MacRelease|x86.ActiveCfg = Release|Any CPU
		{030666AA-FC71-449E-9DFC-270F1C23C5DA}.MacRelease|x86.Build.0 = Release|Any CPU
		{030666AA-FC71-449E-9DFC-270F1C23C5DA}.Release|Any CPU.ActiveCfg = Release|Any CPU
		{030666AA-FC71-449E-9DFC-270F1C23C5DA}.Release|Any CPU.Build.0 = Release|Any CPU
		{030666AA-FC71-449E-9DFC-270F1C23C5DA}.Release|x86.ActiveCfg = Release|Any CPU
		{030666AA-FC71-449E-9DFC-270F1C23C5DA}.Release|x86.Build.0 = Release|Any CPU
		{030666AA-FC71-449E-9DFC-270F1C23C5DA}.SignedRelease|Any CPU.ActiveCfg = Release|Any CPU
		{030666AA-FC71-449E-9DFC-270F1C23C5DA}.SignedRelease|Any CPU.Build.0 = Release|Any CPU
		{030666AA-FC71-449E-9DFC-270F1C23C5DA}.SignedRelease|x86.ActiveCfg = Release|Any CPU
		{030666AA-FC71-449E-9DFC-270F1C23C5DA}.SignedRelease|x86.Build.0 = Release|Any CPU
		{200AC0CB-EBBF-4FDE-81D0-447CDFFFA2F7}.Debug|Any CPU.ActiveCfg = Debug|Any CPU
		{200AC0CB-EBBF-4FDE-81D0-447CDFFFA2F7}.Debug|Any CPU.Build.0 = Debug|Any CPU
		{200AC0CB-EBBF-4FDE-81D0-447CDFFFA2F7}.Debug|x86.ActiveCfg = Debug|Any CPU
		{200AC0CB-EBBF-4FDE-81D0-447CDFFFA2F7}.Debug|x86.Build.0 = Debug|Any CPU
		{200AC0CB-EBBF-4FDE-81D0-447CDFFFA2F7}.MacDebug|Any CPU.ActiveCfg = Debug|Any CPU
		{200AC0CB-EBBF-4FDE-81D0-447CDFFFA2F7}.MacDebug|Any CPU.Build.0 = Debug|Any CPU
		{200AC0CB-EBBF-4FDE-81D0-447CDFFFA2F7}.MacDebug|x86.ActiveCfg = Debug|Any CPU
		{200AC0CB-EBBF-4FDE-81D0-447CDFFFA2F7}.MacDebug|x86.Build.0 = Debug|Any CPU
		{200AC0CB-EBBF-4FDE-81D0-447CDFFFA2F7}.MacRelease|Any CPU.ActiveCfg = Release|Any CPU
		{200AC0CB-EBBF-4FDE-81D0-447CDFFFA2F7}.MacRelease|Any CPU.Build.0 = Release|Any CPU
		{200AC0CB-EBBF-4FDE-81D0-447CDFFFA2F7}.MacRelease|x86.ActiveCfg = Release|Any CPU
		{200AC0CB-EBBF-4FDE-81D0-447CDFFFA2F7}.MacRelease|x86.Build.0 = Release|Any CPU
		{200AC0CB-EBBF-4FDE-81D0-447CDFFFA2F7}.Release|Any CPU.ActiveCfg = Release|Any CPU
		{200AC0CB-EBBF-4FDE-81D0-447CDFFFA2F7}.Release|Any CPU.Build.0 = Release|Any CPU
		{200AC0CB-EBBF-4FDE-81D0-447CDFFFA2F7}.Release|x86.ActiveCfg = Release|Any CPU
		{200AC0CB-EBBF-4FDE-81D0-447CDFFFA2F7}.Release|x86.Build.0 = Release|Any CPU
		{200AC0CB-EBBF-4FDE-81D0-447CDFFFA2F7}.SignedRelease|Any CPU.ActiveCfg = Release|Any CPU
		{200AC0CB-EBBF-4FDE-81D0-447CDFFFA2F7}.SignedRelease|Any CPU.Build.0 = Release|Any CPU
		{200AC0CB-EBBF-4FDE-81D0-447CDFFFA2F7}.SignedRelease|x86.ActiveCfg = Release|Any CPU
		{200AC0CB-EBBF-4FDE-81D0-447CDFFFA2F7}.SignedRelease|x86.Build.0 = Release|Any CPU
		{ECE9B280-9647-4092-BABF-EB2E25084670}.Debug|Any CPU.ActiveCfg = Debug|Any CPU
		{ECE9B280-9647-4092-BABF-EB2E25084670}.Debug|Any CPU.Build.0 = Debug|Any CPU
		{ECE9B280-9647-4092-BABF-EB2E25084670}.Debug|x86.ActiveCfg = Debug|Any CPU
		{ECE9B280-9647-4092-BABF-EB2E25084670}.Debug|x86.Build.0 = Debug|Any CPU
		{ECE9B280-9647-4092-BABF-EB2E25084670}.MacDebug|Any CPU.ActiveCfg = Debug|Any CPU
		{ECE9B280-9647-4092-BABF-EB2E25084670}.MacDebug|Any CPU.Build.0 = Debug|Any CPU
		{ECE9B280-9647-4092-BABF-EB2E25084670}.MacDebug|x86.ActiveCfg = Debug|Any CPU
		{ECE9B280-9647-4092-BABF-EB2E25084670}.MacDebug|x86.Build.0 = Debug|Any CPU
		{ECE9B280-9647-4092-BABF-EB2E25084670}.MacRelease|Any CPU.ActiveCfg = Release|Any CPU
		{ECE9B280-9647-4092-BABF-EB2E25084670}.MacRelease|Any CPU.Build.0 = Release|Any CPU
		{ECE9B280-9647-4092-BABF-EB2E25084670}.MacRelease|x86.ActiveCfg = Release|Any CPU
		{ECE9B280-9647-4092-BABF-EB2E25084670}.MacRelease|x86.Build.0 = Release|Any CPU
		{ECE9B280-9647-4092-BABF-EB2E25084670}.Release|Any CPU.ActiveCfg = Release|Any CPU
		{ECE9B280-9647-4092-BABF-EB2E25084670}.Release|Any CPU.Build.0 = Release|Any CPU
		{ECE9B280-9647-4092-BABF-EB2E25084670}.Release|x86.ActiveCfg = Release|Any CPU
		{ECE9B280-9647-4092-BABF-EB2E25084670}.Release|x86.Build.0 = Release|Any CPU
		{ECE9B280-9647-4092-BABF-EB2E25084670}.SignedRelease|Any CPU.ActiveCfg = Release|Any CPU
		{ECE9B280-9647-4092-BABF-EB2E25084670}.SignedRelease|Any CPU.Build.0 = Release|Any CPU
		{ECE9B280-9647-4092-BABF-EB2E25084670}.SignedRelease|x86.ActiveCfg = Release|Any CPU
		{ECE9B280-9647-4092-BABF-EB2E25084670}.SignedRelease|x86.Build.0 = Release|Any CPU
		{A37BB496-739D-440E-AB64-E2939A759898}.Debug|Any CPU.ActiveCfg = Debug|Any CPU
		{A37BB496-739D-440E-AB64-E2939A759898}.Debug|Any CPU.Build.0 = Debug|Any CPU
		{A37BB496-739D-440E-AB64-E2939A759898}.Debug|x86.ActiveCfg = Debug|Any CPU
		{A37BB496-739D-440E-AB64-E2939A759898}.Debug|x86.Build.0 = Debug|Any CPU
		{A37BB496-739D-440E-AB64-E2939A759898}.MacDebug|Any CPU.ActiveCfg = Debug|Any CPU
		{A37BB496-739D-440E-AB64-E2939A759898}.MacDebug|Any CPU.Build.0 = Debug|Any CPU
		{A37BB496-739D-440E-AB64-E2939A759898}.MacDebug|x86.ActiveCfg = Debug|Any CPU
		{A37BB496-739D-440E-AB64-E2939A759898}.MacDebug|x86.Build.0 = Debug|Any CPU
		{A37BB496-739D-440E-AB64-E2939A759898}.MacRelease|Any CPU.ActiveCfg = Release|Any CPU
		{A37BB496-739D-440E-AB64-E2939A759898}.MacRelease|Any CPU.Build.0 = Release|Any CPU
		{A37BB496-739D-440E-AB64-E2939A759898}.MacRelease|x86.ActiveCfg = Release|Any CPU
		{A37BB496-739D-440E-AB64-E2939A759898}.MacRelease|x86.Build.0 = Release|Any CPU
		{A37BB496-739D-440E-AB64-E2939A759898}.Release|Any CPU.ActiveCfg = Release|Any CPU
		{A37BB496-739D-440E-AB64-E2939A759898}.Release|Any CPU.Build.0 = Release|Any CPU
		{A37BB496-739D-440E-AB64-E2939A759898}.Release|x86.ActiveCfg = Release|Any CPU
		{A37BB496-739D-440E-AB64-E2939A759898}.Release|x86.Build.0 = Release|Any CPU
		{A37BB496-739D-440E-AB64-E2939A759898}.SignedRelease|Any CPU.ActiveCfg = Release|Any CPU
		{A37BB496-739D-440E-AB64-E2939A759898}.SignedRelease|Any CPU.Build.0 = Release|Any CPU
		{A37BB496-739D-440E-AB64-E2939A759898}.SignedRelease|x86.ActiveCfg = Release|Any CPU
		{A37BB496-739D-440E-AB64-E2939A759898}.SignedRelease|x86.Build.0 = Release|Any CPU
		{0D913602-39B1-4ABB-AE5A-D8EBAD1CCDD6}.Debug|Any CPU.ActiveCfg = Debug|Any CPU
		{0D913602-39B1-4ABB-AE5A-D8EBAD1CCDD6}.Debug|Any CPU.Build.0 = Debug|Any CPU
		{0D913602-39B1-4ABB-AE5A-D8EBAD1CCDD6}.Debug|x86.ActiveCfg = Debug|Any CPU
		{0D913602-39B1-4ABB-AE5A-D8EBAD1CCDD6}.Debug|x86.Build.0 = Debug|Any CPU
		{0D913602-39B1-4ABB-AE5A-D8EBAD1CCDD6}.MacDebug|Any CPU.ActiveCfg = Debug|Any CPU
		{0D913602-39B1-4ABB-AE5A-D8EBAD1CCDD6}.MacDebug|Any CPU.Build.0 = Debug|Any CPU
		{0D913602-39B1-4ABB-AE5A-D8EBAD1CCDD6}.MacDebug|x86.ActiveCfg = Debug|Any CPU
		{0D913602-39B1-4ABB-AE5A-D8EBAD1CCDD6}.MacDebug|x86.Build.0 = Debug|Any CPU
		{0D913602-39B1-4ABB-AE5A-D8EBAD1CCDD6}.MacRelease|Any CPU.ActiveCfg = Release|Any CPU
		{0D913602-39B1-4ABB-AE5A-D8EBAD1CCDD6}.MacRelease|Any CPU.Build.0 = Release|Any CPU
		{0D913602-39B1-4ABB-AE5A-D8EBAD1CCDD6}.MacRelease|x86.ActiveCfg = Release|Any CPU
		{0D913602-39B1-4ABB-AE5A-D8EBAD1CCDD6}.MacRelease|x86.Build.0 = Release|Any CPU
		{0D913602-39B1-4ABB-AE5A-D8EBAD1CCDD6}.Release|Any CPU.ActiveCfg = Release|Any CPU
		{0D913602-39B1-4ABB-AE5A-D8EBAD1CCDD6}.Release|Any CPU.Build.0 = Release|Any CPU
		{0D913602-39B1-4ABB-AE5A-D8EBAD1CCDD6}.Release|x86.ActiveCfg = Release|Any CPU
		{0D913602-39B1-4ABB-AE5A-D8EBAD1CCDD6}.Release|x86.Build.0 = Release|Any CPU
		{0D913602-39B1-4ABB-AE5A-D8EBAD1CCDD6}.SignedRelease|Any CPU.ActiveCfg = Release|Any CPU
		{0D913602-39B1-4ABB-AE5A-D8EBAD1CCDD6}.SignedRelease|Any CPU.Build.0 = Release|Any CPU
		{0D913602-39B1-4ABB-AE5A-D8EBAD1CCDD6}.SignedRelease|x86.ActiveCfg = Release|Any CPU
		{0D913602-39B1-4ABB-AE5A-D8EBAD1CCDD6}.SignedRelease|x86.Build.0 = Release|Any CPU
		{4933B173-831A-41B3-A04B-498EEC647B29}.Debug|Any CPU.ActiveCfg = Debug|Any CPU
		{4933B173-831A-41B3-A04B-498EEC647B29}.Debug|Any CPU.Build.0 = Debug|Any CPU
		{4933B173-831A-41B3-A04B-498EEC647B29}.Debug|x86.ActiveCfg = Debug|Any CPU
		{4933B173-831A-41B3-A04B-498EEC647B29}.Debug|x86.Build.0 = Debug|Any CPU
		{4933B173-831A-41B3-A04B-498EEC647B29}.MacDebug|Any CPU.ActiveCfg = Debug|Any CPU
		{4933B173-831A-41B3-A04B-498EEC647B29}.MacDebug|Any CPU.Build.0 = Debug|Any CPU
		{4933B173-831A-41B3-A04B-498EEC647B29}.MacDebug|x86.ActiveCfg = Debug|Any CPU
		{4933B173-831A-41B3-A04B-498EEC647B29}.MacDebug|x86.Build.0 = Debug|Any CPU
		{4933B173-831A-41B3-A04B-498EEC647B29}.MacRelease|Any CPU.ActiveCfg = Release|Any CPU
		{4933B173-831A-41B3-A04B-498EEC647B29}.MacRelease|Any CPU.Build.0 = Release|Any CPU
		{4933B173-831A-41B3-A04B-498EEC647B29}.MacRelease|x86.ActiveCfg = Release|Any CPU
		{4933B173-831A-41B3-A04B-498EEC647B29}.MacRelease|x86.Build.0 = Release|Any CPU
		{4933B173-831A-41B3-A04B-498EEC647B29}.Release|Any CPU.ActiveCfg = Release|Any CPU
		{4933B173-831A-41B3-A04B-498EEC647B29}.Release|Any CPU.Build.0 = Release|Any CPU
		{4933B173-831A-41B3-A04B-498EEC647B29}.Release|x86.ActiveCfg = Release|Any CPU
		{4933B173-831A-41B3-A04B-498EEC647B29}.Release|x86.Build.0 = Release|Any CPU
		{4933B173-831A-41B3-A04B-498EEC647B29}.SignedRelease|Any CPU.ActiveCfg = Release|Any CPU
		{4933B173-831A-41B3-A04B-498EEC647B29}.SignedRelease|Any CPU.Build.0 = Release|Any CPU
		{4933B173-831A-41B3-A04B-498EEC647B29}.SignedRelease|x86.ActiveCfg = Release|Any CPU
		{4933B173-831A-41B3-A04B-498EEC647B29}.SignedRelease|x86.Build.0 = Release|Any CPU
		{8553ABC7-ABFA-4A21-B0E8-68B7DE76129D}.Debug|Any CPU.ActiveCfg = Debug|Any CPU
		{8553ABC7-ABFA-4A21-B0E8-68B7DE76129D}.Debug|Any CPU.Build.0 = Debug|Any CPU
		{8553ABC7-ABFA-4A21-B0E8-68B7DE76129D}.Debug|x86.ActiveCfg = Debug|Any CPU
		{8553ABC7-ABFA-4A21-B0E8-68B7DE76129D}.Debug|x86.Build.0 = Debug|Any CPU
		{8553ABC7-ABFA-4A21-B0E8-68B7DE76129D}.MacDebug|Any CPU.ActiveCfg = Debug|Any CPU
		{8553ABC7-ABFA-4A21-B0E8-68B7DE76129D}.MacDebug|Any CPU.Build.0 = Debug|Any CPU
		{8553ABC7-ABFA-4A21-B0E8-68B7DE76129D}.MacDebug|x86.ActiveCfg = Debug|Any CPU
		{8553ABC7-ABFA-4A21-B0E8-68B7DE76129D}.MacDebug|x86.Build.0 = Debug|Any CPU
		{8553ABC7-ABFA-4A21-B0E8-68B7DE76129D}.MacRelease|Any CPU.ActiveCfg = Release|Any CPU
		{8553ABC7-ABFA-4A21-B0E8-68B7DE76129D}.MacRelease|Any CPU.Build.0 = Release|Any CPU
		{8553ABC7-ABFA-4A21-B0E8-68B7DE76129D}.MacRelease|x86.ActiveCfg = Release|Any CPU
		{8553ABC7-ABFA-4A21-B0E8-68B7DE76129D}.MacRelease|x86.Build.0 = Release|Any CPU
		{8553ABC7-ABFA-4A21-B0E8-68B7DE76129D}.Release|Any CPU.ActiveCfg = Release|Any CPU
		{8553ABC7-ABFA-4A21-B0E8-68B7DE76129D}.Release|Any CPU.Build.0 = Release|Any CPU
		{8553ABC7-ABFA-4A21-B0E8-68B7DE76129D}.Release|x86.ActiveCfg = Release|Any CPU
		{8553ABC7-ABFA-4A21-B0E8-68B7DE76129D}.Release|x86.Build.0 = Release|Any CPU
		{8553ABC7-ABFA-4A21-B0E8-68B7DE76129D}.SignedRelease|Any CPU.ActiveCfg = Release|Any CPU
		{8553ABC7-ABFA-4A21-B0E8-68B7DE76129D}.SignedRelease|Any CPU.Build.0 = Release|Any CPU
		{8553ABC7-ABFA-4A21-B0E8-68B7DE76129D}.SignedRelease|x86.ActiveCfg = Release|Any CPU
		{8553ABC7-ABFA-4A21-B0E8-68B7DE76129D}.SignedRelease|x86.Build.0 = Release|Any CPU
		{9B5BD1A0-3FBB-4632-9969-7FBE60DE93AC}.Debug|Any CPU.ActiveCfg = Debug|Any CPU
		{9B5BD1A0-3FBB-4632-9969-7FBE60DE93AC}.Debug|Any CPU.Build.0 = Debug|Any CPU
		{9B5BD1A0-3FBB-4632-9969-7FBE60DE93AC}.Debug|x86.ActiveCfg = Debug|Any CPU
		{9B5BD1A0-3FBB-4632-9969-7FBE60DE93AC}.Debug|x86.Build.0 = Debug|Any CPU
		{9B5BD1A0-3FBB-4632-9969-7FBE60DE93AC}.MacDebug|Any CPU.ActiveCfg = Debug|Any CPU
		{9B5BD1A0-3FBB-4632-9969-7FBE60DE93AC}.MacDebug|Any CPU.Build.0 = Debug|Any CPU
		{9B5BD1A0-3FBB-4632-9969-7FBE60DE93AC}.MacDebug|x86.ActiveCfg = Debug|Any CPU
		{9B5BD1A0-3FBB-4632-9969-7FBE60DE93AC}.MacDebug|x86.Build.0 = Debug|Any CPU
		{9B5BD1A0-3FBB-4632-9969-7FBE60DE93AC}.MacRelease|Any CPU.ActiveCfg = Release|Any CPU
		{9B5BD1A0-3FBB-4632-9969-7FBE60DE93AC}.MacRelease|Any CPU.Build.0 = Release|Any CPU
		{9B5BD1A0-3FBB-4632-9969-7FBE60DE93AC}.MacRelease|x86.ActiveCfg = Release|Any CPU
		{9B5BD1A0-3FBB-4632-9969-7FBE60DE93AC}.MacRelease|x86.Build.0 = Release|Any CPU
		{9B5BD1A0-3FBB-4632-9969-7FBE60DE93AC}.Release|Any CPU.ActiveCfg = Release|Any CPU
		{9B5BD1A0-3FBB-4632-9969-7FBE60DE93AC}.Release|Any CPU.Build.0 = Release|Any CPU
		{9B5BD1A0-3FBB-4632-9969-7FBE60DE93AC}.Release|x86.ActiveCfg = Release|Any CPU
		{9B5BD1A0-3FBB-4632-9969-7FBE60DE93AC}.Release|x86.Build.0 = Release|Any CPU
		{9B5BD1A0-3FBB-4632-9969-7FBE60DE93AC}.SignedRelease|Any CPU.ActiveCfg = Release|Any CPU
		{9B5BD1A0-3FBB-4632-9969-7FBE60DE93AC}.SignedRelease|Any CPU.Build.0 = Release|Any CPU
		{9B5BD1A0-3FBB-4632-9969-7FBE60DE93AC}.SignedRelease|x86.ActiveCfg = Release|Any CPU
		{9B5BD1A0-3FBB-4632-9969-7FBE60DE93AC}.SignedRelease|x86.Build.0 = Release|Any CPU
		{5C53A418-40C1-42BC-B30E-0EDA2737DE5F}.Debug|Any CPU.ActiveCfg = Debug|Any CPU
		{5C53A418-40C1-42BC-B30E-0EDA2737DE5F}.Debug|Any CPU.Build.0 = Debug|Any CPU
		{5C53A418-40C1-42BC-B30E-0EDA2737DE5F}.Debug|x86.ActiveCfg = Debug|Any CPU
		{5C53A418-40C1-42BC-B30E-0EDA2737DE5F}.Debug|x86.Build.0 = Debug|Any CPU
		{5C53A418-40C1-42BC-B30E-0EDA2737DE5F}.MacDebug|Any CPU.ActiveCfg = Debug|Any CPU
		{5C53A418-40C1-42BC-B30E-0EDA2737DE5F}.MacDebug|Any CPU.Build.0 = Debug|Any CPU
		{5C53A418-40C1-42BC-B30E-0EDA2737DE5F}.MacDebug|x86.ActiveCfg = Debug|Any CPU
		{5C53A418-40C1-42BC-B30E-0EDA2737DE5F}.MacDebug|x86.Build.0 = Debug|Any CPU
		{5C53A418-40C1-42BC-B30E-0EDA2737DE5F}.MacRelease|Any CPU.ActiveCfg = Release|Any CPU
		{5C53A418-40C1-42BC-B30E-0EDA2737DE5F}.MacRelease|Any CPU.Build.0 = Release|Any CPU
		{5C53A418-40C1-42BC-B30E-0EDA2737DE5F}.MacRelease|x86.ActiveCfg = Release|Any CPU
		{5C53A418-40C1-42BC-B30E-0EDA2737DE5F}.MacRelease|x86.Build.0 = Release|Any CPU
		{5C53A418-40C1-42BC-B30E-0EDA2737DE5F}.Release|Any CPU.ActiveCfg = Release|Any CPU
		{5C53A418-40C1-42BC-B30E-0EDA2737DE5F}.Release|Any CPU.Build.0 = Release|Any CPU
		{5C53A418-40C1-42BC-B30E-0EDA2737DE5F}.Release|x86.ActiveCfg = Release|Any CPU
		{5C53A418-40C1-42BC-B30E-0EDA2737DE5F}.Release|x86.Build.0 = Release|Any CPU
		{5C53A418-40C1-42BC-B30E-0EDA2737DE5F}.SignedRelease|Any CPU.ActiveCfg = Release|Any CPU
		{5C53A418-40C1-42BC-B30E-0EDA2737DE5F}.SignedRelease|Any CPU.Build.0 = Release|Any CPU
		{5C53A418-40C1-42BC-B30E-0EDA2737DE5F}.SignedRelease|x86.ActiveCfg = Release|Any CPU
		{5C53A418-40C1-42BC-B30E-0EDA2737DE5F}.SignedRelease|x86.Build.0 = Release|Any CPU
		{20960967-3647-41A2-9DF6-3E15E2AA7019}.Debug|Any CPU.ActiveCfg = Debug|Any CPU
		{20960967-3647-41A2-9DF6-3E15E2AA7019}.Debug|Any CPU.Build.0 = Debug|Any CPU
		{20960967-3647-41A2-9DF6-3E15E2AA7019}.Debug|x86.ActiveCfg = Debug|Any CPU
		{20960967-3647-41A2-9DF6-3E15E2AA7019}.Debug|x86.Build.0 = Debug|Any CPU
		{20960967-3647-41A2-9DF6-3E15E2AA7019}.MacDebug|Any CPU.ActiveCfg = Debug|Any CPU
		{20960967-3647-41A2-9DF6-3E15E2AA7019}.MacDebug|Any CPU.Build.0 = Debug|Any CPU
		{20960967-3647-41A2-9DF6-3E15E2AA7019}.MacDebug|x86.ActiveCfg = Debug|Any CPU
		{20960967-3647-41A2-9DF6-3E15E2AA7019}.MacDebug|x86.Build.0 = Debug|Any CPU
		{20960967-3647-41A2-9DF6-3E15E2AA7019}.MacRelease|Any CPU.ActiveCfg = Release|Any CPU
		{20960967-3647-41A2-9DF6-3E15E2AA7019}.MacRelease|Any CPU.Build.0 = Release|Any CPU
		{20960967-3647-41A2-9DF6-3E15E2AA7019}.MacRelease|x86.ActiveCfg = Release|Any CPU
		{20960967-3647-41A2-9DF6-3E15E2AA7019}.MacRelease|x86.Build.0 = Release|Any CPU
		{20960967-3647-41A2-9DF6-3E15E2AA7019}.Release|Any CPU.ActiveCfg = Release|Any CPU
		{20960967-3647-41A2-9DF6-3E15E2AA7019}.Release|Any CPU.Build.0 = Release|Any CPU
		{20960967-3647-41A2-9DF6-3E15E2AA7019}.Release|x86.ActiveCfg = Release|Any CPU
		{20960967-3647-41A2-9DF6-3E15E2AA7019}.Release|x86.Build.0 = Release|Any CPU
		{20960967-3647-41A2-9DF6-3E15E2AA7019}.SignedRelease|Any CPU.ActiveCfg = Release|Any CPU
		{20960967-3647-41A2-9DF6-3E15E2AA7019}.SignedRelease|Any CPU.Build.0 = Release|Any CPU
		{20960967-3647-41A2-9DF6-3E15E2AA7019}.SignedRelease|x86.ActiveCfg = Release|Any CPU
		{20960967-3647-41A2-9DF6-3E15E2AA7019}.SignedRelease|x86.Build.0 = Release|Any CPU
		{33836324-C699-4139-AB9C-7524570A04D5}.Debug|Any CPU.ActiveCfg = Debug|Any CPU
		{33836324-C699-4139-AB9C-7524570A04D5}.Debug|Any CPU.Build.0 = Debug|Any CPU
		{33836324-C699-4139-AB9C-7524570A04D5}.Debug|x86.ActiveCfg = Debug|Any CPU
		{33836324-C699-4139-AB9C-7524570A04D5}.Debug|x86.Build.0 = Debug|Any CPU
		{33836324-C699-4139-AB9C-7524570A04D5}.MacDebug|Any CPU.ActiveCfg = Debug|Any CPU
		{33836324-C699-4139-AB9C-7524570A04D5}.MacDebug|Any CPU.Build.0 = Debug|Any CPU
		{33836324-C699-4139-AB9C-7524570A04D5}.MacDebug|x86.ActiveCfg = Debug|Any CPU
		{33836324-C699-4139-AB9C-7524570A04D5}.MacDebug|x86.Build.0 = Debug|Any CPU
		{33836324-C699-4139-AB9C-7524570A04D5}.MacRelease|Any CPU.ActiveCfg = Release|Any CPU
		{33836324-C699-4139-AB9C-7524570A04D5}.MacRelease|Any CPU.Build.0 = Release|Any CPU
		{33836324-C699-4139-AB9C-7524570A04D5}.MacRelease|x86.ActiveCfg = Release|Any CPU
		{33836324-C699-4139-AB9C-7524570A04D5}.MacRelease|x86.Build.0 = Release|Any CPU
		{33836324-C699-4139-AB9C-7524570A04D5}.Release|Any CPU.ActiveCfg = Release|Any CPU
		{33836324-C699-4139-AB9C-7524570A04D5}.Release|Any CPU.Build.0 = Release|Any CPU
		{33836324-C699-4139-AB9C-7524570A04D5}.Release|x86.ActiveCfg = Release|Any CPU
		{33836324-C699-4139-AB9C-7524570A04D5}.Release|x86.Build.0 = Release|Any CPU
		{33836324-C699-4139-AB9C-7524570A04D5}.SignedRelease|Any CPU.ActiveCfg = Release|Any CPU
		{33836324-C699-4139-AB9C-7524570A04D5}.SignedRelease|Any CPU.Build.0 = Release|Any CPU
		{33836324-C699-4139-AB9C-7524570A04D5}.SignedRelease|x86.ActiveCfg = Release|Any CPU
		{33836324-C699-4139-AB9C-7524570A04D5}.SignedRelease|x86.Build.0 = Release|Any CPU
		{0345A561-AB19-4899-909D-76C97213CCED}.Debug|Any CPU.ActiveCfg = Debug|Any CPU
		{0345A561-AB19-4899-909D-76C97213CCED}.Debug|Any CPU.Build.0 = Debug|Any CPU
		{0345A561-AB19-4899-909D-76C97213CCED}.Debug|x86.ActiveCfg = Debug|Any CPU
		{0345A561-AB19-4899-909D-76C97213CCED}.Debug|x86.Build.0 = Debug|Any CPU
		{0345A561-AB19-4899-909D-76C97213CCED}.MacDebug|Any CPU.ActiveCfg = Debug|Any CPU
		{0345A561-AB19-4899-909D-76C97213CCED}.MacDebug|Any CPU.Build.0 = Debug|Any CPU
		{0345A561-AB19-4899-909D-76C97213CCED}.MacDebug|x86.ActiveCfg = Debug|Any CPU
		{0345A561-AB19-4899-909D-76C97213CCED}.MacDebug|x86.Build.0 = Debug|Any CPU
		{0345A561-AB19-4899-909D-76C97213CCED}.MacRelease|Any CPU.ActiveCfg = Release|Any CPU
		{0345A561-AB19-4899-909D-76C97213CCED}.MacRelease|Any CPU.Build.0 = Release|Any CPU
		{0345A561-AB19-4899-909D-76C97213CCED}.MacRelease|x86.ActiveCfg = Release|Any CPU
		{0345A561-AB19-4899-909D-76C97213CCED}.MacRelease|x86.Build.0 = Release|Any CPU
		{0345A561-AB19-4899-909D-76C97213CCED}.Release|Any CPU.ActiveCfg = Release|Any CPU
		{0345A561-AB19-4899-909D-76C97213CCED}.Release|Any CPU.Build.0 = Release|Any CPU
		{0345A561-AB19-4899-909D-76C97213CCED}.Release|x86.ActiveCfg = Release|Any CPU
		{0345A561-AB19-4899-909D-76C97213CCED}.Release|x86.Build.0 = Release|Any CPU
		{0345A561-AB19-4899-909D-76C97213CCED}.SignedRelease|Any CPU.ActiveCfg = Release|Any CPU
		{0345A561-AB19-4899-909D-76C97213CCED}.SignedRelease|Any CPU.Build.0 = Release|Any CPU
		{0345A561-AB19-4899-909D-76C97213CCED}.SignedRelease|x86.ActiveCfg = Release|Any CPU
		{0345A561-AB19-4899-909D-76C97213CCED}.SignedRelease|x86.Build.0 = Release|Any CPU
		{7A8CFF73-BFF7-499B-98D6-27932A8E7FD4}.Debug|Any CPU.ActiveCfg = Debug|Any CPU
		{7A8CFF73-BFF7-499B-98D6-27932A8E7FD4}.Debug|Any CPU.Build.0 = Debug|Any CPU
		{7A8CFF73-BFF7-499B-98D6-27932A8E7FD4}.Debug|x86.ActiveCfg = Debug|Any CPU
		{7A8CFF73-BFF7-499B-98D6-27932A8E7FD4}.Debug|x86.Build.0 = Debug|Any CPU
		{7A8CFF73-BFF7-499B-98D6-27932A8E7FD4}.MacDebug|Any CPU.ActiveCfg = Debug|Any CPU
		{7A8CFF73-BFF7-499B-98D6-27932A8E7FD4}.MacDebug|Any CPU.Build.0 = Debug|Any CPU
		{7A8CFF73-BFF7-499B-98D6-27932A8E7FD4}.MacDebug|x86.ActiveCfg = Debug|Any CPU
		{7A8CFF73-BFF7-499B-98D6-27932A8E7FD4}.MacDebug|x86.Build.0 = Debug|Any CPU
		{7A8CFF73-BFF7-499B-98D6-27932A8E7FD4}.MacRelease|Any CPU.ActiveCfg = Release|Any CPU
		{7A8CFF73-BFF7-499B-98D6-27932A8E7FD4}.MacRelease|Any CPU.Build.0 = Release|Any CPU
		{7A8CFF73-BFF7-499B-98D6-27932A8E7FD4}.MacRelease|x86.ActiveCfg = Release|Any CPU
		{7A8CFF73-BFF7-499B-98D6-27932A8E7FD4}.MacRelease|x86.Build.0 = Release|Any CPU
		{7A8CFF73-BFF7-499B-98D6-27932A8E7FD4}.Release|Any CPU.ActiveCfg = Release|Any CPU
		{7A8CFF73-BFF7-499B-98D6-27932A8E7FD4}.Release|Any CPU.Build.0 = Release|Any CPU
		{7A8CFF73-BFF7-499B-98D6-27932A8E7FD4}.Release|x86.ActiveCfg = Release|Any CPU
		{7A8CFF73-BFF7-499B-98D6-27932A8E7FD4}.Release|x86.Build.0 = Release|Any CPU
		{7A8CFF73-BFF7-499B-98D6-27932A8E7FD4}.SignedRelease|Any CPU.ActiveCfg = Release|Any CPU
		{7A8CFF73-BFF7-499B-98D6-27932A8E7FD4}.SignedRelease|Any CPU.Build.0 = Release|Any CPU
		{7A8CFF73-BFF7-499B-98D6-27932A8E7FD4}.SignedRelease|x86.ActiveCfg = Release|Any CPU
		{7A8CFF73-BFF7-499B-98D6-27932A8E7FD4}.SignedRelease|x86.Build.0 = Release|Any CPU
		{A0B78179-43BA-4D37-BEE1-09F60F631874}.Debug|Any CPU.ActiveCfg = Debug|Any CPU
		{A0B78179-43BA-4D37-BEE1-09F60F631874}.Debug|Any CPU.Build.0 = Debug|Any CPU
		{A0B78179-43BA-4D37-BEE1-09F60F631874}.Debug|x86.ActiveCfg = Debug|Any CPU
		{A0B78179-43BA-4D37-BEE1-09F60F631874}.Debug|x86.Build.0 = Debug|Any CPU
		{A0B78179-43BA-4D37-BEE1-09F60F631874}.MacDebug|Any CPU.ActiveCfg = Debug|Any CPU
		{A0B78179-43BA-4D37-BEE1-09F60F631874}.MacDebug|Any CPU.Build.0 = Debug|Any CPU
		{A0B78179-43BA-4D37-BEE1-09F60F631874}.MacDebug|x86.ActiveCfg = Debug|Any CPU
		{A0B78179-43BA-4D37-BEE1-09F60F631874}.MacDebug|x86.Build.0 = Debug|Any CPU
		{A0B78179-43BA-4D37-BEE1-09F60F631874}.MacRelease|Any CPU.ActiveCfg = Release|Any CPU
		{A0B78179-43BA-4D37-BEE1-09F60F631874}.MacRelease|Any CPU.Build.0 = Release|Any CPU
		{A0B78179-43BA-4D37-BEE1-09F60F631874}.MacRelease|x86.ActiveCfg = Release|Any CPU
		{A0B78179-43BA-4D37-BEE1-09F60F631874}.MacRelease|x86.Build.0 = Release|Any CPU
		{A0B78179-43BA-4D37-BEE1-09F60F631874}.Release|Any CPU.ActiveCfg = Release|Any CPU
		{A0B78179-43BA-4D37-BEE1-09F60F631874}.Release|Any CPU.Build.0 = Release|Any CPU
		{A0B78179-43BA-4D37-BEE1-09F60F631874}.Release|x86.ActiveCfg = Release|Any CPU
		{A0B78179-43BA-4D37-BEE1-09F60F631874}.Release|x86.Build.0 = Release|Any CPU
		{A0B78179-43BA-4D37-BEE1-09F60F631874}.SignedRelease|Any CPU.ActiveCfg = Release|Any CPU
		{A0B78179-43BA-4D37-BEE1-09F60F631874}.SignedRelease|Any CPU.Build.0 = Release|Any CPU
		{A0B78179-43BA-4D37-BEE1-09F60F631874}.SignedRelease|x86.ActiveCfg = Release|Any CPU
		{A0B78179-43BA-4D37-BEE1-09F60F631874}.SignedRelease|x86.Build.0 = Release|Any CPU
		{2A81F68B-132C-4CCC-9B36-83AEBF94391B}.Debug|Any CPU.ActiveCfg = Debug|Any CPU
		{2A81F68B-132C-4CCC-9B36-83AEBF94391B}.Debug|Any CPU.Build.0 = Debug|Any CPU
		{2A81F68B-132C-4CCC-9B36-83AEBF94391B}.Debug|x86.ActiveCfg = Debug|Any CPU
		{2A81F68B-132C-4CCC-9B36-83AEBF94391B}.Debug|x86.Build.0 = Debug|Any CPU
		{2A81F68B-132C-4CCC-9B36-83AEBF94391B}.MacDebug|Any CPU.ActiveCfg = Debug|Any CPU
		{2A81F68B-132C-4CCC-9B36-83AEBF94391B}.MacDebug|Any CPU.Build.0 = Debug|Any CPU
		{2A81F68B-132C-4CCC-9B36-83AEBF94391B}.MacDebug|x86.ActiveCfg = Debug|Any CPU
		{2A81F68B-132C-4CCC-9B36-83AEBF94391B}.MacDebug|x86.Build.0 = Debug|Any CPU
		{2A81F68B-132C-4CCC-9B36-83AEBF94391B}.MacRelease|Any CPU.ActiveCfg = Release|Any CPU
		{2A81F68B-132C-4CCC-9B36-83AEBF94391B}.MacRelease|Any CPU.Build.0 = Release|Any CPU
		{2A81F68B-132C-4CCC-9B36-83AEBF94391B}.MacRelease|x86.ActiveCfg = Release|Any CPU
		{2A81F68B-132C-4CCC-9B36-83AEBF94391B}.MacRelease|x86.Build.0 = Release|Any CPU
		{2A81F68B-132C-4CCC-9B36-83AEBF94391B}.Release|Any CPU.ActiveCfg = Release|Any CPU
		{2A81F68B-132C-4CCC-9B36-83AEBF94391B}.Release|Any CPU.Build.0 = Release|Any CPU
		{2A81F68B-132C-4CCC-9B36-83AEBF94391B}.Release|x86.ActiveCfg = Release|Any CPU
		{2A81F68B-132C-4CCC-9B36-83AEBF94391B}.Release|x86.Build.0 = Release|Any CPU
		{2A81F68B-132C-4CCC-9B36-83AEBF94391B}.SignedRelease|Any CPU.ActiveCfg = Release|Any CPU
		{2A81F68B-132C-4CCC-9B36-83AEBF94391B}.SignedRelease|Any CPU.Build.0 = Release|Any CPU
		{2A81F68B-132C-4CCC-9B36-83AEBF94391B}.SignedRelease|x86.ActiveCfg = Release|Any CPU
		{2A81F68B-132C-4CCC-9B36-83AEBF94391B}.SignedRelease|x86.Build.0 = Release|Any CPU
		{6F1ED09F-543F-4DB0-8A85-79E3468127ED}.Debug|Any CPU.ActiveCfg = Debug|Any CPU
		{6F1ED09F-543F-4DB0-8A85-79E3468127ED}.Debug|Any CPU.Build.0 = Debug|Any CPU
		{6F1ED09F-543F-4DB0-8A85-79E3468127ED}.Debug|x86.ActiveCfg = Debug|Any CPU
		{6F1ED09F-543F-4DB0-8A85-79E3468127ED}.Debug|x86.Build.0 = Debug|Any CPU
		{6F1ED09F-543F-4DB0-8A85-79E3468127ED}.MacDebug|Any CPU.ActiveCfg = Debug|Any CPU
		{6F1ED09F-543F-4DB0-8A85-79E3468127ED}.MacDebug|Any CPU.Build.0 = Debug|Any CPU
		{6F1ED09F-543F-4DB0-8A85-79E3468127ED}.MacDebug|x86.ActiveCfg = Debug|Any CPU
		{6F1ED09F-543F-4DB0-8A85-79E3468127ED}.MacDebug|x86.Build.0 = Debug|Any CPU
		{6F1ED09F-543F-4DB0-8A85-79E3468127ED}.MacRelease|Any CPU.ActiveCfg = Release|Any CPU
		{6F1ED09F-543F-4DB0-8A85-79E3468127ED}.MacRelease|Any CPU.Build.0 = Release|Any CPU
		{6F1ED09F-543F-4DB0-8A85-79E3468127ED}.MacRelease|x86.ActiveCfg = Release|Any CPU
		{6F1ED09F-543F-4DB0-8A85-79E3468127ED}.MacRelease|x86.Build.0 = Release|Any CPU
		{6F1ED09F-543F-4DB0-8A85-79E3468127ED}.Release|Any CPU.ActiveCfg = Release|Any CPU
		{6F1ED09F-543F-4DB0-8A85-79E3468127ED}.Release|Any CPU.Build.0 = Release|Any CPU
		{6F1ED09F-543F-4DB0-8A85-79E3468127ED}.Release|x86.ActiveCfg = Release|Any CPU
		{6F1ED09F-543F-4DB0-8A85-79E3468127ED}.Release|x86.Build.0 = Release|Any CPU
		{6F1ED09F-543F-4DB0-8A85-79E3468127ED}.SignedRelease|Any CPU.ActiveCfg = Release|Any CPU
		{6F1ED09F-543F-4DB0-8A85-79E3468127ED}.SignedRelease|Any CPU.Build.0 = Release|Any CPU
		{6F1ED09F-543F-4DB0-8A85-79E3468127ED}.SignedRelease|x86.ActiveCfg = Release|Any CPU
		{6F1ED09F-543F-4DB0-8A85-79E3468127ED}.SignedRelease|x86.Build.0 = Release|Any CPU
		{ADE24A22-A207-4786-A934-85CA720DA294}.Debug|Any CPU.ActiveCfg = Debug|Any CPU
		{ADE24A22-A207-4786-A934-85CA720DA294}.Debug|Any CPU.Build.0 = Debug|Any CPU
		{ADE24A22-A207-4786-A934-85CA720DA294}.Debug|x86.ActiveCfg = Debug|Any CPU
		{ADE24A22-A207-4786-A934-85CA720DA294}.Debug|x86.Build.0 = Debug|Any CPU
		{ADE24A22-A207-4786-A934-85CA720DA294}.MacDebug|Any CPU.ActiveCfg = Debug|Any CPU
		{ADE24A22-A207-4786-A934-85CA720DA294}.MacDebug|Any CPU.Build.0 = Debug|Any CPU
		{ADE24A22-A207-4786-A934-85CA720DA294}.MacDebug|x86.ActiveCfg = Debug|Any CPU
		{ADE24A22-A207-4786-A934-85CA720DA294}.MacDebug|x86.Build.0 = Debug|Any CPU
		{ADE24A22-A207-4786-A934-85CA720DA294}.MacRelease|Any CPU.ActiveCfg = Release|Any CPU
		{ADE24A22-A207-4786-A934-85CA720DA294}.MacRelease|Any CPU.Build.0 = Release|Any CPU
		{ADE24A22-A207-4786-A934-85CA720DA294}.MacRelease|x86.ActiveCfg = Release|Any CPU
		{ADE24A22-A207-4786-A934-85CA720DA294}.MacRelease|x86.Build.0 = Release|Any CPU
		{ADE24A22-A207-4786-A934-85CA720DA294}.Release|Any CPU.ActiveCfg = Release|Any CPU
		{ADE24A22-A207-4786-A934-85CA720DA294}.Release|Any CPU.Build.0 = Release|Any CPU
		{ADE24A22-A207-4786-A934-85CA720DA294}.Release|x86.ActiveCfg = Release|Any CPU
		{ADE24A22-A207-4786-A934-85CA720DA294}.Release|x86.Build.0 = Release|Any CPU
		{ADE24A22-A207-4786-A934-85CA720DA294}.SignedRelease|Any CPU.ActiveCfg = Release|Any CPU
		{ADE24A22-A207-4786-A934-85CA720DA294}.SignedRelease|Any CPU.Build.0 = Release|Any CPU
		{ADE24A22-A207-4786-A934-85CA720DA294}.SignedRelease|x86.ActiveCfg = Release|Any CPU
		{ADE24A22-A207-4786-A934-85CA720DA294}.SignedRelease|x86.Build.0 = Release|Any CPU
		{2818336D-F9E9-4ACD-A0CF-ADD36C7C8264}.Debug|Any CPU.ActiveCfg = Debug|Any CPU
		{2818336D-F9E9-4ACD-A0CF-ADD36C7C8264}.Debug|Any CPU.Build.0 = Debug|Any CPU
		{2818336D-F9E9-4ACD-A0CF-ADD36C7C8264}.Debug|x86.ActiveCfg = Debug|Any CPU
		{2818336D-F9E9-4ACD-A0CF-ADD36C7C8264}.Debug|x86.Build.0 = Debug|Any CPU
		{2818336D-F9E9-4ACD-A0CF-ADD36C7C8264}.MacDebug|Any CPU.ActiveCfg = Debug|Any CPU
		{2818336D-F9E9-4ACD-A0CF-ADD36C7C8264}.MacDebug|Any CPU.Build.0 = Debug|Any CPU
		{2818336D-F9E9-4ACD-A0CF-ADD36C7C8264}.MacDebug|x86.ActiveCfg = Debug|Any CPU
		{2818336D-F9E9-4ACD-A0CF-ADD36C7C8264}.MacDebug|x86.Build.0 = Debug|Any CPU
		{2818336D-F9E9-4ACD-A0CF-ADD36C7C8264}.MacRelease|Any CPU.ActiveCfg = Release|Any CPU
		{2818336D-F9E9-4ACD-A0CF-ADD36C7C8264}.MacRelease|Any CPU.Build.0 = Release|Any CPU
		{2818336D-F9E9-4ACD-A0CF-ADD36C7C8264}.MacRelease|x86.ActiveCfg = Release|Any CPU
		{2818336D-F9E9-4ACD-A0CF-ADD36C7C8264}.MacRelease|x86.Build.0 = Release|Any CPU
		{2818336D-F9E9-4ACD-A0CF-ADD36C7C8264}.Release|Any CPU.ActiveCfg = Release|Any CPU
		{2818336D-F9E9-4ACD-A0CF-ADD36C7C8264}.Release|Any CPU.Build.0 = Release|Any CPU
		{2818336D-F9E9-4ACD-A0CF-ADD36C7C8264}.Release|x86.ActiveCfg = Release|Any CPU
		{2818336D-F9E9-4ACD-A0CF-ADD36C7C8264}.Release|x86.Build.0 = Release|Any CPU
		{2818336D-F9E9-4ACD-A0CF-ADD36C7C8264}.SignedRelease|Any CPU.ActiveCfg = Release|Any CPU
		{2818336D-F9E9-4ACD-A0CF-ADD36C7C8264}.SignedRelease|Any CPU.Build.0 = Release|Any CPU
		{2818336D-F9E9-4ACD-A0CF-ADD36C7C8264}.SignedRelease|x86.ActiveCfg = Release|Any CPU
		{2818336D-F9E9-4ACD-A0CF-ADD36C7C8264}.SignedRelease|x86.Build.0 = Release|Any CPU
		{5F3263FB-F532-423E-BF77-4A3922DE251A}.Debug|Any CPU.ActiveCfg = Debug|Any CPU
		{5F3263FB-F532-423E-BF77-4A3922DE251A}.Debug|Any CPU.Build.0 = Debug|Any CPU
		{5F3263FB-F532-423E-BF77-4A3922DE251A}.Debug|x86.ActiveCfg = Debug|Any CPU
		{5F3263FB-F532-423E-BF77-4A3922DE251A}.Debug|x86.Build.0 = Debug|Any CPU
		{5F3263FB-F532-423E-BF77-4A3922DE251A}.MacDebug|Any CPU.ActiveCfg = Debug|Any CPU
		{5F3263FB-F532-423E-BF77-4A3922DE251A}.MacDebug|Any CPU.Build.0 = Debug|Any CPU
		{5F3263FB-F532-423E-BF77-4A3922DE251A}.MacDebug|x86.ActiveCfg = Debug|Any CPU
		{5F3263FB-F532-423E-BF77-4A3922DE251A}.MacDebug|x86.Build.0 = Debug|Any CPU
		{5F3263FB-F532-423E-BF77-4A3922DE251A}.MacRelease|Any CPU.ActiveCfg = Release|Any CPU
		{5F3263FB-F532-423E-BF77-4A3922DE251A}.MacRelease|Any CPU.Build.0 = Release|Any CPU
		{5F3263FB-F532-423E-BF77-4A3922DE251A}.MacRelease|x86.ActiveCfg = Release|Any CPU
		{5F3263FB-F532-423E-BF77-4A3922DE251A}.MacRelease|x86.Build.0 = Release|Any CPU
		{5F3263FB-F532-423E-BF77-4A3922DE251A}.Release|Any CPU.ActiveCfg = Release|Any CPU
		{5F3263FB-F532-423E-BF77-4A3922DE251A}.Release|Any CPU.Build.0 = Release|Any CPU
		{5F3263FB-F532-423E-BF77-4A3922DE251A}.Release|x86.ActiveCfg = Release|Any CPU
		{5F3263FB-F532-423E-BF77-4A3922DE251A}.Release|x86.Build.0 = Release|Any CPU
		{5F3263FB-F532-423E-BF77-4A3922DE251A}.SignedRelease|Any CPU.ActiveCfg = Release|Any CPU
		{5F3263FB-F532-423E-BF77-4A3922DE251A}.SignedRelease|Any CPU.Build.0 = Release|Any CPU
		{5F3263FB-F532-423E-BF77-4A3922DE251A}.SignedRelease|x86.ActiveCfg = Release|Any CPU
		{5F3263FB-F532-423E-BF77-4A3922DE251A}.SignedRelease|x86.Build.0 = Release|Any CPU
		{DD441099-8E0A-4C11-AB92-2FF1D33471B7}.Debug|Any CPU.ActiveCfg = Debug|Any CPU
		{DD441099-8E0A-4C11-AB92-2FF1D33471B7}.Debug|Any CPU.Build.0 = Debug|Any CPU
		{DD441099-8E0A-4C11-AB92-2FF1D33471B7}.Debug|x86.ActiveCfg = Debug|Any CPU
		{DD441099-8E0A-4C11-AB92-2FF1D33471B7}.Debug|x86.Build.0 = Debug|Any CPU
		{DD441099-8E0A-4C11-AB92-2FF1D33471B7}.MacDebug|Any CPU.ActiveCfg = Debug|Any CPU
		{DD441099-8E0A-4C11-AB92-2FF1D33471B7}.MacDebug|Any CPU.Build.0 = Debug|Any CPU
		{DD441099-8E0A-4C11-AB92-2FF1D33471B7}.MacDebug|x86.ActiveCfg = Debug|Any CPU
		{DD441099-8E0A-4C11-AB92-2FF1D33471B7}.MacDebug|x86.Build.0 = Debug|Any CPU
		{DD441099-8E0A-4C11-AB92-2FF1D33471B7}.MacRelease|Any CPU.ActiveCfg = Release|Any CPU
		{DD441099-8E0A-4C11-AB92-2FF1D33471B7}.MacRelease|Any CPU.Build.0 = Release|Any CPU
		{DD441099-8E0A-4C11-AB92-2FF1D33471B7}.MacRelease|x86.ActiveCfg = Release|Any CPU
		{DD441099-8E0A-4C11-AB92-2FF1D33471B7}.MacRelease|x86.Build.0 = Release|Any CPU
		{DD441099-8E0A-4C11-AB92-2FF1D33471B7}.Release|Any CPU.ActiveCfg = Release|Any CPU
		{DD441099-8E0A-4C11-AB92-2FF1D33471B7}.Release|Any CPU.Build.0 = Release|Any CPU
		{DD441099-8E0A-4C11-AB92-2FF1D33471B7}.Release|x86.ActiveCfg = Release|Any CPU
		{DD441099-8E0A-4C11-AB92-2FF1D33471B7}.Release|x86.Build.0 = Release|Any CPU
		{DD441099-8E0A-4C11-AB92-2FF1D33471B7}.SignedRelease|Any CPU.ActiveCfg = Release|Any CPU
		{DD441099-8E0A-4C11-AB92-2FF1D33471B7}.SignedRelease|Any CPU.Build.0 = Release|Any CPU
		{DD441099-8E0A-4C11-AB92-2FF1D33471B7}.SignedRelease|x86.ActiveCfg = Release|Any CPU
		{DD441099-8E0A-4C11-AB92-2FF1D33471B7}.SignedRelease|x86.Build.0 = Release|Any CPU
		{7E0584D9-0313-4AC1-84AC-5EB45890BFF9}.Debug|Any CPU.ActiveCfg = Debug|Any CPU
		{7E0584D9-0313-4AC1-84AC-5EB45890BFF9}.Debug|Any CPU.Build.0 = Debug|Any CPU
		{7E0584D9-0313-4AC1-84AC-5EB45890BFF9}.Debug|x86.ActiveCfg = Debug|Any CPU
		{7E0584D9-0313-4AC1-84AC-5EB45890BFF9}.Debug|x86.Build.0 = Debug|Any CPU
		{7E0584D9-0313-4AC1-84AC-5EB45890BFF9}.MacDebug|Any CPU.ActiveCfg = Debug|Any CPU
		{7E0584D9-0313-4AC1-84AC-5EB45890BFF9}.MacDebug|Any CPU.Build.0 = Debug|Any CPU
		{7E0584D9-0313-4AC1-84AC-5EB45890BFF9}.MacDebug|x86.ActiveCfg = Debug|Any CPU
		{7E0584D9-0313-4AC1-84AC-5EB45890BFF9}.MacDebug|x86.Build.0 = Debug|Any CPU
		{7E0584D9-0313-4AC1-84AC-5EB45890BFF9}.MacRelease|Any CPU.ActiveCfg = Release|Any CPU
		{7E0584D9-0313-4AC1-84AC-5EB45890BFF9}.MacRelease|Any CPU.Build.0 = Release|Any CPU
		{7E0584D9-0313-4AC1-84AC-5EB45890BFF9}.MacRelease|x86.ActiveCfg = Release|Any CPU
		{7E0584D9-0313-4AC1-84AC-5EB45890BFF9}.MacRelease|x86.Build.0 = Release|Any CPU
		{7E0584D9-0313-4AC1-84AC-5EB45890BFF9}.Release|Any CPU.ActiveCfg = Release|Any CPU
		{7E0584D9-0313-4AC1-84AC-5EB45890BFF9}.Release|Any CPU.Build.0 = Release|Any CPU
		{7E0584D9-0313-4AC1-84AC-5EB45890BFF9}.Release|x86.ActiveCfg = Release|Any CPU
		{7E0584D9-0313-4AC1-84AC-5EB45890BFF9}.Release|x86.Build.0 = Release|Any CPU
		{7E0584D9-0313-4AC1-84AC-5EB45890BFF9}.SignedRelease|Any CPU.ActiveCfg = Release|Any CPU
		{7E0584D9-0313-4AC1-84AC-5EB45890BFF9}.SignedRelease|Any CPU.Build.0 = Release|Any CPU
		{7E0584D9-0313-4AC1-84AC-5EB45890BFF9}.SignedRelease|x86.ActiveCfg = Release|Any CPU
		{7E0584D9-0313-4AC1-84AC-5EB45890BFF9}.SignedRelease|x86.Build.0 = Release|Any CPU
		{76272AB0-DF7A-4AF8-BBD5-1AD87150BA7F}.Debug|Any CPU.ActiveCfg = Debug|Any CPU
		{76272AB0-DF7A-4AF8-BBD5-1AD87150BA7F}.Debug|Any CPU.Build.0 = Debug|Any CPU
		{76272AB0-DF7A-4AF8-BBD5-1AD87150BA7F}.Debug|x86.ActiveCfg = Debug|Any CPU
		{76272AB0-DF7A-4AF8-BBD5-1AD87150BA7F}.Debug|x86.Build.0 = Debug|Any CPU
		{76272AB0-DF7A-4AF8-BBD5-1AD87150BA7F}.MacDebug|Any CPU.ActiveCfg = MacDebug|Any CPU
		{76272AB0-DF7A-4AF8-BBD5-1AD87150BA7F}.MacDebug|Any CPU.Build.0 = MacDebug|Any CPU
		{76272AB0-DF7A-4AF8-BBD5-1AD87150BA7F}.MacDebug|x86.ActiveCfg = MacDebug|Any CPU
		{76272AB0-DF7A-4AF8-BBD5-1AD87150BA7F}.MacDebug|x86.Build.0 = MacDebug|Any CPU
		{76272AB0-DF7A-4AF8-BBD5-1AD87150BA7F}.MacRelease|Any CPU.ActiveCfg = MacRelease|Any CPU
		{76272AB0-DF7A-4AF8-BBD5-1AD87150BA7F}.MacRelease|Any CPU.Build.0 = MacRelease|Any CPU
		{76272AB0-DF7A-4AF8-BBD5-1AD87150BA7F}.MacRelease|x86.ActiveCfg = MacRelease|Any CPU
		{76272AB0-DF7A-4AF8-BBD5-1AD87150BA7F}.MacRelease|x86.Build.0 = MacRelease|Any CPU
		{76272AB0-DF7A-4AF8-BBD5-1AD87150BA7F}.Release|Any CPU.ActiveCfg = Release|Any CPU
		{76272AB0-DF7A-4AF8-BBD5-1AD87150BA7F}.Release|Any CPU.Build.0 = Release|Any CPU
		{76272AB0-DF7A-4AF8-BBD5-1AD87150BA7F}.Release|x86.ActiveCfg = Release|Any CPU
		{76272AB0-DF7A-4AF8-BBD5-1AD87150BA7F}.Release|x86.Build.0 = Release|Any CPU
		{76272AB0-DF7A-4AF8-BBD5-1AD87150BA7F}.SignedRelease|Any CPU.ActiveCfg = SignedRelease|Any CPU
		{76272AB0-DF7A-4AF8-BBD5-1AD87150BA7F}.SignedRelease|Any CPU.Build.0 = SignedRelease|Any CPU
		{76272AB0-DF7A-4AF8-BBD5-1AD87150BA7F}.SignedRelease|x86.ActiveCfg = SignedRelease|Any CPU
		{76272AB0-DF7A-4AF8-BBD5-1AD87150BA7F}.SignedRelease|x86.Build.0 = SignedRelease|Any CPU
		{A49B162F-B08B-4753-99EA-9A8E07270F5E}.Debug|Any CPU.ActiveCfg = Debug|Any CPU
		{A49B162F-B08B-4753-99EA-9A8E07270F5E}.Debug|Any CPU.Build.0 = Debug|Any CPU
		{A49B162F-B08B-4753-99EA-9A8E07270F5E}.Debug|x86.ActiveCfg = Debug|Any CPU
		{A49B162F-B08B-4753-99EA-9A8E07270F5E}.Debug|x86.Build.0 = Debug|Any CPU
		{A49B162F-B08B-4753-99EA-9A8E07270F5E}.MacDebug|Any CPU.ActiveCfg = Debug|Any CPU
		{A49B162F-B08B-4753-99EA-9A8E07270F5E}.MacDebug|Any CPU.Build.0 = Debug|Any CPU
		{A49B162F-B08B-4753-99EA-9A8E07270F5E}.MacDebug|x86.ActiveCfg = Debug|Any CPU
		{A49B162F-B08B-4753-99EA-9A8E07270F5E}.MacDebug|x86.Build.0 = Debug|Any CPU
		{A49B162F-B08B-4753-99EA-9A8E07270F5E}.MacRelease|Any CPU.ActiveCfg = Release|Any CPU
		{A49B162F-B08B-4753-99EA-9A8E07270F5E}.MacRelease|Any CPU.Build.0 = Release|Any CPU
		{A49B162F-B08B-4753-99EA-9A8E07270F5E}.MacRelease|x86.ActiveCfg = Release|Any CPU
		{A49B162F-B08B-4753-99EA-9A8E07270F5E}.MacRelease|x86.Build.0 = Release|Any CPU
		{A49B162F-B08B-4753-99EA-9A8E07270F5E}.Release|Any CPU.ActiveCfg = Release|Any CPU
		{A49B162F-B08B-4753-99EA-9A8E07270F5E}.Release|Any CPU.Build.0 = Release|Any CPU
		{A49B162F-B08B-4753-99EA-9A8E07270F5E}.Release|x86.ActiveCfg = Release|Any CPU
		{A49B162F-B08B-4753-99EA-9A8E07270F5E}.Release|x86.Build.0 = Release|Any CPU
		{A49B162F-B08B-4753-99EA-9A8E07270F5E}.SignedRelease|Any CPU.ActiveCfg = Release|Any CPU
		{A49B162F-B08B-4753-99EA-9A8E07270F5E}.SignedRelease|Any CPU.Build.0 = Release|Any CPU
		{A49B162F-B08B-4753-99EA-9A8E07270F5E}.SignedRelease|x86.ActiveCfg = Release|Any CPU
		{A49B162F-B08B-4753-99EA-9A8E07270F5E}.SignedRelease|x86.Build.0 = Release|Any CPU
		{CE1ECA7B-77D8-48AC-B611-72B3B4CDEF0A}.Debug|Any CPU.ActiveCfg = Debug|Any CPU
		{CE1ECA7B-77D8-48AC-B611-72B3B4CDEF0A}.Debug|Any CPU.Build.0 = Debug|Any CPU
		{CE1ECA7B-77D8-48AC-B611-72B3B4CDEF0A}.Debug|x86.ActiveCfg = Debug|Any CPU
		{CE1ECA7B-77D8-48AC-B611-72B3B4CDEF0A}.Debug|x86.Build.0 = Debug|Any CPU
		{CE1ECA7B-77D8-48AC-B611-72B3B4CDEF0A}.MacDebug|Any CPU.ActiveCfg = MacDebug|Any CPU
		{CE1ECA7B-77D8-48AC-B611-72B3B4CDEF0A}.MacDebug|Any CPU.Build.0 = MacDebug|Any CPU
		{CE1ECA7B-77D8-48AC-B611-72B3B4CDEF0A}.MacDebug|x86.ActiveCfg = MacDebug|Any CPU
		{CE1ECA7B-77D8-48AC-B611-72B3B4CDEF0A}.MacDebug|x86.Build.0 = MacDebug|Any CPU
		{CE1ECA7B-77D8-48AC-B611-72B3B4CDEF0A}.MacRelease|Any CPU.ActiveCfg = MacRelease|Any CPU
		{CE1ECA7B-77D8-48AC-B611-72B3B4CDEF0A}.MacRelease|Any CPU.Build.0 = MacRelease|Any CPU
		{CE1ECA7B-77D8-48AC-B611-72B3B4CDEF0A}.MacRelease|x86.ActiveCfg = MacRelease|Any CPU
		{CE1ECA7B-77D8-48AC-B611-72B3B4CDEF0A}.MacRelease|x86.Build.0 = MacRelease|Any CPU
		{CE1ECA7B-77D8-48AC-B611-72B3B4CDEF0A}.Release|Any CPU.ActiveCfg = Release|Any CPU
		{CE1ECA7B-77D8-48AC-B611-72B3B4CDEF0A}.Release|Any CPU.Build.0 = Release|Any CPU
		{CE1ECA7B-77D8-48AC-B611-72B3B4CDEF0A}.Release|x86.ActiveCfg = Release|Any CPU
		{CE1ECA7B-77D8-48AC-B611-72B3B4CDEF0A}.Release|x86.Build.0 = Release|Any CPU
		{CE1ECA7B-77D8-48AC-B611-72B3B4CDEF0A}.SignedRelease|Any CPU.ActiveCfg = Release|Any CPU
		{CE1ECA7B-77D8-48AC-B611-72B3B4CDEF0A}.SignedRelease|Any CPU.Build.0 = Release|Any CPU
		{CE1ECA7B-77D8-48AC-B611-72B3B4CDEF0A}.SignedRelease|x86.ActiveCfg = Release|Any CPU
		{CE1ECA7B-77D8-48AC-B611-72B3B4CDEF0A}.SignedRelease|x86.Build.0 = Release|Any CPU
		{5F67B926-2B78-49EB-AEFE-B80CA9AA12BB}.Debug|Any CPU.ActiveCfg = Debug|Any CPU
		{5F67B926-2B78-49EB-AEFE-B80CA9AA12BB}.Debug|Any CPU.Build.0 = Debug|Any CPU
		{5F67B926-2B78-49EB-AEFE-B80CA9AA12BB}.Debug|x86.ActiveCfg = Debug|Any CPU
		{5F67B926-2B78-49EB-AEFE-B80CA9AA12BB}.Debug|x86.Build.0 = Debug|Any CPU
		{5F67B926-2B78-49EB-AEFE-B80CA9AA12BB}.MacDebug|Any CPU.ActiveCfg = Debug|Any CPU
		{5F67B926-2B78-49EB-AEFE-B80CA9AA12BB}.MacDebug|Any CPU.Build.0 = Debug|Any CPU
		{5F67B926-2B78-49EB-AEFE-B80CA9AA12BB}.MacDebug|x86.ActiveCfg = Debug|Any CPU
		{5F67B926-2B78-49EB-AEFE-B80CA9AA12BB}.MacDebug|x86.Build.0 = Debug|Any CPU
		{5F67B926-2B78-49EB-AEFE-B80CA9AA12BB}.MacRelease|Any CPU.ActiveCfg = Release|Any CPU
		{5F67B926-2B78-49EB-AEFE-B80CA9AA12BB}.MacRelease|Any CPU.Build.0 = Release|Any CPU
		{5F67B926-2B78-49EB-AEFE-B80CA9AA12BB}.MacRelease|x86.ActiveCfg = Release|Any CPU
		{5F67B926-2B78-49EB-AEFE-B80CA9AA12BB}.MacRelease|x86.Build.0 = Release|Any CPU
		{5F67B926-2B78-49EB-AEFE-B80CA9AA12BB}.Release|Any CPU.ActiveCfg = Release|Any CPU
		{5F67B926-2B78-49EB-AEFE-B80CA9AA12BB}.Release|Any CPU.Build.0 = Release|Any CPU
		{5F67B926-2B78-49EB-AEFE-B80CA9AA12BB}.Release|x86.ActiveCfg = Release|Any CPU
		{5F67B926-2B78-49EB-AEFE-B80CA9AA12BB}.Release|x86.Build.0 = Release|Any CPU
		{5F67B926-2B78-49EB-AEFE-B80CA9AA12BB}.SignedRelease|Any CPU.ActiveCfg = Release|Any CPU
		{5F67B926-2B78-49EB-AEFE-B80CA9AA12BB}.SignedRelease|Any CPU.Build.0 = Release|Any CPU
		{5F67B926-2B78-49EB-AEFE-B80CA9AA12BB}.SignedRelease|x86.ActiveCfg = Release|Any CPU
		{5F67B926-2B78-49EB-AEFE-B80CA9AA12BB}.SignedRelease|x86.Build.0 = Release|Any CPU
		{FE6895B0-A046-4938-8D52-59A8E48C55DD}.Debug|Any CPU.ActiveCfg = Debug|Any CPU
		{FE6895B0-A046-4938-8D52-59A8E48C55DD}.Debug|Any CPU.Build.0 = Debug|Any CPU
		{FE6895B0-A046-4938-8D52-59A8E48C55DD}.Debug|x86.ActiveCfg = Debug|Any CPU
		{FE6895B0-A046-4938-8D52-59A8E48C55DD}.Debug|x86.Build.0 = Debug|Any CPU
		{FE6895B0-A046-4938-8D52-59A8E48C55DD}.MacDebug|Any CPU.ActiveCfg = Debug|Any CPU
		{FE6895B0-A046-4938-8D52-59A8E48C55DD}.MacDebug|Any CPU.Build.0 = Debug|Any CPU
		{FE6895B0-A046-4938-8D52-59A8E48C55DD}.MacDebug|x86.ActiveCfg = Debug|Any CPU
		{FE6895B0-A046-4938-8D52-59A8E48C55DD}.MacDebug|x86.Build.0 = Debug|Any CPU
		{FE6895B0-A046-4938-8D52-59A8E48C55DD}.MacRelease|Any CPU.ActiveCfg = Release|Any CPU
		{FE6895B0-A046-4938-8D52-59A8E48C55DD}.MacRelease|Any CPU.Build.0 = Release|Any CPU
		{FE6895B0-A046-4938-8D52-59A8E48C55DD}.MacRelease|x86.ActiveCfg = Release|Any CPU
		{FE6895B0-A046-4938-8D52-59A8E48C55DD}.MacRelease|x86.Build.0 = Release|Any CPU
		{FE6895B0-A046-4938-8D52-59A8E48C55DD}.Release|Any CPU.ActiveCfg = Release|Any CPU
		{FE6895B0-A046-4938-8D52-59A8E48C55DD}.Release|Any CPU.Build.0 = Release|Any CPU
		{FE6895B0-A046-4938-8D52-59A8E48C55DD}.Release|x86.ActiveCfg = Release|Any CPU
		{FE6895B0-A046-4938-8D52-59A8E48C55DD}.Release|x86.Build.0 = Release|Any CPU
		{FE6895B0-A046-4938-8D52-59A8E48C55DD}.SignedRelease|Any CPU.ActiveCfg = Release|Any CPU
		{FE6895B0-A046-4938-8D52-59A8E48C55DD}.SignedRelease|Any CPU.Build.0 = Release|Any CPU
		{FE6895B0-A046-4938-8D52-59A8E48C55DD}.SignedRelease|x86.ActiveCfg = Release|Any CPU
		{FE6895B0-A046-4938-8D52-59A8E48C55DD}.SignedRelease|x86.Build.0 = Release|Any CPU
		{16013272-94C9-46DE-84A1-9562A322719D}.Debug|Any CPU.ActiveCfg = Debug|Any CPU
		{16013272-94C9-46DE-84A1-9562A322719D}.Debug|Any CPU.Build.0 = Debug|Any CPU
		{16013272-94C9-46DE-84A1-9562A322719D}.Debug|x86.ActiveCfg = Debug|Any CPU
		{16013272-94C9-46DE-84A1-9562A322719D}.Debug|x86.Build.0 = Debug|Any CPU
		{16013272-94C9-46DE-84A1-9562A322719D}.MacDebug|Any CPU.ActiveCfg = Debug|Any CPU
		{16013272-94C9-46DE-84A1-9562A322719D}.MacDebug|Any CPU.Build.0 = Debug|Any CPU
		{16013272-94C9-46DE-84A1-9562A322719D}.MacDebug|x86.ActiveCfg = Debug|Any CPU
		{16013272-94C9-46DE-84A1-9562A322719D}.MacDebug|x86.Build.0 = Debug|Any CPU
		{16013272-94C9-46DE-84A1-9562A322719D}.MacRelease|Any CPU.ActiveCfg = Release|Any CPU
		{16013272-94C9-46DE-84A1-9562A322719D}.MacRelease|Any CPU.Build.0 = Release|Any CPU
		{16013272-94C9-46DE-84A1-9562A322719D}.MacRelease|x86.ActiveCfg = Release|Any CPU
		{16013272-94C9-46DE-84A1-9562A322719D}.MacRelease|x86.Build.0 = Release|Any CPU
		{16013272-94C9-46DE-84A1-9562A322719D}.Release|Any CPU.ActiveCfg = Release|Any CPU
		{16013272-94C9-46DE-84A1-9562A322719D}.Release|Any CPU.Build.0 = Release|Any CPU
		{16013272-94C9-46DE-84A1-9562A322719D}.Release|x86.ActiveCfg = Release|Any CPU
		{16013272-94C9-46DE-84A1-9562A322719D}.Release|x86.Build.0 = Release|Any CPU
		{16013272-94C9-46DE-84A1-9562A322719D}.SignedRelease|Any CPU.ActiveCfg = Release|Any CPU
		{16013272-94C9-46DE-84A1-9562A322719D}.SignedRelease|Any CPU.Build.0 = Release|Any CPU
		{16013272-94C9-46DE-84A1-9562A322719D}.SignedRelease|x86.ActiveCfg = Release|Any CPU
		{16013272-94C9-46DE-84A1-9562A322719D}.SignedRelease|x86.Build.0 = Release|Any CPU
		{7E6524A0-5441-40C0-A122-428861D2E1DA}.Debug|Any CPU.ActiveCfg = Debug|Any CPU
		{7E6524A0-5441-40C0-A122-428861D2E1DA}.Debug|Any CPU.Build.0 = Debug|Any CPU
		{7E6524A0-5441-40C0-A122-428861D2E1DA}.Debug|x86.ActiveCfg = Debug|Any CPU
		{7E6524A0-5441-40C0-A122-428861D2E1DA}.Debug|x86.Build.0 = Debug|Any CPU
		{7E6524A0-5441-40C0-A122-428861D2E1DA}.MacDebug|Any CPU.ActiveCfg = Debug|Any CPU
		{7E6524A0-5441-40C0-A122-428861D2E1DA}.MacDebug|Any CPU.Build.0 = Debug|Any CPU
		{7E6524A0-5441-40C0-A122-428861D2E1DA}.MacDebug|x86.ActiveCfg = Debug|Any CPU
		{7E6524A0-5441-40C0-A122-428861D2E1DA}.MacDebug|x86.Build.0 = Debug|Any CPU
		{7E6524A0-5441-40C0-A122-428861D2E1DA}.MacRelease|Any CPU.ActiveCfg = Release|Any CPU
		{7E6524A0-5441-40C0-A122-428861D2E1DA}.MacRelease|Any CPU.Build.0 = Release|Any CPU
		{7E6524A0-5441-40C0-A122-428861D2E1DA}.MacRelease|x86.ActiveCfg = Release|Any CPU
		{7E6524A0-5441-40C0-A122-428861D2E1DA}.MacRelease|x86.Build.0 = Release|Any CPU
		{7E6524A0-5441-40C0-A122-428861D2E1DA}.Release|Any CPU.ActiveCfg = Release|Any CPU
		{7E6524A0-5441-40C0-A122-428861D2E1DA}.Release|Any CPU.Build.0 = Release|Any CPU
		{7E6524A0-5441-40C0-A122-428861D2E1DA}.Release|x86.ActiveCfg = Release|Any CPU
		{7E6524A0-5441-40C0-A122-428861D2E1DA}.Release|x86.Build.0 = Release|Any CPU
		{7E6524A0-5441-40C0-A122-428861D2E1DA}.SignedRelease|Any CPU.ActiveCfg = Release|Any CPU
		{7E6524A0-5441-40C0-A122-428861D2E1DA}.SignedRelease|Any CPU.Build.0 = Release|Any CPU
		{7E6524A0-5441-40C0-A122-428861D2E1DA}.SignedRelease|x86.ActiveCfg = Release|Any CPU
		{7E6524A0-5441-40C0-A122-428861D2E1DA}.SignedRelease|x86.Build.0 = Release|Any CPU
		{E3872E49-66F3-4EA1-9F99-2F6D85EBE5C7}.Debug|Any CPU.ActiveCfg = Debug|Any CPU
		{E3872E49-66F3-4EA1-9F99-2F6D85EBE5C7}.Debug|Any CPU.Build.0 = Debug|Any CPU
		{E3872E49-66F3-4EA1-9F99-2F6D85EBE5C7}.Debug|x86.ActiveCfg = Debug|Any CPU
		{E3872E49-66F3-4EA1-9F99-2F6D85EBE5C7}.Debug|x86.Build.0 = Debug|Any CPU
		{E3872E49-66F3-4EA1-9F99-2F6D85EBE5C7}.MacDebug|Any CPU.ActiveCfg = Debug|Any CPU
		{E3872E49-66F3-4EA1-9F99-2F6D85EBE5C7}.MacDebug|Any CPU.Build.0 = Debug|Any CPU
		{E3872E49-66F3-4EA1-9F99-2F6D85EBE5C7}.MacDebug|x86.ActiveCfg = Debug|Any CPU
		{E3872E49-66F3-4EA1-9F99-2F6D85EBE5C7}.MacDebug|x86.Build.0 = Debug|Any CPU
		{E3872E49-66F3-4EA1-9F99-2F6D85EBE5C7}.MacRelease|Any CPU.ActiveCfg = Release|Any CPU
		{E3872E49-66F3-4EA1-9F99-2F6D85EBE5C7}.MacRelease|Any CPU.Build.0 = Release|Any CPU
		{E3872E49-66F3-4EA1-9F99-2F6D85EBE5C7}.MacRelease|x86.ActiveCfg = Release|Any CPU
		{E3872E49-66F3-4EA1-9F99-2F6D85EBE5C7}.MacRelease|x86.Build.0 = Release|Any CPU
		{E3872E49-66F3-4EA1-9F99-2F6D85EBE5C7}.Release|Any CPU.ActiveCfg = Release|Any CPU
		{E3872E49-66F3-4EA1-9F99-2F6D85EBE5C7}.Release|Any CPU.Build.0 = Release|Any CPU
		{E3872E49-66F3-4EA1-9F99-2F6D85EBE5C7}.Release|x86.ActiveCfg = Release|Any CPU
		{E3872E49-66F3-4EA1-9F99-2F6D85EBE5C7}.Release|x86.Build.0 = Release|Any CPU
		{E3872E49-66F3-4EA1-9F99-2F6D85EBE5C7}.SignedRelease|Any CPU.ActiveCfg = Release|Any CPU
		{E3872E49-66F3-4EA1-9F99-2F6D85EBE5C7}.SignedRelease|Any CPU.Build.0 = Release|Any CPU
		{E3872E49-66F3-4EA1-9F99-2F6D85EBE5C7}.SignedRelease|x86.ActiveCfg = Release|Any CPU
		{E3872E49-66F3-4EA1-9F99-2F6D85EBE5C7}.SignedRelease|x86.Build.0 = Release|Any CPU
		{6B894823-4076-4D56-B12D-81517AF3223D}.Debug|Any CPU.ActiveCfg = Debug|Any CPU
		{6B894823-4076-4D56-B12D-81517AF3223D}.Debug|Any CPU.Build.0 = Debug|Any CPU
		{6B894823-4076-4D56-B12D-81517AF3223D}.Debug|x86.ActiveCfg = Debug|x86
		{6B894823-4076-4D56-B12D-81517AF3223D}.Debug|x86.Build.0 = Debug|x86
		{6B894823-4076-4D56-B12D-81517AF3223D}.MacDebug|Any CPU.ActiveCfg = MacDebug|Any CPU
		{6B894823-4076-4D56-B12D-81517AF3223D}.MacDebug|Any CPU.Build.0 = MacDebug|Any CPU
		{6B894823-4076-4D56-B12D-81517AF3223D}.MacDebug|x86.ActiveCfg = MacDebug|x86
		{6B894823-4076-4D56-B12D-81517AF3223D}.MacDebug|x86.Build.0 = MacDebug|x86
		{6B894823-4076-4D56-B12D-81517AF3223D}.MacRelease|Any CPU.ActiveCfg = MacRelease|Any CPU
		{6B894823-4076-4D56-B12D-81517AF3223D}.MacRelease|Any CPU.Build.0 = MacRelease|Any CPU
		{6B894823-4076-4D56-B12D-81517AF3223D}.MacRelease|x86.ActiveCfg = MacRelease|x86
		{6B894823-4076-4D56-B12D-81517AF3223D}.MacRelease|x86.Build.0 = MacRelease|x86
		{6B894823-4076-4D56-B12D-81517AF3223D}.Release|Any CPU.ActiveCfg = Release|Any CPU
		{6B894823-4076-4D56-B12D-81517AF3223D}.Release|Any CPU.Build.0 = Release|Any CPU
		{6B894823-4076-4D56-B12D-81517AF3223D}.Release|x86.ActiveCfg = Release|x86
		{6B894823-4076-4D56-B12D-81517AF3223D}.Release|x86.Build.0 = Release|x86
		{6B894823-4076-4D56-B12D-81517AF3223D}.SignedRelease|Any CPU.ActiveCfg = SignedRelease|Any CPU
		{6B894823-4076-4D56-B12D-81517AF3223D}.SignedRelease|Any CPU.Build.0 = SignedRelease|Any CPU
		{6B894823-4076-4D56-B12D-81517AF3223D}.SignedRelease|x86.ActiveCfg = SignedRelease|x86
		{6B894823-4076-4D56-B12D-81517AF3223D}.SignedRelease|x86.Build.0 = SignedRelease|x86
		{A72694E7-87D3-45D9-96B4-314603A88C89}.Debug|Any CPU.ActiveCfg = Debug|Any CPU
		{A72694E7-87D3-45D9-96B4-314603A88C89}.Debug|Any CPU.Build.0 = Debug|Any CPU
		{A72694E7-87D3-45D9-96B4-314603A88C89}.Debug|x86.ActiveCfg = Debug|Any CPU
		{A72694E7-87D3-45D9-96B4-314603A88C89}.Debug|x86.Build.0 = Debug|Any CPU
		{A72694E7-87D3-45D9-96B4-314603A88C89}.MacDebug|Any CPU.ActiveCfg = Debug|Any CPU
		{A72694E7-87D3-45D9-96B4-314603A88C89}.MacDebug|Any CPU.Build.0 = Debug|Any CPU
		{A72694E7-87D3-45D9-96B4-314603A88C89}.MacDebug|x86.ActiveCfg = Debug|Any CPU
		{A72694E7-87D3-45D9-96B4-314603A88C89}.MacDebug|x86.Build.0 = Debug|Any CPU
		{A72694E7-87D3-45D9-96B4-314603A88C89}.MacRelease|Any CPU.ActiveCfg = Release|Any CPU
		{A72694E7-87D3-45D9-96B4-314603A88C89}.MacRelease|Any CPU.Build.0 = Release|Any CPU
		{A72694E7-87D3-45D9-96B4-314603A88C89}.MacRelease|x86.ActiveCfg = Release|Any CPU
		{A72694E7-87D3-45D9-96B4-314603A88C89}.MacRelease|x86.Build.0 = Release|Any CPU
		{A72694E7-87D3-45D9-96B4-314603A88C89}.Release|Any CPU.ActiveCfg = Release|Any CPU
		{A72694E7-87D3-45D9-96B4-314603A88C89}.Release|Any CPU.Build.0 = Release|Any CPU
		{A72694E7-87D3-45D9-96B4-314603A88C89}.Release|x86.ActiveCfg = Release|Any CPU
		{A72694E7-87D3-45D9-96B4-314603A88C89}.Release|x86.Build.0 = Release|Any CPU
		{A72694E7-87D3-45D9-96B4-314603A88C89}.SignedRelease|Any CPU.ActiveCfg = Release|Any CPU
		{A72694E7-87D3-45D9-96B4-314603A88C89}.SignedRelease|Any CPU.Build.0 = Release|Any CPU
		{A72694E7-87D3-45D9-96B4-314603A88C89}.SignedRelease|x86.ActiveCfg = Release|Any CPU
		{A72694E7-87D3-45D9-96B4-314603A88C89}.SignedRelease|x86.Build.0 = Release|Any CPU
		{1B690052-ED2E-4389-838D-9B9FB188F541}.Debug|Any CPU.ActiveCfg = Debug|Any CPU
		{1B690052-ED2E-4389-838D-9B9FB188F541}.Debug|Any CPU.Build.0 = Debug|Any CPU
		{1B690052-ED2E-4389-838D-9B9FB188F541}.Debug|x86.ActiveCfg = Debug|Any CPU
		{1B690052-ED2E-4389-838D-9B9FB188F541}.Debug|x86.Build.0 = Debug|Any CPU
		{1B690052-ED2E-4389-838D-9B9FB188F541}.MacDebug|Any CPU.ActiveCfg = Debug|Any CPU
		{1B690052-ED2E-4389-838D-9B9FB188F541}.MacDebug|Any CPU.Build.0 = Debug|Any CPU
		{1B690052-ED2E-4389-838D-9B9FB188F541}.MacDebug|x86.ActiveCfg = Debug|Any CPU
		{1B690052-ED2E-4389-838D-9B9FB188F541}.MacDebug|x86.Build.0 = Debug|Any CPU
		{1B690052-ED2E-4389-838D-9B9FB188F541}.MacRelease|Any CPU.ActiveCfg = Release|Any CPU
		{1B690052-ED2E-4389-838D-9B9FB188F541}.MacRelease|Any CPU.Build.0 = Release|Any CPU
		{1B690052-ED2E-4389-838D-9B9FB188F541}.MacRelease|x86.ActiveCfg = Release|Any CPU
		{1B690052-ED2E-4389-838D-9B9FB188F541}.MacRelease|x86.Build.0 = Release|Any CPU
		{1B690052-ED2E-4389-838D-9B9FB188F541}.Release|Any CPU.ActiveCfg = Release|Any CPU
		{1B690052-ED2E-4389-838D-9B9FB188F541}.Release|Any CPU.Build.0 = Release|Any CPU
		{1B690052-ED2E-4389-838D-9B9FB188F541}.Release|x86.ActiveCfg = Release|Any CPU
		{1B690052-ED2E-4389-838D-9B9FB188F541}.Release|x86.Build.0 = Release|Any CPU
		{1B690052-ED2E-4389-838D-9B9FB188F541}.SignedRelease|Any CPU.ActiveCfg = Release|Any CPU
		{1B690052-ED2E-4389-838D-9B9FB188F541}.SignedRelease|Any CPU.Build.0 = Release|Any CPU
		{1B690052-ED2E-4389-838D-9B9FB188F541}.SignedRelease|x86.ActiveCfg = Release|Any CPU
		{1B690052-ED2E-4389-838D-9B9FB188F541}.SignedRelease|x86.Build.0 = Release|Any CPU
		{C1F86EA3-FC84-456F-A9D9-0BF8DB0D48D3}.Debug|Any CPU.ActiveCfg = Debug|Any CPU
		{C1F86EA3-FC84-456F-A9D9-0BF8DB0D48D3}.Debug|Any CPU.Build.0 = Debug|Any CPU
		{C1F86EA3-FC84-456F-A9D9-0BF8DB0D48D3}.Debug|x86.ActiveCfg = Debug|Any CPU
		{C1F86EA3-FC84-456F-A9D9-0BF8DB0D48D3}.Debug|x86.Build.0 = Debug|Any CPU
		{C1F86EA3-FC84-456F-A9D9-0BF8DB0D48D3}.MacDebug|Any CPU.ActiveCfg = Debug|Any CPU
		{C1F86EA3-FC84-456F-A9D9-0BF8DB0D48D3}.MacDebug|Any CPU.Build.0 = Debug|Any CPU
		{C1F86EA3-FC84-456F-A9D9-0BF8DB0D48D3}.MacDebug|x86.ActiveCfg = Debug|Any CPU
		{C1F86EA3-FC84-456F-A9D9-0BF8DB0D48D3}.MacDebug|x86.Build.0 = Debug|Any CPU
		{C1F86EA3-FC84-456F-A9D9-0BF8DB0D48D3}.MacRelease|Any CPU.ActiveCfg = Release|Any CPU
		{C1F86EA3-FC84-456F-A9D9-0BF8DB0D48D3}.MacRelease|Any CPU.Build.0 = Release|Any CPU
		{C1F86EA3-FC84-456F-A9D9-0BF8DB0D48D3}.MacRelease|x86.ActiveCfg = Release|Any CPU
		{C1F86EA3-FC84-456F-A9D9-0BF8DB0D48D3}.MacRelease|x86.Build.0 = Release|Any CPU
		{C1F86EA3-FC84-456F-A9D9-0BF8DB0D48D3}.Release|Any CPU.ActiveCfg = Release|Any CPU
		{C1F86EA3-FC84-456F-A9D9-0BF8DB0D48D3}.Release|Any CPU.Build.0 = Release|Any CPU
		{C1F86EA3-FC84-456F-A9D9-0BF8DB0D48D3}.Release|x86.ActiveCfg = Release|Any CPU
		{C1F86EA3-FC84-456F-A9D9-0BF8DB0D48D3}.Release|x86.Build.0 = Release|Any CPU
		{C1F86EA3-FC84-456F-A9D9-0BF8DB0D48D3}.SignedRelease|Any CPU.ActiveCfg = Release|Any CPU
		{C1F86EA3-FC84-456F-A9D9-0BF8DB0D48D3}.SignedRelease|Any CPU.Build.0 = Release|Any CPU
		{C1F86EA3-FC84-456F-A9D9-0BF8DB0D48D3}.SignedRelease|x86.ActiveCfg = Release|Any CPU
		{C1F86EA3-FC84-456F-A9D9-0BF8DB0D48D3}.SignedRelease|x86.Build.0 = Release|Any CPU
		{93965296-AC71-47D4-BC68-825157080965}.Debug|Any CPU.ActiveCfg = Debug|Any CPU
		{93965296-AC71-47D4-BC68-825157080965}.Debug|Any CPU.Build.0 = Debug|Any CPU
		{93965296-AC71-47D4-BC68-825157080965}.Debug|x86.ActiveCfg = Debug|Any CPU
		{93965296-AC71-47D4-BC68-825157080965}.Debug|x86.Build.0 = Debug|Any CPU
		{93965296-AC71-47D4-BC68-825157080965}.MacDebug|Any CPU.ActiveCfg = Debug|Any CPU
		{93965296-AC71-47D4-BC68-825157080965}.MacDebug|Any CPU.Build.0 = Debug|Any CPU
		{93965296-AC71-47D4-BC68-825157080965}.MacDebug|x86.ActiveCfg = Debug|Any CPU
		{93965296-AC71-47D4-BC68-825157080965}.MacDebug|x86.Build.0 = Debug|Any CPU
		{93965296-AC71-47D4-BC68-825157080965}.MacRelease|Any CPU.ActiveCfg = Release|Any CPU
		{93965296-AC71-47D4-BC68-825157080965}.MacRelease|Any CPU.Build.0 = Release|Any CPU
		{93965296-AC71-47D4-BC68-825157080965}.MacRelease|x86.ActiveCfg = Release|Any CPU
		{93965296-AC71-47D4-BC68-825157080965}.MacRelease|x86.Build.0 = Release|Any CPU
		{93965296-AC71-47D4-BC68-825157080965}.Release|Any CPU.ActiveCfg = Release|Any CPU
		{93965296-AC71-47D4-BC68-825157080965}.Release|Any CPU.Build.0 = Release|Any CPU
		{93965296-AC71-47D4-BC68-825157080965}.Release|x86.ActiveCfg = Release|Any CPU
		{93965296-AC71-47D4-BC68-825157080965}.Release|x86.Build.0 = Release|Any CPU
		{93965296-AC71-47D4-BC68-825157080965}.SignedRelease|Any CPU.ActiveCfg = Release|Any CPU
		{93965296-AC71-47D4-BC68-825157080965}.SignedRelease|Any CPU.Build.0 = Release|Any CPU
		{93965296-AC71-47D4-BC68-825157080965}.SignedRelease|x86.ActiveCfg = Release|Any CPU
		{93965296-AC71-47D4-BC68-825157080965}.SignedRelease|x86.Build.0 = Release|Any CPU
	EndGlobalSection
	GlobalSection(SolutionProperties) = preSolution
		HideSolutionNode = FALSE
	EndGlobalSection
	GlobalSection(NestedProjects) = preSolution
		{3A45F695-47A2-464C-ACE6-BDABBFA39FBC} = {938E48F1-4BDF-4953-AB18-E72D6FDB1E18}
		{39E61451-F4FE-493D-B754-5F06EB284AAC} = {938E48F1-4BDF-4953-AB18-E72D6FDB1E18}
		{3BFD6EE6-0267-4D82-BE7D-9B48B2F6F3D4} = {938E48F1-4BDF-4953-AB18-E72D6FDB1E18}
		{CAD6BCB7-758B-4AA4-A5FE-A9FAB8A4CF2F} = {938E48F1-4BDF-4953-AB18-E72D6FDB1E18}
		{F1A82A4F-4A57-47D7-AE76-444C8A4FF54A} = {938E48F1-4BDF-4953-AB18-E72D6FDB1E18}
		{65EF51C6-5CB8-43B8-AE65-4A68F0B44AD2} = {C8BA5840-9AEC-48D9-ACAF-6C5C40366CE4}
		{F3D2FA84-C398-4390-9834-1272CC2D6F89} = {C8BA5840-9AEC-48D9-ACAF-6C5C40366CE4}
		{786BD0EE-1806-4158-BA45-80249AC6DFE7} = {C8BA5840-9AEC-48D9-ACAF-6C5C40366CE4}
		{F14023E2-F8DF-4EBC-B2C4-34A825E3790E} = {C8BA5840-9AEC-48D9-ACAF-6C5C40366CE4}
		{903E2E75-7B62-4C42-A001-404DC0235A6B} = {C8BA5840-9AEC-48D9-ACAF-6C5C40366CE4}
		{C8BA5840-9AEC-48D9-ACAF-6C5C40366CE4} = {88BF5669-D3F7-4409-8117-4222074F4354}
		{F386119B-7D95-4F22-B789-CABE710FE83D} = {88BF5669-D3F7-4409-8117-4222074F4354}
		{938E48F1-4BDF-4953-AB18-E72D6FDB1E18} = {88BF5669-D3F7-4409-8117-4222074F4354}
		{030666AA-FC71-449E-9DFC-270F1C23C5DA} = {938E48F1-4BDF-4953-AB18-E72D6FDB1E18}
		{200AC0CB-EBBF-4FDE-81D0-447CDFFFA2F7} = {C8BA5840-9AEC-48D9-ACAF-6C5C40366CE4}
		{ECE9B280-9647-4092-BABF-EB2E25084670} = {C8BA5840-9AEC-48D9-ACAF-6C5C40366CE4}
		{A37BB496-739D-440E-AB64-E2939A759898} = {938E48F1-4BDF-4953-AB18-E72D6FDB1E18}
		{0D913602-39B1-4ABB-AE5A-D8EBAD1CCDD6} = {88BF5669-D3F7-4409-8117-4222074F4354}
		{31E3C458-01AE-4340-9AFB-2C004CD8C98F} = {88BF5669-D3F7-4409-8117-4222074F4354}
		{4933B173-831A-41B3-A04B-498EEC647B29} = {31E3C458-01AE-4340-9AFB-2C004CD8C98F}
		{8553ABC7-ABFA-4A21-B0E8-68B7DE76129D} = {938E48F1-4BDF-4953-AB18-E72D6FDB1E18}
		{C2C0DDDF-46A4-4672-B5B3-9BEB503C60D2} = {88BF5669-D3F7-4409-8117-4222074F4354}
		{9B5BD1A0-3FBB-4632-9969-7FBE60DE93AC} = {C2C0DDDF-46A4-4672-B5B3-9BEB503C60D2}
		{5C53A418-40C1-42BC-B30E-0EDA2737DE5F} = {C2C0DDDF-46A4-4672-B5B3-9BEB503C60D2}
		{F5FF8D13-A718-4C61-8156-66E89E9E0542} = {88BF5669-D3F7-4409-8117-4222074F4354}
		{20960967-3647-41A2-9DF6-3E15E2AA7019} = {F5FF8D13-A718-4C61-8156-66E89E9E0542}
		{33836324-C699-4139-AB9C-7524570A04D5} = {938E48F1-4BDF-4953-AB18-E72D6FDB1E18}
		{0345A561-AB19-4899-909D-76C97213CCED} = {F386119B-7D95-4F22-B789-CABE710FE83D}
		{7A8CFF73-BFF7-499B-98D6-27932A8E7FD4} = {F386119B-7D95-4F22-B789-CABE710FE83D}
		{A0B78179-43BA-4D37-BEE1-09F60F631874} = {F5FF8D13-A718-4C61-8156-66E89E9E0542}
		{2A81F68B-132C-4CCC-9B36-83AEBF94391B} = {F5FF8D13-A718-4C61-8156-66E89E9E0542}
		{6F1ED09F-543F-4DB0-8A85-79E3468127ED} = {F5FF8D13-A718-4C61-8156-66E89E9E0542}
		{ADE24A22-A207-4786-A934-85CA720DA294} = {C8BA5840-9AEC-48D9-ACAF-6C5C40366CE4}
		{2818336D-F9E9-4ACD-A0CF-ADD36C7C8264} = {C8BA5840-9AEC-48D9-ACAF-6C5C40366CE4}
		{5F3263FB-F532-423E-BF77-4A3922DE251A} = {C8BA5840-9AEC-48D9-ACAF-6C5C40366CE4}
		{DD441099-8E0A-4C11-AB92-2FF1D33471B7} = {938E48F1-4BDF-4953-AB18-E72D6FDB1E18}
		{7E0584D9-0313-4AC1-84AC-5EB45890BFF9} = {F5FF8D13-A718-4C61-8156-66E89E9E0542}
		{76272AB0-DF7A-4AF8-BBD5-1AD87150BA7F} = {576926A4-9EBF-47D2-BDDA-4FAF0ED534FE}
		{A49B162F-B08B-4753-99EA-9A8E07270F5E} = {576926A4-9EBF-47D2-BDDA-4FAF0ED534FE}
		{CE1ECA7B-77D8-48AC-B611-72B3B4CDEF0A} = {576926A4-9EBF-47D2-BDDA-4FAF0ED534FE}
		{5F67B926-2B78-49EB-AEFE-B80CA9AA12BB} = {576926A4-9EBF-47D2-BDDA-4FAF0ED534FE}
		{FE6895B0-A046-4938-8D52-59A8E48C55DD} = {576926A4-9EBF-47D2-BDDA-4FAF0ED534FE}
		{16013272-94C9-46DE-84A1-9562A322719D} = {576926A4-9EBF-47D2-BDDA-4FAF0ED534FE}
		{7E6524A0-5441-40C0-A122-428861D2E1DA} = {576926A4-9EBF-47D2-BDDA-4FAF0ED534FE}
		{E3872E49-66F3-4EA1-9F99-2F6D85EBE5C7} = {576926A4-9EBF-47D2-BDDA-4FAF0ED534FE}
		{6B894823-4076-4D56-B12D-81517AF3223D} = {576926A4-9EBF-47D2-BDDA-4FAF0ED534FE}
		{A72694E7-87D3-45D9-96B4-314603A88C89} = {938E48F1-4BDF-4953-AB18-E72D6FDB1E18}
		{1B690052-ED2E-4389-838D-9B9FB188F541} = {C8BA5840-9AEC-48D9-ACAF-6C5C40366CE4}
		{C1F86EA3-FC84-456F-A9D9-0BF8DB0D48D3} = {88BF5669-D3F7-4409-8117-4222074F4354}
		{93965296-AC71-47D4-BC68-825157080965} = {C8BA5840-9AEC-48D9-ACAF-6C5C40366CE4}
	EndGlobalSection
	GlobalSection(ExtensibilityGlobals) = postSolution
		SolutionGuid = {BF4EBA9F-71CB-48AF-BEF8-7414B6BC554E}
	EndGlobalSection
EndGlobal
