
Microsoft Visual Studio Solution File, Format Version 12.00
# Visual Studio Version 16
VisualStudioVersion = 16.0.31025.194
MinimumVisualStudioVersion = 10.0.40219.1
Project("{FAE04EC0-301F-11D3-BF4B-00C04F79EFBC}") = "SdbDebug", "SdbDebug\SdbDebug.csproj", "{16013272-94C9-46DE-84A1-9562A322719D}"
EndProject
Project("{FAE04EC0-301F-11D3-BF4B-00C04F79EFBC}") = "PakMan", "AppletCompiler\PakMan.csproj", "{C83CABC0-A612-4F6D-AFDB-0E2B4C98CDEE}"
EndProject
Project("{FAE04EC0-301F-11D3-BF4B-00C04F79EFBC}") = "BrainBug", "BrainBug\BrainBug.csproj", "{76272AB0-DF7A-4AF8-BBD5-1AD87150BA7F}"
EndProject
Project("{FAE04EC0-301F-11D3-BF4B-00C04F79EFBC}") = "AppletDebugger", "AppletDebugger\AppletDebugger.csproj", "{6B894823-4076-4D56-B12D-81517AF3223D}"
EndProject
Project("{2150E333-8FDC-42A3-9474-1A3956D46DE8}") = "Solution Items", "Solution Items", "{5C88F0B1-E1B9-43BF-818D-86AC80A3A09F}"
	ProjectSection(SolutionItems) = preProject
		NOTICE.md = NOTICE.md
	EndProjectSection
EndProject
Project("{FAE04EC0-301F-11D3-BF4B-00C04F79EFBC}") = "JsProxy", "JsProxy\JsProxy.csproj", "{A49B162F-B08B-4753-99EA-9A8E07270F5E}"
EndProject
Project("{2150E333-8FDC-42A3-9474-1A3956D46DE8}") = "submodule", "submodule", "{88BF5669-D3F7-4409-8117-4222074F4354}"
EndProject
Project("{9A19103F-16F7-4668-BE54-9A1E7A4F7556}") = "SanteDB.Core.Api", "santedb-api\SanteDB.Core.Api\SanteDB.Core.Api.csproj", "{3A45F695-47A2-464C-ACE6-BDABBFA39FBC}"
EndProject
Project("{9A19103F-16F7-4668-BE54-9A1E7A4F7556}") = "SanteDB.Core.Applets", "santedb-applets\SanteDB.Core.Applets\SanteDB.Core.Applets.csproj", "{39E61451-F4FE-493D-B754-5F06EB284AAC}"
EndProject
Project("{9A19103F-16F7-4668-BE54-9A1E7A4F7556}") = "SanteDB.BusinessRules.JavaScript", "santedb-bre-js\SanteDB.BusinessRules.JavaScript\SanteDB.BusinessRules.JavaScript.csproj", "{3BFD6EE6-0267-4D82-BE7D-9B48B2F6F3D4}"
EndProject
Project("{9A19103F-16F7-4668-BE54-9A1E7A4F7556}") = "SanteDB.DisconnectedClient.Core", "santedb-dc-core\SanteDB.DisconnectedClient.Core\SanteDB.DisconnectedClient.Core.csproj", "{554DF209-7744-433F-993A-783E2A2803EF}"
EndProject
Project("{9A19103F-16F7-4668-BE54-9A1E7A4F7556}") = "SanteDB.DisconnectedClient.SQLite", "santedb-dc-core\SanteDB.DisconnectedClient.Core.SQLite\SanteDB.DisconnectedClient.SQLite.csproj", "{406D064D-78B4-467F-86C6-B3E2F12C0A65}"
EndProject
Project("{9A19103F-16F7-4668-BE54-9A1E7A4F7556}") = "SanteDB.DisconnectedClient.i18n", "santedb-dc-core\SanteDB.DisconnectedClient.i18n\SanteDB.DisconnectedClient.i18n.csproj", "{4A16BBDF-64EB-4CDE-97AA-B18C9A44CBB6}"
EndProject
Project("{9A19103F-16F7-4668-BE54-9A1E7A4F7556}") = "SanteDB.DisconnectedClient.UI", "santedb-dc-core\SanteDB.DisconnectedClient.UI\SanteDB.DisconnectedClient.UI.csproj", "{5315173F-51E5-4600-B31D-66CFE3B94205}"
EndProject
Project("{9A19103F-16F7-4668-BE54-9A1E7A4F7556}") = "SanteDB.Cdss.Xml", "santedb-cdss\SanteDB.Cdss.Xml\SanteDB.Cdss.Xml.csproj", "{CAD6BCB7-758B-4AA4-A5FE-A9FAB8A4CF2F}"
EndProject
Project("{9A19103F-16F7-4668-BE54-9A1E7A4F7556}") = "SanteDB.Core.Model", "santedb-model\SanteDB.Core.Model\SanteDB.Core.Model.csproj", "{F1A82A4F-4A57-47D7-AE76-444C8A4FF54A}"
EndProject
Project("{9A19103F-16F7-4668-BE54-9A1E7A4F7556}") = "RestSrvr", "restsrvr\RestSrvr\RestSrvr.csproj", "{16EF1840-0361-439D-806C-92D0411122EB}"
EndProject
Project("{9A19103F-16F7-4668-BE54-9A1E7A4F7556}") = "SanteDB.DisconnectedClient.Ags", "santedb-dc-core\SanteDB.DisconnectedClient.Ags\SanteDB.DisconnectedClient.Ags.csproj", "{EDCD4511-B016-48EE-BD73-491A6B6687E6}"
EndProject
Project("{9A19103F-16F7-4668-BE54-9A1E7A4F7556}") = "SanteDB.Core.Model.AMI", "santedb-restsvc\SanteDB.Core.Model.AMI\SanteDB.Core.Model.AMI.csproj", "{65EF51C6-5CB8-43B8-AE65-4A68F0B44AD2}"
EndProject
Project("{9A19103F-16F7-4668-BE54-9A1E7A4F7556}") = "SanteDB.Core.Model.RISI", "santedb-restsvc\SanteDB.Core.Model.RISI\SanteDB.Core.Model.RISI.csproj", "{F3D2FA84-C398-4390-9834-1272CC2D6F89}"
EndProject
Project("{9A19103F-16F7-4668-BE54-9A1E7A4F7556}") = "SanteDB.Rest.Common", "santedb-restsvc\SanteDB.Rest.Common\SanteDB.Rest.Common.csproj", "{786BD0EE-1806-4158-BA45-80249AC6DFE7}"
EndProject
Project("{9A19103F-16F7-4668-BE54-9A1E7A4F7556}") = "SanteDB.Rest.AMI", "santedb-restsvc\SanteDB.Rest.AMI\SanteDB.Rest.AMI.csproj", "{F14023E2-F8DF-4EBC-B2C4-34A825E3790E}"
EndProject
Project("{9A19103F-16F7-4668-BE54-9A1E7A4F7556}") = "SanteDB.Rest.HDSI", "santedb-restsvc\SanteDB.Rest.HDSI\SanteDB.Rest.HDSI.csproj", "{903E2E75-7B62-4C42-A001-404DC0235A6B}"
EndProject
Project("{2150E333-8FDC-42A3-9474-1A3956D46DE8}") = "RestService", "RestService", "{C8BA5840-9AEC-48D9-ACAF-6C5C40366CE4}"
EndProject
Project("{2150E333-8FDC-42A3-9474-1A3956D46DE8}") = "Dc", "Dc", "{F386119B-7D95-4F22-B789-CABE710FE83D}"
EndProject
Project("{2150E333-8FDC-42A3-9474-1A3956D46DE8}") = "Core", "Core", "{938E48F1-4BDF-4953-AB18-E72D6FDB1E18}"
EndProject
Project("{9A19103F-16F7-4668-BE54-9A1E7A4F7556}") = "SanteDB.BI", "santedb-bis\SanteDB.BI\SanteDB.BI.csproj", "{030666AA-FC71-449E-9DFC-270F1C23C5DA}"
EndProject
Project("{9A19103F-16F7-4668-BE54-9A1E7A4F7556}") = "SanteDB.Rest.BIS", "santedb-bis\SanteDB.Rest.BIS\SanteDB.Rest.BIS.csproj", "{200AC0CB-EBBF-4FDE-81D0-447CDFFFA2F7}"
EndProject
Project("{9A19103F-16F7-4668-BE54-9A1E7A4F7556}") = "SanteDB.Core.Model.ViewModelSerializers", "santedb-restsvc\SanteDB.Core.Model.ViewModelSerializers\SanteDB.Core.Model.ViewModelSerializers.csproj", "{ECE9B280-9647-4092-BABF-EB2E25084670}"
EndProject
Project("{2150E333-8FDC-42A3-9474-1A3956D46DE8}") = "Tooling", "Tooling", "{576926A4-9EBF-47D2-BDDA-4FAF0ED534FE}"
EndProject
Project("{9A19103F-16F7-4668-BE54-9A1E7A4F7556}") = "SanteDB.Matcher", "santedb-match\SanteDB.Matcher\SanteDB.Matcher.csproj", "{A37BB496-739D-440E-AB64-E2939A759898}"
EndProject
Project("{FAE04EC0-301F-11D3-BF4B-00C04F79EFBC}") = "FakeDataGenerator", "FakeDataGenerator\FakeDataGenerator.csproj", "{C03FF673-9A0B-4EA4-9D55-1DF5E2B5EF45}"
EndProject
Project("{FAE04EC0-301F-11D3-BF4B-00C04F79EFBC}") = "BackupConverter", "BackupConverter\BackupConverter.csproj", "{B5CD9509-EE58-4C71-8C77-5014E7A44502}"
EndProject
Project("{FAE04EC0-301F-11D3-BF4B-00C04F79EFBC}") = "PatientImporter", "PatientImporter\PatientImporter.csproj", "{AECE16FA-D5B2-4F5B-AB26-6294AFF2E265}"
EndProject
Project("{9A19103F-16F7-4668-BE54-9A1E7A4F7556}") = "SanteDB.OrmLite", "santedb-orm\SanteDB.OrmLite\SanteDB.OrmLite.csproj", "{0D913602-39B1-4ABB-AE5A-D8EBAD1CCDD6}"
EndProject
Project("{FAE04EC0-301F-11D3-BF4B-00C04F79EFBC}") = "PakSrv", "PakSrv\PakSrv.csproj", "{891C41D5-26D1-4EC8-B645-FB4C5236CC0E}"
EndProject
Project("{2150E333-8FDC-42A3-9474-1A3956D46DE8}") = "PakMan", "PakMan", "{D93CA29A-10A8-4BA8-B05D-AA7B81A127F1}"
EndProject
Project("{9A19103F-16F7-4668-BE54-9A1E7A4F7556}") = "PakMan.Common", "PakMan.Common\PakMan.Common.csproj", "{06935ED9-4199-4D53-AB77-2BAE57208F85}"
EndProject
Project("{2150E333-8FDC-42A3-9474-1A3956D46DE8}") = "Docker", "Docker", "{31E3C458-01AE-4340-9AFB-2C004CD8C98F}"
EndProject
Project("{9A19103F-16F7-4668-BE54-9A1E7A4F7556}") = "SanteDB.Docker.Core", "santedb-docker\SanteDB.Docker.Core\SanteDB.Docker.Core.csproj", "{4933B173-831A-41B3-A04B-498EEC647B29}"
EndProject
Project("{FAE04EC0-301F-11D3-BF4B-00C04F79EFBC}") = "VocabTool", "VocabTool\VocabTool.csproj", "{E3872E49-66F3-4EA1-9F99-2F6D85EBE5C7}"
EndProject
Project("{9A19103F-16F7-4668-BE54-9A1E7A4F7556}") = "SanteDB.Caching.Memory", "santedb-cache-memory\SanteDB.Caching.Memory\SanteDB.Caching.Memory.csproj", "{8553ABC7-ABFA-4A21-B0E8-68B7DE76129D}"
EndProject
Project("{2150E333-8FDC-42A3-9474-1A3956D46DE8}") = "Client", "Client", "{C2C0DDDF-46A4-4672-B5B3-9BEB503C60D2}"
EndProject
Project("{9A19103F-16F7-4668-BE54-9A1E7A4F7556}") = "SanteDB.Messaging.HDSI.Client", "santedb-client\SanteDB.Messaging.HDSI.Client\SanteDB.Messaging.HDSI.Client.csproj", "{9B5BD1A0-3FBB-4632-9969-7FBE60DE93AC}"
EndProject
Project("{9A19103F-16F7-4668-BE54-9A1E7A4F7556}") = "SanteDB.Messaging.AMI.Client", "santedb-client\SanteDB.Messaging.AMI.Client\SanteDB.Messaging.AMI.Client.csproj", "{5C53A418-40C1-42BC-B30E-0EDA2737DE5F}"
EndProject
Project("{2150E333-8FDC-42A3-9474-1A3956D46DE8}") = "Persistence", "Persistence", "{F5FF8D13-A718-4C61-8156-66E89E9E0542}"
EndProject
Project("{9A19103F-16F7-4668-BE54-9A1E7A4F7556}") = "SanteDB.Persistence.MDM", "santedb-mdm\SanteDB.Persistence.MDM\SanteDB.Persistence.MDM.csproj", "{20960967-3647-41A2-9DF6-3E15E2AA7019}"
EndProject
Project("{9A19103F-16F7-4668-BE54-9A1E7A4F7556}") = "SanteDB.Messaging.FHIR", "santedb-fhir\SanteDB.Messaging.FHIR\SanteDB.Messaging.FHIR.csproj", "{33836324-C699-4139-AB9C-7524570A04D5}"
EndProject
Global
	GlobalSection(SolutionConfigurationPlatforms) = preSolution
		Debug|Any CPU = Debug|Any CPU
		Debug|x86 = Debug|x86
		MacDebug|Any CPU = MacDebug|Any CPU
		MacDebug|x86 = MacDebug|x86
		MacRelease|Any CPU = MacRelease|Any CPU
		MacRelease|x86 = MacRelease|x86
		Release|Any CPU = Release|Any CPU
		Release|x86 = Release|x86
		SignedRelease|Any CPU = SignedRelease|Any CPU
		SignedRelease|x86 = SignedRelease|x86
	EndGlobalSection
	GlobalSection(ProjectConfigurationPlatforms) = postSolution
		{16013272-94C9-46DE-84A1-9562A322719D}.Debug|Any CPU.ActiveCfg = Debug|Any CPU
		{16013272-94C9-46DE-84A1-9562A322719D}.Debug|Any CPU.Build.0 = Debug|Any CPU
		{16013272-94C9-46DE-84A1-9562A322719D}.Debug|x86.ActiveCfg = Debug|Any CPU
		{16013272-94C9-46DE-84A1-9562A322719D}.Debug|x86.Build.0 = Debug|Any CPU
		{16013272-94C9-46DE-84A1-9562A322719D}.MacDebug|Any CPU.ActiveCfg = Debug|Any CPU
		{16013272-94C9-46DE-84A1-9562A322719D}.MacDebug|Any CPU.Build.0 = Debug|Any CPU
		{16013272-94C9-46DE-84A1-9562A322719D}.MacDebug|x86.ActiveCfg = Debug|Any CPU
		{16013272-94C9-46DE-84A1-9562A322719D}.MacDebug|x86.Build.0 = Debug|Any CPU
		{16013272-94C9-46DE-84A1-9562A322719D}.MacRelease|Any CPU.ActiveCfg = Release|Any CPU
		{16013272-94C9-46DE-84A1-9562A322719D}.MacRelease|Any CPU.Build.0 = Release|Any CPU
		{16013272-94C9-46DE-84A1-9562A322719D}.MacRelease|x86.ActiveCfg = Release|Any CPU
		{16013272-94C9-46DE-84A1-9562A322719D}.MacRelease|x86.Build.0 = Release|Any CPU
		{16013272-94C9-46DE-84A1-9562A322719D}.Release|Any CPU.ActiveCfg = Release|Any CPU
		{16013272-94C9-46DE-84A1-9562A322719D}.Release|Any CPU.Build.0 = Release|Any CPU
		{16013272-94C9-46DE-84A1-9562A322719D}.Release|x86.ActiveCfg = Release|Any CPU
		{16013272-94C9-46DE-84A1-9562A322719D}.Release|x86.Build.0 = Release|Any CPU
		{16013272-94C9-46DE-84A1-9562A322719D}.SignedRelease|Any CPU.ActiveCfg = Release|Any CPU
		{16013272-94C9-46DE-84A1-9562A322719D}.SignedRelease|Any CPU.Build.0 = Release|Any CPU
		{16013272-94C9-46DE-84A1-9562A322719D}.SignedRelease|x86.ActiveCfg = Release|Any CPU
		{16013272-94C9-46DE-84A1-9562A322719D}.SignedRelease|x86.Build.0 = Release|Any CPU
		{C83CABC0-A612-4F6D-AFDB-0E2B4C98CDEE}.Debug|Any CPU.ActiveCfg = Debug|Any CPU
		{C83CABC0-A612-4F6D-AFDB-0E2B4C98CDEE}.Debug|Any CPU.Build.0 = Debug|Any CPU
		{C83CABC0-A612-4F6D-AFDB-0E2B4C98CDEE}.Debug|x86.ActiveCfg = Debug|Any CPU
		{C83CABC0-A612-4F6D-AFDB-0E2B4C98CDEE}.Debug|x86.Build.0 = Debug|Any CPU
		{C83CABC0-A612-4F6D-AFDB-0E2B4C98CDEE}.MacDebug|Any CPU.ActiveCfg = MacDebug|Any CPU
		{C83CABC0-A612-4F6D-AFDB-0E2B4C98CDEE}.MacDebug|Any CPU.Build.0 = MacDebug|Any CPU
		{C83CABC0-A612-4F6D-AFDB-0E2B4C98CDEE}.MacDebug|x86.ActiveCfg = MacDebug|Any CPU
		{C83CABC0-A612-4F6D-AFDB-0E2B4C98CDEE}.MacDebug|x86.Build.0 = MacDebug|Any CPU
		{C83CABC0-A612-4F6D-AFDB-0E2B4C98CDEE}.MacRelease|Any CPU.ActiveCfg = MacRelease|Any CPU
		{C83CABC0-A612-4F6D-AFDB-0E2B4C98CDEE}.MacRelease|Any CPU.Build.0 = MacRelease|Any CPU
		{C83CABC0-A612-4F6D-AFDB-0E2B4C98CDEE}.MacRelease|x86.ActiveCfg = MacRelease|Any CPU
		{C83CABC0-A612-4F6D-AFDB-0E2B4C98CDEE}.MacRelease|x86.Build.0 = MacRelease|Any CPU
		{C83CABC0-A612-4F6D-AFDB-0E2B4C98CDEE}.Release|Any CPU.ActiveCfg = Release|Any CPU
		{C83CABC0-A612-4F6D-AFDB-0E2B4C98CDEE}.Release|Any CPU.Build.0 = Release|Any CPU
		{C83CABC0-A612-4F6D-AFDB-0E2B4C98CDEE}.Release|x86.ActiveCfg = Release|Any CPU
		{C83CABC0-A612-4F6D-AFDB-0E2B4C98CDEE}.Release|x86.Build.0 = Release|Any CPU
		{C83CABC0-A612-4F6D-AFDB-0E2B4C98CDEE}.SignedRelease|Any CPU.ActiveCfg = Release|Any CPU
		{C83CABC0-A612-4F6D-AFDB-0E2B4C98CDEE}.SignedRelease|Any CPU.Build.0 = Release|Any CPU
		{C83CABC0-A612-4F6D-AFDB-0E2B4C98CDEE}.SignedRelease|x86.ActiveCfg = Release|Any CPU
		{C83CABC0-A612-4F6D-AFDB-0E2B4C98CDEE}.SignedRelease|x86.Build.0 = Release|Any CPU
		{76272AB0-DF7A-4AF8-BBD5-1AD87150BA7F}.Debug|Any CPU.ActiveCfg = Debug|Any CPU
		{76272AB0-DF7A-4AF8-BBD5-1AD87150BA7F}.Debug|Any CPU.Build.0 = Debug|Any CPU
		{76272AB0-DF7A-4AF8-BBD5-1AD87150BA7F}.Debug|x86.ActiveCfg = Debug|Any CPU
		{76272AB0-DF7A-4AF8-BBD5-1AD87150BA7F}.Debug|x86.Build.0 = Debug|Any CPU
		{76272AB0-DF7A-4AF8-BBD5-1AD87150BA7F}.MacDebug|Any CPU.ActiveCfg = MacDebug|Any CPU
		{76272AB0-DF7A-4AF8-BBD5-1AD87150BA7F}.MacDebug|Any CPU.Build.0 = MacDebug|Any CPU
		{76272AB0-DF7A-4AF8-BBD5-1AD87150BA7F}.MacDebug|x86.ActiveCfg = MacDebug|Any CPU
		{76272AB0-DF7A-4AF8-BBD5-1AD87150BA7F}.MacDebug|x86.Build.0 = MacDebug|Any CPU
		{76272AB0-DF7A-4AF8-BBD5-1AD87150BA7F}.MacRelease|Any CPU.ActiveCfg = MacRelease|Any CPU
		{76272AB0-DF7A-4AF8-BBD5-1AD87150BA7F}.MacRelease|Any CPU.Build.0 = MacRelease|Any CPU
		{76272AB0-DF7A-4AF8-BBD5-1AD87150BA7F}.MacRelease|x86.ActiveCfg = MacRelease|Any CPU
		{76272AB0-DF7A-4AF8-BBD5-1AD87150BA7F}.MacRelease|x86.Build.0 = MacRelease|Any CPU
		{76272AB0-DF7A-4AF8-BBD5-1AD87150BA7F}.Release|Any CPU.ActiveCfg = Release|Any CPU
		{76272AB0-DF7A-4AF8-BBD5-1AD87150BA7F}.Release|Any CPU.Build.0 = Release|Any CPU
		{76272AB0-DF7A-4AF8-BBD5-1AD87150BA7F}.Release|x86.ActiveCfg = Release|Any CPU
		{76272AB0-DF7A-4AF8-BBD5-1AD87150BA7F}.Release|x86.Build.0 = Release|Any CPU
		{76272AB0-DF7A-4AF8-BBD5-1AD87150BA7F}.SignedRelease|Any CPU.ActiveCfg = SignedRelease|Any CPU
		{76272AB0-DF7A-4AF8-BBD5-1AD87150BA7F}.SignedRelease|Any CPU.Build.0 = SignedRelease|Any CPU
		{76272AB0-DF7A-4AF8-BBD5-1AD87150BA7F}.SignedRelease|x86.ActiveCfg = SignedRelease|Any CPU
		{76272AB0-DF7A-4AF8-BBD5-1AD87150BA7F}.SignedRelease|x86.Build.0 = SignedRelease|Any CPU
		{6B894823-4076-4D56-B12D-81517AF3223D}.Debug|Any CPU.ActiveCfg = Debug|Any CPU
		{6B894823-4076-4D56-B12D-81517AF3223D}.Debug|Any CPU.Build.0 = Debug|Any CPU
		{6B894823-4076-4D56-B12D-81517AF3223D}.Debug|x86.ActiveCfg = Debug|x86
		{6B894823-4076-4D56-B12D-81517AF3223D}.Debug|x86.Build.0 = Debug|x86
		{6B894823-4076-4D56-B12D-81517AF3223D}.MacDebug|Any CPU.ActiveCfg = MacDebug|Any CPU
		{6B894823-4076-4D56-B12D-81517AF3223D}.MacDebug|Any CPU.Build.0 = MacDebug|Any CPU
		{6B894823-4076-4D56-B12D-81517AF3223D}.MacDebug|x86.ActiveCfg = MacDebug|x86
		{6B894823-4076-4D56-B12D-81517AF3223D}.MacDebug|x86.Build.0 = MacDebug|x86
		{6B894823-4076-4D56-B12D-81517AF3223D}.MacRelease|Any CPU.ActiveCfg = MacRelease|Any CPU
		{6B894823-4076-4D56-B12D-81517AF3223D}.MacRelease|Any CPU.Build.0 = MacRelease|Any CPU
		{6B894823-4076-4D56-B12D-81517AF3223D}.MacRelease|x86.ActiveCfg = MacRelease|x86
		{6B894823-4076-4D56-B12D-81517AF3223D}.MacRelease|x86.Build.0 = MacRelease|x86
		{6B894823-4076-4D56-B12D-81517AF3223D}.Release|Any CPU.ActiveCfg = Release|Any CPU
		{6B894823-4076-4D56-B12D-81517AF3223D}.Release|Any CPU.Build.0 = Release|Any CPU
		{6B894823-4076-4D56-B12D-81517AF3223D}.Release|x86.ActiveCfg = Release|x86
		{6B894823-4076-4D56-B12D-81517AF3223D}.Release|x86.Build.0 = Release|x86
		{6B894823-4076-4D56-B12D-81517AF3223D}.SignedRelease|Any CPU.ActiveCfg = SignedRelease|Any CPU
		{6B894823-4076-4D56-B12D-81517AF3223D}.SignedRelease|Any CPU.Build.0 = SignedRelease|Any CPU
		{6B894823-4076-4D56-B12D-81517AF3223D}.SignedRelease|x86.ActiveCfg = SignedRelease|x86
		{6B894823-4076-4D56-B12D-81517AF3223D}.SignedRelease|x86.Build.0 = SignedRelease|x86
		{A49B162F-B08B-4753-99EA-9A8E07270F5E}.Debug|Any CPU.ActiveCfg = Debug|Any CPU
		{A49B162F-B08B-4753-99EA-9A8E07270F5E}.Debug|Any CPU.Build.0 = Debug|Any CPU
		{A49B162F-B08B-4753-99EA-9A8E07270F5E}.Debug|x86.ActiveCfg = Debug|Any CPU
		{A49B162F-B08B-4753-99EA-9A8E07270F5E}.Debug|x86.Build.0 = Debug|Any CPU
		{A49B162F-B08B-4753-99EA-9A8E07270F5E}.MacDebug|Any CPU.ActiveCfg = Debug|Any CPU
		{A49B162F-B08B-4753-99EA-9A8E07270F5E}.MacDebug|Any CPU.Build.0 = Debug|Any CPU
		{A49B162F-B08B-4753-99EA-9A8E07270F5E}.MacDebug|x86.ActiveCfg = Debug|Any CPU
		{A49B162F-B08B-4753-99EA-9A8E07270F5E}.MacDebug|x86.Build.0 = Debug|Any CPU
		{A49B162F-B08B-4753-99EA-9A8E07270F5E}.MacRelease|Any CPU.ActiveCfg = Release|Any CPU
		{A49B162F-B08B-4753-99EA-9A8E07270F5E}.MacRelease|Any CPU.Build.0 = Release|Any CPU
		{A49B162F-B08B-4753-99EA-9A8E07270F5E}.MacRelease|x86.ActiveCfg = Release|Any CPU
		{A49B162F-B08B-4753-99EA-9A8E07270F5E}.MacRelease|x86.Build.0 = Release|Any CPU
		{A49B162F-B08B-4753-99EA-9A8E07270F5E}.Release|Any CPU.ActiveCfg = Release|Any CPU
		{A49B162F-B08B-4753-99EA-9A8E07270F5E}.Release|Any CPU.Build.0 = Release|Any CPU
		{A49B162F-B08B-4753-99EA-9A8E07270F5E}.Release|x86.ActiveCfg = Release|Any CPU
		{A49B162F-B08B-4753-99EA-9A8E07270F5E}.Release|x86.Build.0 = Release|Any CPU
		{A49B162F-B08B-4753-99EA-9A8E07270F5E}.SignedRelease|Any CPU.ActiveCfg = Release|Any CPU
		{A49B162F-B08B-4753-99EA-9A8E07270F5E}.SignedRelease|Any CPU.Build.0 = Release|Any CPU
		{A49B162F-B08B-4753-99EA-9A8E07270F5E}.SignedRelease|x86.ActiveCfg = Release|Any CPU
		{A49B162F-B08B-4753-99EA-9A8E07270F5E}.SignedRelease|x86.Build.0 = Release|Any CPU
		{3A45F695-47A2-464C-ACE6-BDABBFA39FBC}.Debug|Any CPU.ActiveCfg = Debug|Any CPU
		{3A45F695-47A2-464C-ACE6-BDABBFA39FBC}.Debug|Any CPU.Build.0 = Debug|Any CPU
		{3A45F695-47A2-464C-ACE6-BDABBFA39FBC}.Debug|x86.ActiveCfg = Debug|Any CPU
		{3A45F695-47A2-464C-ACE6-BDABBFA39FBC}.Debug|x86.Build.0 = Debug|Any CPU
		{3A45F695-47A2-464C-ACE6-BDABBFA39FBC}.MacDebug|Any CPU.ActiveCfg = Debug|Any CPU
		{3A45F695-47A2-464C-ACE6-BDABBFA39FBC}.MacDebug|Any CPU.Build.0 = Debug|Any CPU
		{3A45F695-47A2-464C-ACE6-BDABBFA39FBC}.MacDebug|x86.ActiveCfg = Debug|Any CPU
		{3A45F695-47A2-464C-ACE6-BDABBFA39FBC}.MacDebug|x86.Build.0 = Debug|Any CPU
		{3A45F695-47A2-464C-ACE6-BDABBFA39FBC}.MacRelease|Any CPU.ActiveCfg = Release|Any CPU
		{3A45F695-47A2-464C-ACE6-BDABBFA39FBC}.MacRelease|Any CPU.Build.0 = Release|Any CPU
		{3A45F695-47A2-464C-ACE6-BDABBFA39FBC}.MacRelease|x86.ActiveCfg = Release|Any CPU
		{3A45F695-47A2-464C-ACE6-BDABBFA39FBC}.MacRelease|x86.Build.0 = Release|Any CPU
		{3A45F695-47A2-464C-ACE6-BDABBFA39FBC}.Release|Any CPU.ActiveCfg = Release|Any CPU
		{3A45F695-47A2-464C-ACE6-BDABBFA39FBC}.Release|Any CPU.Build.0 = Release|Any CPU
		{3A45F695-47A2-464C-ACE6-BDABBFA39FBC}.Release|x86.ActiveCfg = Release|Any CPU
		{3A45F695-47A2-464C-ACE6-BDABBFA39FBC}.Release|x86.Build.0 = Release|Any CPU
		{3A45F695-47A2-464C-ACE6-BDABBFA39FBC}.SignedRelease|Any CPU.ActiveCfg = Release|Any CPU
		{3A45F695-47A2-464C-ACE6-BDABBFA39FBC}.SignedRelease|Any CPU.Build.0 = Release|Any CPU
		{3A45F695-47A2-464C-ACE6-BDABBFA39FBC}.SignedRelease|x86.ActiveCfg = Release|Any CPU
		{3A45F695-47A2-464C-ACE6-BDABBFA39FBC}.SignedRelease|x86.Build.0 = Release|Any CPU
		{39E61451-F4FE-493D-B754-5F06EB284AAC}.Debug|Any CPU.ActiveCfg = Debug|Any CPU
		{39E61451-F4FE-493D-B754-5F06EB284AAC}.Debug|Any CPU.Build.0 = Debug|Any CPU
		{39E61451-F4FE-493D-B754-5F06EB284AAC}.Debug|x86.ActiveCfg = Debug|Any CPU
		{39E61451-F4FE-493D-B754-5F06EB284AAC}.Debug|x86.Build.0 = Debug|Any CPU
		{39E61451-F4FE-493D-B754-5F06EB284AAC}.MacDebug|Any CPU.ActiveCfg = Debug|Any CPU
		{39E61451-F4FE-493D-B754-5F06EB284AAC}.MacDebug|Any CPU.Build.0 = Debug|Any CPU
		{39E61451-F4FE-493D-B754-5F06EB284AAC}.MacDebug|x86.ActiveCfg = Debug|Any CPU
		{39E61451-F4FE-493D-B754-5F06EB284AAC}.MacDebug|x86.Build.0 = Debug|Any CPU
		{39E61451-F4FE-493D-B754-5F06EB284AAC}.MacRelease|Any CPU.ActiveCfg = Release|Any CPU
		{39E61451-F4FE-493D-B754-5F06EB284AAC}.MacRelease|Any CPU.Build.0 = Release|Any CPU
		{39E61451-F4FE-493D-B754-5F06EB284AAC}.MacRelease|x86.ActiveCfg = Release|Any CPU
		{39E61451-F4FE-493D-B754-5F06EB284AAC}.MacRelease|x86.Build.0 = Release|Any CPU
		{39E61451-F4FE-493D-B754-5F06EB284AAC}.Release|Any CPU.ActiveCfg = Release|Any CPU
		{39E61451-F4FE-493D-B754-5F06EB284AAC}.Release|Any CPU.Build.0 = Release|Any CPU
		{39E61451-F4FE-493D-B754-5F06EB284AAC}.Release|x86.ActiveCfg = Release|Any CPU
		{39E61451-F4FE-493D-B754-5F06EB284AAC}.Release|x86.Build.0 = Release|Any CPU
		{39E61451-F4FE-493D-B754-5F06EB284AAC}.SignedRelease|Any CPU.ActiveCfg = Release|Any CPU
		{39E61451-F4FE-493D-B754-5F06EB284AAC}.SignedRelease|Any CPU.Build.0 = Release|Any CPU
		{39E61451-F4FE-493D-B754-5F06EB284AAC}.SignedRelease|x86.ActiveCfg = Release|Any CPU
		{39E61451-F4FE-493D-B754-5F06EB284AAC}.SignedRelease|x86.Build.0 = Release|Any CPU
		{3BFD6EE6-0267-4D82-BE7D-9B48B2F6F3D4}.Debug|Any CPU.ActiveCfg = Debug|Any CPU
		{3BFD6EE6-0267-4D82-BE7D-9B48B2F6F3D4}.Debug|Any CPU.Build.0 = Debug|Any CPU
		{3BFD6EE6-0267-4D82-BE7D-9B48B2F6F3D4}.Debug|x86.ActiveCfg = Debug|Any CPU
		{3BFD6EE6-0267-4D82-BE7D-9B48B2F6F3D4}.Debug|x86.Build.0 = Debug|Any CPU
		{3BFD6EE6-0267-4D82-BE7D-9B48B2F6F3D4}.MacDebug|Any CPU.ActiveCfg = Debug|Any CPU
		{3BFD6EE6-0267-4D82-BE7D-9B48B2F6F3D4}.MacDebug|Any CPU.Build.0 = Debug|Any CPU
		{3BFD6EE6-0267-4D82-BE7D-9B48B2F6F3D4}.MacDebug|x86.ActiveCfg = Debug|Any CPU
		{3BFD6EE6-0267-4D82-BE7D-9B48B2F6F3D4}.MacDebug|x86.Build.0 = Debug|Any CPU
		{3BFD6EE6-0267-4D82-BE7D-9B48B2F6F3D4}.MacRelease|Any CPU.ActiveCfg = Release|Any CPU
		{3BFD6EE6-0267-4D82-BE7D-9B48B2F6F3D4}.MacRelease|Any CPU.Build.0 = Release|Any CPU
		{3BFD6EE6-0267-4D82-BE7D-9B48B2F6F3D4}.MacRelease|x86.ActiveCfg = Release|Any CPU
		{3BFD6EE6-0267-4D82-BE7D-9B48B2F6F3D4}.MacRelease|x86.Build.0 = Release|Any CPU
		{3BFD6EE6-0267-4D82-BE7D-9B48B2F6F3D4}.Release|Any CPU.ActiveCfg = Release|Any CPU
		{3BFD6EE6-0267-4D82-BE7D-9B48B2F6F3D4}.Release|Any CPU.Build.0 = Release|Any CPU
		{3BFD6EE6-0267-4D82-BE7D-9B48B2F6F3D4}.Release|x86.ActiveCfg = Release|Any CPU
		{3BFD6EE6-0267-4D82-BE7D-9B48B2F6F3D4}.Release|x86.Build.0 = Release|Any CPU
		{3BFD6EE6-0267-4D82-BE7D-9B48B2F6F3D4}.SignedRelease|Any CPU.ActiveCfg = Release|Any CPU
		{3BFD6EE6-0267-4D82-BE7D-9B48B2F6F3D4}.SignedRelease|Any CPU.Build.0 = Release|Any CPU
		{3BFD6EE6-0267-4D82-BE7D-9B48B2F6F3D4}.SignedRelease|x86.ActiveCfg = Release|Any CPU
		{3BFD6EE6-0267-4D82-BE7D-9B48B2F6F3D4}.SignedRelease|x86.Build.0 = Release|Any CPU
		{554DF209-7744-433F-993A-783E2A2803EF}.Debug|Any CPU.ActiveCfg = Debug|Any CPU
		{554DF209-7744-433F-993A-783E2A2803EF}.Debug|Any CPU.Build.0 = Debug|Any CPU
		{554DF209-7744-433F-993A-783E2A2803EF}.Debug|x86.ActiveCfg = Debug|Any CPU
		{554DF209-7744-433F-993A-783E2A2803EF}.Debug|x86.Build.0 = Debug|Any CPU
		{554DF209-7744-433F-993A-783E2A2803EF}.MacDebug|Any CPU.ActiveCfg = Debug|Any CPU
		{554DF209-7744-433F-993A-783E2A2803EF}.MacDebug|Any CPU.Build.0 = Debug|Any CPU
		{554DF209-7744-433F-993A-783E2A2803EF}.MacDebug|x86.ActiveCfg = Debug|Any CPU
		{554DF209-7744-433F-993A-783E2A2803EF}.MacDebug|x86.Build.0 = Debug|Any CPU
		{554DF209-7744-433F-993A-783E2A2803EF}.MacRelease|Any CPU.ActiveCfg = Release|Any CPU
		{554DF209-7744-433F-993A-783E2A2803EF}.MacRelease|Any CPU.Build.0 = Release|Any CPU
		{554DF209-7744-433F-993A-783E2A2803EF}.MacRelease|x86.ActiveCfg = Release|Any CPU
		{554DF209-7744-433F-993A-783E2A2803EF}.MacRelease|x86.Build.0 = Release|Any CPU
		{554DF209-7744-433F-993A-783E2A2803EF}.Release|Any CPU.ActiveCfg = Release|Any CPU
		{554DF209-7744-433F-993A-783E2A2803EF}.Release|Any CPU.Build.0 = Release|Any CPU
		{554DF209-7744-433F-993A-783E2A2803EF}.Release|x86.ActiveCfg = Release|Any CPU
		{554DF209-7744-433F-993A-783E2A2803EF}.Release|x86.Build.0 = Release|Any CPU
		{554DF209-7744-433F-993A-783E2A2803EF}.SignedRelease|Any CPU.ActiveCfg = Release|Any CPU
		{554DF209-7744-433F-993A-783E2A2803EF}.SignedRelease|Any CPU.Build.0 = Release|Any CPU
		{554DF209-7744-433F-993A-783E2A2803EF}.SignedRelease|x86.ActiveCfg = Release|Any CPU
		{554DF209-7744-433F-993A-783E2A2803EF}.SignedRelease|x86.Build.0 = Release|Any CPU
		{406D064D-78B4-467F-86C6-B3E2F12C0A65}.Debug|Any CPU.ActiveCfg = Debug|Any CPU
		{406D064D-78B4-467F-86C6-B3E2F12C0A65}.Debug|Any CPU.Build.0 = Debug|Any CPU
		{406D064D-78B4-467F-86C6-B3E2F12C0A65}.Debug|x86.ActiveCfg = Debug|Any CPU
		{406D064D-78B4-467F-86C6-B3E2F12C0A65}.Debug|x86.Build.0 = Debug|Any CPU
		{406D064D-78B4-467F-86C6-B3E2F12C0A65}.MacDebug|Any CPU.ActiveCfg = Debug|Any CPU
		{406D064D-78B4-467F-86C6-B3E2F12C0A65}.MacDebug|Any CPU.Build.0 = Debug|Any CPU
		{406D064D-78B4-467F-86C6-B3E2F12C0A65}.MacDebug|x86.ActiveCfg = Debug|Any CPU
		{406D064D-78B4-467F-86C6-B3E2F12C0A65}.MacDebug|x86.Build.0 = Debug|Any CPU
		{406D064D-78B4-467F-86C6-B3E2F12C0A65}.MacRelease|Any CPU.ActiveCfg = Release|Any CPU
		{406D064D-78B4-467F-86C6-B3E2F12C0A65}.MacRelease|Any CPU.Build.0 = Release|Any CPU
		{406D064D-78B4-467F-86C6-B3E2F12C0A65}.MacRelease|x86.ActiveCfg = Release|Any CPU
		{406D064D-78B4-467F-86C6-B3E2F12C0A65}.MacRelease|x86.Build.0 = Release|Any CPU
		{406D064D-78B4-467F-86C6-B3E2F12C0A65}.Release|Any CPU.ActiveCfg = Release|Any CPU
		{406D064D-78B4-467F-86C6-B3E2F12C0A65}.Release|Any CPU.Build.0 = Release|Any CPU
		{406D064D-78B4-467F-86C6-B3E2F12C0A65}.Release|x86.ActiveCfg = Release|Any CPU
		{406D064D-78B4-467F-86C6-B3E2F12C0A65}.Release|x86.Build.0 = Release|Any CPU
		{406D064D-78B4-467F-86C6-B3E2F12C0A65}.SignedRelease|Any CPU.ActiveCfg = Release|Any CPU
		{406D064D-78B4-467F-86C6-B3E2F12C0A65}.SignedRelease|Any CPU.Build.0 = Release|Any CPU
		{406D064D-78B4-467F-86C6-B3E2F12C0A65}.SignedRelease|x86.ActiveCfg = Release|Any CPU
		{406D064D-78B4-467F-86C6-B3E2F12C0A65}.SignedRelease|x86.Build.0 = Release|Any CPU
		{4A16BBDF-64EB-4CDE-97AA-B18C9A44CBB6}.Debug|Any CPU.ActiveCfg = Debug|Any CPU
		{4A16BBDF-64EB-4CDE-97AA-B18C9A44CBB6}.Debug|Any CPU.Build.0 = Debug|Any CPU
		{4A16BBDF-64EB-4CDE-97AA-B18C9A44CBB6}.Debug|x86.ActiveCfg = Debug|Any CPU
		{4A16BBDF-64EB-4CDE-97AA-B18C9A44CBB6}.Debug|x86.Build.0 = Debug|Any CPU
		{4A16BBDF-64EB-4CDE-97AA-B18C9A44CBB6}.MacDebug|Any CPU.ActiveCfg = Debug|Any CPU
		{4A16BBDF-64EB-4CDE-97AA-B18C9A44CBB6}.MacDebug|Any CPU.Build.0 = Debug|Any CPU
		{4A16BBDF-64EB-4CDE-97AA-B18C9A44CBB6}.MacDebug|x86.ActiveCfg = Debug|Any CPU
		{4A16BBDF-64EB-4CDE-97AA-B18C9A44CBB6}.MacDebug|x86.Build.0 = Debug|Any CPU
		{4A16BBDF-64EB-4CDE-97AA-B18C9A44CBB6}.MacRelease|Any CPU.ActiveCfg = Release|Any CPU
		{4A16BBDF-64EB-4CDE-97AA-B18C9A44CBB6}.MacRelease|Any CPU.Build.0 = Release|Any CPU
		{4A16BBDF-64EB-4CDE-97AA-B18C9A44CBB6}.MacRelease|x86.ActiveCfg = Release|Any CPU
		{4A16BBDF-64EB-4CDE-97AA-B18C9A44CBB6}.MacRelease|x86.Build.0 = Release|Any CPU
		{4A16BBDF-64EB-4CDE-97AA-B18C9A44CBB6}.Release|Any CPU.ActiveCfg = Release|Any CPU
		{4A16BBDF-64EB-4CDE-97AA-B18C9A44CBB6}.Release|Any CPU.Build.0 = Release|Any CPU
		{4A16BBDF-64EB-4CDE-97AA-B18C9A44CBB6}.Release|x86.ActiveCfg = Release|Any CPU
		{4A16BBDF-64EB-4CDE-97AA-B18C9A44CBB6}.Release|x86.Build.0 = Release|Any CPU
		{4A16BBDF-64EB-4CDE-97AA-B18C9A44CBB6}.SignedRelease|Any CPU.ActiveCfg = Release|Any CPU
		{4A16BBDF-64EB-4CDE-97AA-B18C9A44CBB6}.SignedRelease|Any CPU.Build.0 = Release|Any CPU
		{4A16BBDF-64EB-4CDE-97AA-B18C9A44CBB6}.SignedRelease|x86.ActiveCfg = Release|Any CPU
		{4A16BBDF-64EB-4CDE-97AA-B18C9A44CBB6}.SignedRelease|x86.Build.0 = Release|Any CPU
		{5315173F-51E5-4600-B31D-66CFE3B94205}.Debug|Any CPU.ActiveCfg = Debug|Any CPU
		{5315173F-51E5-4600-B31D-66CFE3B94205}.Debug|Any CPU.Build.0 = Debug|Any CPU
		{5315173F-51E5-4600-B31D-66CFE3B94205}.Debug|x86.ActiveCfg = Debug|Any CPU
		{5315173F-51E5-4600-B31D-66CFE3B94205}.Debug|x86.Build.0 = Debug|Any CPU
		{5315173F-51E5-4600-B31D-66CFE3B94205}.MacDebug|Any CPU.ActiveCfg = Debug|Any CPU
		{5315173F-51E5-4600-B31D-66CFE3B94205}.MacDebug|Any CPU.Build.0 = Debug|Any CPU
		{5315173F-51E5-4600-B31D-66CFE3B94205}.MacDebug|x86.ActiveCfg = Debug|Any CPU
		{5315173F-51E5-4600-B31D-66CFE3B94205}.MacDebug|x86.Build.0 = Debug|Any CPU
		{5315173F-51E5-4600-B31D-66CFE3B94205}.MacRelease|Any CPU.ActiveCfg = Release|Any CPU
		{5315173F-51E5-4600-B31D-66CFE3B94205}.MacRelease|Any CPU.Build.0 = Release|Any CPU
		{5315173F-51E5-4600-B31D-66CFE3B94205}.MacRelease|x86.ActiveCfg = Release|Any CPU
		{5315173F-51E5-4600-B31D-66CFE3B94205}.MacRelease|x86.Build.0 = Release|Any CPU
		{5315173F-51E5-4600-B31D-66CFE3B94205}.Release|Any CPU.ActiveCfg = Release|Any CPU
		{5315173F-51E5-4600-B31D-66CFE3B94205}.Release|Any CPU.Build.0 = Release|Any CPU
		{5315173F-51E5-4600-B31D-66CFE3B94205}.Release|x86.ActiveCfg = Release|Any CPU
		{5315173F-51E5-4600-B31D-66CFE3B94205}.Release|x86.Build.0 = Release|Any CPU
		{5315173F-51E5-4600-B31D-66CFE3B94205}.SignedRelease|Any CPU.ActiveCfg = Release|Any CPU
		{5315173F-51E5-4600-B31D-66CFE3B94205}.SignedRelease|Any CPU.Build.0 = Release|Any CPU
		{5315173F-51E5-4600-B31D-66CFE3B94205}.SignedRelease|x86.ActiveCfg = Release|Any CPU
		{5315173F-51E5-4600-B31D-66CFE3B94205}.SignedRelease|x86.Build.0 = Release|Any CPU
		{CAD6BCB7-758B-4AA4-A5FE-A9FAB8A4CF2F}.Debug|Any CPU.ActiveCfg = Debug|Any CPU
		{CAD6BCB7-758B-4AA4-A5FE-A9FAB8A4CF2F}.Debug|Any CPU.Build.0 = Debug|Any CPU
		{CAD6BCB7-758B-4AA4-A5FE-A9FAB8A4CF2F}.Debug|x86.ActiveCfg = Debug|Any CPU
		{CAD6BCB7-758B-4AA4-A5FE-A9FAB8A4CF2F}.Debug|x86.Build.0 = Debug|Any CPU
		{CAD6BCB7-758B-4AA4-A5FE-A9FAB8A4CF2F}.MacDebug|Any CPU.ActiveCfg = Debug|Any CPU
		{CAD6BCB7-758B-4AA4-A5FE-A9FAB8A4CF2F}.MacDebug|Any CPU.Build.0 = Debug|Any CPU
		{CAD6BCB7-758B-4AA4-A5FE-A9FAB8A4CF2F}.MacDebug|x86.ActiveCfg = Debug|Any CPU
		{CAD6BCB7-758B-4AA4-A5FE-A9FAB8A4CF2F}.MacDebug|x86.Build.0 = Debug|Any CPU
		{CAD6BCB7-758B-4AA4-A5FE-A9FAB8A4CF2F}.MacRelease|Any CPU.ActiveCfg = Release|Any CPU
		{CAD6BCB7-758B-4AA4-A5FE-A9FAB8A4CF2F}.MacRelease|Any CPU.Build.0 = Release|Any CPU
		{CAD6BCB7-758B-4AA4-A5FE-A9FAB8A4CF2F}.MacRelease|x86.ActiveCfg = Release|Any CPU
		{CAD6BCB7-758B-4AA4-A5FE-A9FAB8A4CF2F}.MacRelease|x86.Build.0 = Release|Any CPU
		{CAD6BCB7-758B-4AA4-A5FE-A9FAB8A4CF2F}.Release|Any CPU.ActiveCfg = Release|Any CPU
		{CAD6BCB7-758B-4AA4-A5FE-A9FAB8A4CF2F}.Release|Any CPU.Build.0 = Release|Any CPU
		{CAD6BCB7-758B-4AA4-A5FE-A9FAB8A4CF2F}.Release|x86.ActiveCfg = Release|Any CPU
		{CAD6BCB7-758B-4AA4-A5FE-A9FAB8A4CF2F}.Release|x86.Build.0 = Release|Any CPU
		{CAD6BCB7-758B-4AA4-A5FE-A9FAB8A4CF2F}.SignedRelease|Any CPU.ActiveCfg = Release|Any CPU
		{CAD6BCB7-758B-4AA4-A5FE-A9FAB8A4CF2F}.SignedRelease|Any CPU.Build.0 = Release|Any CPU
		{CAD6BCB7-758B-4AA4-A5FE-A9FAB8A4CF2F}.SignedRelease|x86.ActiveCfg = Release|Any CPU
		{CAD6BCB7-758B-4AA4-A5FE-A9FAB8A4CF2F}.SignedRelease|x86.Build.0 = Release|Any CPU
		{F1A82A4F-4A57-47D7-AE76-444C8A4FF54A}.Debug|Any CPU.ActiveCfg = Debug|Any CPU
		{F1A82A4F-4A57-47D7-AE76-444C8A4FF54A}.Debug|Any CPU.Build.0 = Debug|Any CPU
		{F1A82A4F-4A57-47D7-AE76-444C8A4FF54A}.Debug|x86.ActiveCfg = Debug|Any CPU
		{F1A82A4F-4A57-47D7-AE76-444C8A4FF54A}.Debug|x86.Build.0 = Debug|Any CPU
		{F1A82A4F-4A57-47D7-AE76-444C8A4FF54A}.MacDebug|Any CPU.ActiveCfg = Debug|Any CPU
		{F1A82A4F-4A57-47D7-AE76-444C8A4FF54A}.MacDebug|Any CPU.Build.0 = Debug|Any CPU
		{F1A82A4F-4A57-47D7-AE76-444C8A4FF54A}.MacDebug|x86.ActiveCfg = Debug|Any CPU
		{F1A82A4F-4A57-47D7-AE76-444C8A4FF54A}.MacDebug|x86.Build.0 = Debug|Any CPU
		{F1A82A4F-4A57-47D7-AE76-444C8A4FF54A}.MacRelease|Any CPU.ActiveCfg = Release|Any CPU
		{F1A82A4F-4A57-47D7-AE76-444C8A4FF54A}.MacRelease|Any CPU.Build.0 = Release|Any CPU
		{F1A82A4F-4A57-47D7-AE76-444C8A4FF54A}.MacRelease|x86.ActiveCfg = Release|Any CPU
		{F1A82A4F-4A57-47D7-AE76-444C8A4FF54A}.MacRelease|x86.Build.0 = Release|Any CPU
		{F1A82A4F-4A57-47D7-AE76-444C8A4FF54A}.Release|Any CPU.ActiveCfg = Release|Any CPU
		{F1A82A4F-4A57-47D7-AE76-444C8A4FF54A}.Release|Any CPU.Build.0 = Release|Any CPU
		{F1A82A4F-4A57-47D7-AE76-444C8A4FF54A}.Release|x86.ActiveCfg = Release|Any CPU
		{F1A82A4F-4A57-47D7-AE76-444C8A4FF54A}.Release|x86.Build.0 = Release|Any CPU
		{F1A82A4F-4A57-47D7-AE76-444C8A4FF54A}.SignedRelease|Any CPU.ActiveCfg = Release|Any CPU
		{F1A82A4F-4A57-47D7-AE76-444C8A4FF54A}.SignedRelease|Any CPU.Build.0 = Release|Any CPU
		{F1A82A4F-4A57-47D7-AE76-444C8A4FF54A}.SignedRelease|x86.ActiveCfg = Release|Any CPU
		{F1A82A4F-4A57-47D7-AE76-444C8A4FF54A}.SignedRelease|x86.Build.0 = Release|Any CPU
		{16EF1840-0361-439D-806C-92D0411122EB}.Debug|Any CPU.ActiveCfg = Debug|Any CPU
		{16EF1840-0361-439D-806C-92D0411122EB}.Debug|Any CPU.Build.0 = Debug|Any CPU
		{16EF1840-0361-439D-806C-92D0411122EB}.Debug|x86.ActiveCfg = Debug|Any CPU
		{16EF1840-0361-439D-806C-92D0411122EB}.Debug|x86.Build.0 = Debug|Any CPU
		{16EF1840-0361-439D-806C-92D0411122EB}.MacDebug|Any CPU.ActiveCfg = Debug|Any CPU
		{16EF1840-0361-439D-806C-92D0411122EB}.MacDebug|Any CPU.Build.0 = Debug|Any CPU
		{16EF1840-0361-439D-806C-92D0411122EB}.MacDebug|x86.ActiveCfg = Debug|Any CPU
		{16EF1840-0361-439D-806C-92D0411122EB}.MacDebug|x86.Build.0 = Debug|Any CPU
		{16EF1840-0361-439D-806C-92D0411122EB}.MacRelease|Any CPU.ActiveCfg = Release|Any CPU
		{16EF1840-0361-439D-806C-92D0411122EB}.MacRelease|Any CPU.Build.0 = Release|Any CPU
		{16EF1840-0361-439D-806C-92D0411122EB}.MacRelease|x86.ActiveCfg = Release|Any CPU
		{16EF1840-0361-439D-806C-92D0411122EB}.MacRelease|x86.Build.0 = Release|Any CPU
		{16EF1840-0361-439D-806C-92D0411122EB}.Release|Any CPU.ActiveCfg = Release|Any CPU
		{16EF1840-0361-439D-806C-92D0411122EB}.Release|Any CPU.Build.0 = Release|Any CPU
		{16EF1840-0361-439D-806C-92D0411122EB}.Release|x86.ActiveCfg = Release|Any CPU
		{16EF1840-0361-439D-806C-92D0411122EB}.Release|x86.Build.0 = Release|Any CPU
		{16EF1840-0361-439D-806C-92D0411122EB}.SignedRelease|Any CPU.ActiveCfg = Release|Any CPU
		{16EF1840-0361-439D-806C-92D0411122EB}.SignedRelease|Any CPU.Build.0 = Release|Any CPU
		{16EF1840-0361-439D-806C-92D0411122EB}.SignedRelease|x86.ActiveCfg = Release|Any CPU
		{16EF1840-0361-439D-806C-92D0411122EB}.SignedRelease|x86.Build.0 = Release|Any CPU
		{EDCD4511-B016-48EE-BD73-491A6B6687E6}.Debug|Any CPU.ActiveCfg = Debug|Any CPU
		{EDCD4511-B016-48EE-BD73-491A6B6687E6}.Debug|Any CPU.Build.0 = Debug|Any CPU
		{EDCD4511-B016-48EE-BD73-491A6B6687E6}.Debug|x86.ActiveCfg = Debug|Any CPU
		{EDCD4511-B016-48EE-BD73-491A6B6687E6}.Debug|x86.Build.0 = Debug|Any CPU
		{EDCD4511-B016-48EE-BD73-491A6B6687E6}.MacDebug|Any CPU.ActiveCfg = Debug|Any CPU
		{EDCD4511-B016-48EE-BD73-491A6B6687E6}.MacDebug|Any CPU.Build.0 = Debug|Any CPU
		{EDCD4511-B016-48EE-BD73-491A6B6687E6}.MacDebug|x86.ActiveCfg = Debug|Any CPU
		{EDCD4511-B016-48EE-BD73-491A6B6687E6}.MacDebug|x86.Build.0 = Debug|Any CPU
		{EDCD4511-B016-48EE-BD73-491A6B6687E6}.MacRelease|Any CPU.ActiveCfg = Release|Any CPU
		{EDCD4511-B016-48EE-BD73-491A6B6687E6}.MacRelease|Any CPU.Build.0 = Release|Any CPU
		{EDCD4511-B016-48EE-BD73-491A6B6687E6}.MacRelease|x86.ActiveCfg = Release|Any CPU
		{EDCD4511-B016-48EE-BD73-491A6B6687E6}.MacRelease|x86.Build.0 = Release|Any CPU
		{EDCD4511-B016-48EE-BD73-491A6B6687E6}.Release|Any CPU.ActiveCfg = Release|Any CPU
		{EDCD4511-B016-48EE-BD73-491A6B6687E6}.Release|Any CPU.Build.0 = Release|Any CPU
		{EDCD4511-B016-48EE-BD73-491A6B6687E6}.Release|x86.ActiveCfg = Release|Any CPU
		{EDCD4511-B016-48EE-BD73-491A6B6687E6}.Release|x86.Build.0 = Release|Any CPU
		{EDCD4511-B016-48EE-BD73-491A6B6687E6}.SignedRelease|Any CPU.ActiveCfg = Release|Any CPU
		{EDCD4511-B016-48EE-BD73-491A6B6687E6}.SignedRelease|Any CPU.Build.0 = Release|Any CPU
		{EDCD4511-B016-48EE-BD73-491A6B6687E6}.SignedRelease|x86.ActiveCfg = Release|Any CPU
		{EDCD4511-B016-48EE-BD73-491A6B6687E6}.SignedRelease|x86.Build.0 = Release|Any CPU
		{65EF51C6-5CB8-43B8-AE65-4A68F0B44AD2}.Debug|Any CPU.ActiveCfg = Debug|Any CPU
		{65EF51C6-5CB8-43B8-AE65-4A68F0B44AD2}.Debug|Any CPU.Build.0 = Debug|Any CPU
		{65EF51C6-5CB8-43B8-AE65-4A68F0B44AD2}.Debug|x86.ActiveCfg = Debug|Any CPU
		{65EF51C6-5CB8-43B8-AE65-4A68F0B44AD2}.Debug|x86.Build.0 = Debug|Any CPU
		{65EF51C6-5CB8-43B8-AE65-4A68F0B44AD2}.MacDebug|Any CPU.ActiveCfg = Debug|Any CPU
		{65EF51C6-5CB8-43B8-AE65-4A68F0B44AD2}.MacDebug|Any CPU.Build.0 = Debug|Any CPU
		{65EF51C6-5CB8-43B8-AE65-4A68F0B44AD2}.MacDebug|x86.ActiveCfg = Debug|Any CPU
		{65EF51C6-5CB8-43B8-AE65-4A68F0B44AD2}.MacDebug|x86.Build.0 = Debug|Any CPU
		{65EF51C6-5CB8-43B8-AE65-4A68F0B44AD2}.MacRelease|Any CPU.ActiveCfg = Release|Any CPU
		{65EF51C6-5CB8-43B8-AE65-4A68F0B44AD2}.MacRelease|Any CPU.Build.0 = Release|Any CPU
		{65EF51C6-5CB8-43B8-AE65-4A68F0B44AD2}.MacRelease|x86.ActiveCfg = Release|Any CPU
		{65EF51C6-5CB8-43B8-AE65-4A68F0B44AD2}.MacRelease|x86.Build.0 = Release|Any CPU
		{65EF51C6-5CB8-43B8-AE65-4A68F0B44AD2}.Release|Any CPU.ActiveCfg = Release|Any CPU
		{65EF51C6-5CB8-43B8-AE65-4A68F0B44AD2}.Release|Any CPU.Build.0 = Release|Any CPU
		{65EF51C6-5CB8-43B8-AE65-4A68F0B44AD2}.Release|x86.ActiveCfg = Release|Any CPU
		{65EF51C6-5CB8-43B8-AE65-4A68F0B44AD2}.Release|x86.Build.0 = Release|Any CPU
		{65EF51C6-5CB8-43B8-AE65-4A68F0B44AD2}.SignedRelease|Any CPU.ActiveCfg = Release|Any CPU
		{65EF51C6-5CB8-43B8-AE65-4A68F0B44AD2}.SignedRelease|Any CPU.Build.0 = Release|Any CPU
		{65EF51C6-5CB8-43B8-AE65-4A68F0B44AD2}.SignedRelease|x86.ActiveCfg = Release|Any CPU
		{65EF51C6-5CB8-43B8-AE65-4A68F0B44AD2}.SignedRelease|x86.Build.0 = Release|Any CPU
		{F3D2FA84-C398-4390-9834-1272CC2D6F89}.Debug|Any CPU.ActiveCfg = Debug|Any CPU
		{F3D2FA84-C398-4390-9834-1272CC2D6F89}.Debug|Any CPU.Build.0 = Debug|Any CPU
		{F3D2FA84-C398-4390-9834-1272CC2D6F89}.Debug|x86.ActiveCfg = Debug|Any CPU
		{F3D2FA84-C398-4390-9834-1272CC2D6F89}.Debug|x86.Build.0 = Debug|Any CPU
		{F3D2FA84-C398-4390-9834-1272CC2D6F89}.MacDebug|Any CPU.ActiveCfg = Debug|Any CPU
		{F3D2FA84-C398-4390-9834-1272CC2D6F89}.MacDebug|Any CPU.Build.0 = Debug|Any CPU
		{F3D2FA84-C398-4390-9834-1272CC2D6F89}.MacDebug|x86.ActiveCfg = Debug|Any CPU
		{F3D2FA84-C398-4390-9834-1272CC2D6F89}.MacDebug|x86.Build.0 = Debug|Any CPU
		{F3D2FA84-C398-4390-9834-1272CC2D6F89}.MacRelease|Any CPU.ActiveCfg = Release|Any CPU
		{F3D2FA84-C398-4390-9834-1272CC2D6F89}.MacRelease|Any CPU.Build.0 = Release|Any CPU
		{F3D2FA84-C398-4390-9834-1272CC2D6F89}.MacRelease|x86.ActiveCfg = Release|Any CPU
		{F3D2FA84-C398-4390-9834-1272CC2D6F89}.MacRelease|x86.Build.0 = Release|Any CPU
		{F3D2FA84-C398-4390-9834-1272CC2D6F89}.Release|Any CPU.ActiveCfg = Release|Any CPU
		{F3D2FA84-C398-4390-9834-1272CC2D6F89}.Release|Any CPU.Build.0 = Release|Any CPU
		{F3D2FA84-C398-4390-9834-1272CC2D6F89}.Release|x86.ActiveCfg = Release|Any CPU
		{F3D2FA84-C398-4390-9834-1272CC2D6F89}.Release|x86.Build.0 = Release|Any CPU
		{F3D2FA84-C398-4390-9834-1272CC2D6F89}.SignedRelease|Any CPU.ActiveCfg = Release|Any CPU
		{F3D2FA84-C398-4390-9834-1272CC2D6F89}.SignedRelease|Any CPU.Build.0 = Release|Any CPU
		{F3D2FA84-C398-4390-9834-1272CC2D6F89}.SignedRelease|x86.ActiveCfg = Release|Any CPU
		{F3D2FA84-C398-4390-9834-1272CC2D6F89}.SignedRelease|x86.Build.0 = Release|Any CPU
		{786BD0EE-1806-4158-BA45-80249AC6DFE7}.Debug|Any CPU.ActiveCfg = Debug|Any CPU
		{786BD0EE-1806-4158-BA45-80249AC6DFE7}.Debug|Any CPU.Build.0 = Debug|Any CPU
		{786BD0EE-1806-4158-BA45-80249AC6DFE7}.Debug|x86.ActiveCfg = Debug|Any CPU
		{786BD0EE-1806-4158-BA45-80249AC6DFE7}.Debug|x86.Build.0 = Debug|Any CPU
		{786BD0EE-1806-4158-BA45-80249AC6DFE7}.MacDebug|Any CPU.ActiveCfg = Debug|Any CPU
		{786BD0EE-1806-4158-BA45-80249AC6DFE7}.MacDebug|Any CPU.Build.0 = Debug|Any CPU
		{786BD0EE-1806-4158-BA45-80249AC6DFE7}.MacDebug|x86.ActiveCfg = Debug|Any CPU
		{786BD0EE-1806-4158-BA45-80249AC6DFE7}.MacDebug|x86.Build.0 = Debug|Any CPU
		{786BD0EE-1806-4158-BA45-80249AC6DFE7}.MacRelease|Any CPU.ActiveCfg = Release|Any CPU
		{786BD0EE-1806-4158-BA45-80249AC6DFE7}.MacRelease|Any CPU.Build.0 = Release|Any CPU
		{786BD0EE-1806-4158-BA45-80249AC6DFE7}.MacRelease|x86.ActiveCfg = Release|Any CPU
		{786BD0EE-1806-4158-BA45-80249AC6DFE7}.MacRelease|x86.Build.0 = Release|Any CPU
		{786BD0EE-1806-4158-BA45-80249AC6DFE7}.Release|Any CPU.ActiveCfg = Release|Any CPU
		{786BD0EE-1806-4158-BA45-80249AC6DFE7}.Release|Any CPU.Build.0 = Release|Any CPU
		{786BD0EE-1806-4158-BA45-80249AC6DFE7}.Release|x86.ActiveCfg = Release|Any CPU
		{786BD0EE-1806-4158-BA45-80249AC6DFE7}.Release|x86.Build.0 = Release|Any CPU
		{786BD0EE-1806-4158-BA45-80249AC6DFE7}.SignedRelease|Any CPU.ActiveCfg = Release|Any CPU
		{786BD0EE-1806-4158-BA45-80249AC6DFE7}.SignedRelease|Any CPU.Build.0 = Release|Any CPU
		{786BD0EE-1806-4158-BA45-80249AC6DFE7}.SignedRelease|x86.ActiveCfg = Release|Any CPU
		{786BD0EE-1806-4158-BA45-80249AC6DFE7}.SignedRelease|x86.Build.0 = Release|Any CPU
		{F14023E2-F8DF-4EBC-B2C4-34A825E3790E}.Debug|Any CPU.ActiveCfg = Debug|Any CPU
		{F14023E2-F8DF-4EBC-B2C4-34A825E3790E}.Debug|Any CPU.Build.0 = Debug|Any CPU
		{F14023E2-F8DF-4EBC-B2C4-34A825E3790E}.Debug|x86.ActiveCfg = Debug|Any CPU
		{F14023E2-F8DF-4EBC-B2C4-34A825E3790E}.Debug|x86.Build.0 = Debug|Any CPU
		{F14023E2-F8DF-4EBC-B2C4-34A825E3790E}.MacDebug|Any CPU.ActiveCfg = Debug|Any CPU
		{F14023E2-F8DF-4EBC-B2C4-34A825E3790E}.MacDebug|Any CPU.Build.0 = Debug|Any CPU
		{F14023E2-F8DF-4EBC-B2C4-34A825E3790E}.MacDebug|x86.ActiveCfg = Debug|Any CPU
		{F14023E2-F8DF-4EBC-B2C4-34A825E3790E}.MacDebug|x86.Build.0 = Debug|Any CPU
		{F14023E2-F8DF-4EBC-B2C4-34A825E3790E}.MacRelease|Any CPU.ActiveCfg = Release|Any CPU
		{F14023E2-F8DF-4EBC-B2C4-34A825E3790E}.MacRelease|Any CPU.Build.0 = Release|Any CPU
		{F14023E2-F8DF-4EBC-B2C4-34A825E3790E}.MacRelease|x86.ActiveCfg = Release|Any CPU
		{F14023E2-F8DF-4EBC-B2C4-34A825E3790E}.MacRelease|x86.Build.0 = Release|Any CPU
		{F14023E2-F8DF-4EBC-B2C4-34A825E3790E}.Release|Any CPU.ActiveCfg = Release|Any CPU
		{F14023E2-F8DF-4EBC-B2C4-34A825E3790E}.Release|Any CPU.Build.0 = Release|Any CPU
		{F14023E2-F8DF-4EBC-B2C4-34A825E3790E}.Release|x86.ActiveCfg = Release|Any CPU
		{F14023E2-F8DF-4EBC-B2C4-34A825E3790E}.Release|x86.Build.0 = Release|Any CPU
		{F14023E2-F8DF-4EBC-B2C4-34A825E3790E}.SignedRelease|Any CPU.ActiveCfg = Release|Any CPU
		{F14023E2-F8DF-4EBC-B2C4-34A825E3790E}.SignedRelease|Any CPU.Build.0 = Release|Any CPU
		{F14023E2-F8DF-4EBC-B2C4-34A825E3790E}.SignedRelease|x86.ActiveCfg = Release|Any CPU
		{F14023E2-F8DF-4EBC-B2C4-34A825E3790E}.SignedRelease|x86.Build.0 = Release|Any CPU
		{903E2E75-7B62-4C42-A001-404DC0235A6B}.Debug|Any CPU.ActiveCfg = Debug|Any CPU
		{903E2E75-7B62-4C42-A001-404DC0235A6B}.Debug|Any CPU.Build.0 = Debug|Any CPU
		{903E2E75-7B62-4C42-A001-404DC0235A6B}.Debug|x86.ActiveCfg = Debug|Any CPU
		{903E2E75-7B62-4C42-A001-404DC0235A6B}.Debug|x86.Build.0 = Debug|Any CPU
		{903E2E75-7B62-4C42-A001-404DC0235A6B}.MacDebug|Any CPU.ActiveCfg = Debug|Any CPU
		{903E2E75-7B62-4C42-A001-404DC0235A6B}.MacDebug|Any CPU.Build.0 = Debug|Any CPU
		{903E2E75-7B62-4C42-A001-404DC0235A6B}.MacDebug|x86.ActiveCfg = Debug|Any CPU
		{903E2E75-7B62-4C42-A001-404DC0235A6B}.MacDebug|x86.Build.0 = Debug|Any CPU
		{903E2E75-7B62-4C42-A001-404DC0235A6B}.MacRelease|Any CPU.ActiveCfg = Release|Any CPU
		{903E2E75-7B62-4C42-A001-404DC0235A6B}.MacRelease|Any CPU.Build.0 = Release|Any CPU
		{903E2E75-7B62-4C42-A001-404DC0235A6B}.MacRelease|x86.ActiveCfg = Release|Any CPU
		{903E2E75-7B62-4C42-A001-404DC0235A6B}.MacRelease|x86.Build.0 = Release|Any CPU
		{903E2E75-7B62-4C42-A001-404DC0235A6B}.Release|Any CPU.ActiveCfg = Release|Any CPU
		{903E2E75-7B62-4C42-A001-404DC0235A6B}.Release|Any CPU.Build.0 = Release|Any CPU
		{903E2E75-7B62-4C42-A001-404DC0235A6B}.Release|x86.ActiveCfg = Release|Any CPU
		{903E2E75-7B62-4C42-A001-404DC0235A6B}.Release|x86.Build.0 = Release|Any CPU
		{903E2E75-7B62-4C42-A001-404DC0235A6B}.SignedRelease|Any CPU.ActiveCfg = Release|Any CPU
		{903E2E75-7B62-4C42-A001-404DC0235A6B}.SignedRelease|Any CPU.Build.0 = Release|Any CPU
		{903E2E75-7B62-4C42-A001-404DC0235A6B}.SignedRelease|x86.ActiveCfg = Release|Any CPU
		{903E2E75-7B62-4C42-A001-404DC0235A6B}.SignedRelease|x86.Build.0 = Release|Any CPU
		{030666AA-FC71-449E-9DFC-270F1C23C5DA}.Debug|Any CPU.ActiveCfg = Debug|Any CPU
		{030666AA-FC71-449E-9DFC-270F1C23C5DA}.Debug|Any CPU.Build.0 = Debug|Any CPU
		{030666AA-FC71-449E-9DFC-270F1C23C5DA}.Debug|x86.ActiveCfg = Debug|Any CPU
		{030666AA-FC71-449E-9DFC-270F1C23C5DA}.Debug|x86.Build.0 = Debug|Any CPU
		{030666AA-FC71-449E-9DFC-270F1C23C5DA}.MacDebug|Any CPU.ActiveCfg = Debug|Any CPU
		{030666AA-FC71-449E-9DFC-270F1C23C5DA}.MacDebug|Any CPU.Build.0 = Debug|Any CPU
		{030666AA-FC71-449E-9DFC-270F1C23C5DA}.MacDebug|x86.ActiveCfg = Debug|Any CPU
		{030666AA-FC71-449E-9DFC-270F1C23C5DA}.MacDebug|x86.Build.0 = Debug|Any CPU
		{030666AA-FC71-449E-9DFC-270F1C23C5DA}.MacRelease|Any CPU.ActiveCfg = Release|Any CPU
		{030666AA-FC71-449E-9DFC-270F1C23C5DA}.MacRelease|Any CPU.Build.0 = Release|Any CPU
		{030666AA-FC71-449E-9DFC-270F1C23C5DA}.MacRelease|x86.ActiveCfg = Release|Any CPU
		{030666AA-FC71-449E-9DFC-270F1C23C5DA}.MacRelease|x86.Build.0 = Release|Any CPU
		{030666AA-FC71-449E-9DFC-270F1C23C5DA}.Release|Any CPU.ActiveCfg = Release|Any CPU
		{030666AA-FC71-449E-9DFC-270F1C23C5DA}.Release|Any CPU.Build.0 = Release|Any CPU
		{030666AA-FC71-449E-9DFC-270F1C23C5DA}.Release|x86.ActiveCfg = Release|Any CPU
		{030666AA-FC71-449E-9DFC-270F1C23C5DA}.Release|x86.Build.0 = Release|Any CPU
		{030666AA-FC71-449E-9DFC-270F1C23C5DA}.SignedRelease|Any CPU.ActiveCfg = Release|Any CPU
		{030666AA-FC71-449E-9DFC-270F1C23C5DA}.SignedRelease|Any CPU.Build.0 = Release|Any CPU
		{030666AA-FC71-449E-9DFC-270F1C23C5DA}.SignedRelease|x86.ActiveCfg = Release|Any CPU
		{030666AA-FC71-449E-9DFC-270F1C23C5DA}.SignedRelease|x86.Build.0 = Release|Any CPU
		{200AC0CB-EBBF-4FDE-81D0-447CDFFFA2F7}.Debug|Any CPU.ActiveCfg = Debug|Any CPU
		{200AC0CB-EBBF-4FDE-81D0-447CDFFFA2F7}.Debug|Any CPU.Build.0 = Debug|Any CPU
		{200AC0CB-EBBF-4FDE-81D0-447CDFFFA2F7}.Debug|x86.ActiveCfg = Debug|Any CPU
		{200AC0CB-EBBF-4FDE-81D0-447CDFFFA2F7}.Debug|x86.Build.0 = Debug|Any CPU
		{200AC0CB-EBBF-4FDE-81D0-447CDFFFA2F7}.MacDebug|Any CPU.ActiveCfg = Debug|Any CPU
		{200AC0CB-EBBF-4FDE-81D0-447CDFFFA2F7}.MacDebug|Any CPU.Build.0 = Debug|Any CPU
		{200AC0CB-EBBF-4FDE-81D0-447CDFFFA2F7}.MacDebug|x86.ActiveCfg = Debug|Any CPU
		{200AC0CB-EBBF-4FDE-81D0-447CDFFFA2F7}.MacDebug|x86.Build.0 = Debug|Any CPU
		{200AC0CB-EBBF-4FDE-81D0-447CDFFFA2F7}.MacRelease|Any CPU.ActiveCfg = Release|Any CPU
		{200AC0CB-EBBF-4FDE-81D0-447CDFFFA2F7}.MacRelease|Any CPU.Build.0 = Release|Any CPU
		{200AC0CB-EBBF-4FDE-81D0-447CDFFFA2F7}.MacRelease|x86.ActiveCfg = Release|Any CPU
		{200AC0CB-EBBF-4FDE-81D0-447CDFFFA2F7}.MacRelease|x86.Build.0 = Release|Any CPU
		{200AC0CB-EBBF-4FDE-81D0-447CDFFFA2F7}.Release|Any CPU.ActiveCfg = Release|Any CPU
		{200AC0CB-EBBF-4FDE-81D0-447CDFFFA2F7}.Release|Any CPU.Build.0 = Release|Any CPU
		{200AC0CB-EBBF-4FDE-81D0-447CDFFFA2F7}.Release|x86.ActiveCfg = Release|Any CPU
		{200AC0CB-EBBF-4FDE-81D0-447CDFFFA2F7}.Release|x86.Build.0 = Release|Any CPU
		{200AC0CB-EBBF-4FDE-81D0-447CDFFFA2F7}.SignedRelease|Any CPU.ActiveCfg = Release|Any CPU
		{200AC0CB-EBBF-4FDE-81D0-447CDFFFA2F7}.SignedRelease|Any CPU.Build.0 = Release|Any CPU
		{200AC0CB-EBBF-4FDE-81D0-447CDFFFA2F7}.SignedRelease|x86.ActiveCfg = Release|Any CPU
		{200AC0CB-EBBF-4FDE-81D0-447CDFFFA2F7}.SignedRelease|x86.Build.0 = Release|Any CPU
		{ECE9B280-9647-4092-BABF-EB2E25084670}.Debug|Any CPU.ActiveCfg = Debug|Any CPU
		{ECE9B280-9647-4092-BABF-EB2E25084670}.Debug|Any CPU.Build.0 = Debug|Any CPU
		{ECE9B280-9647-4092-BABF-EB2E25084670}.Debug|x86.ActiveCfg = Debug|Any CPU
		{ECE9B280-9647-4092-BABF-EB2E25084670}.Debug|x86.Build.0 = Debug|Any CPU
		{ECE9B280-9647-4092-BABF-EB2E25084670}.MacDebug|Any CPU.ActiveCfg = Debug|Any CPU
		{ECE9B280-9647-4092-BABF-EB2E25084670}.MacDebug|Any CPU.Build.0 = Debug|Any CPU
		{ECE9B280-9647-4092-BABF-EB2E25084670}.MacDebug|x86.ActiveCfg = Debug|Any CPU
		{ECE9B280-9647-4092-BABF-EB2E25084670}.MacDebug|x86.Build.0 = Debug|Any CPU
		{ECE9B280-9647-4092-BABF-EB2E25084670}.MacRelease|Any CPU.ActiveCfg = Release|Any CPU
		{ECE9B280-9647-4092-BABF-EB2E25084670}.MacRelease|Any CPU.Build.0 = Release|Any CPU
		{ECE9B280-9647-4092-BABF-EB2E25084670}.MacRelease|x86.ActiveCfg = Release|Any CPU
		{ECE9B280-9647-4092-BABF-EB2E25084670}.MacRelease|x86.Build.0 = Release|Any CPU
		{ECE9B280-9647-4092-BABF-EB2E25084670}.Release|Any CPU.ActiveCfg = Release|Any CPU
		{ECE9B280-9647-4092-BABF-EB2E25084670}.Release|Any CPU.Build.0 = Release|Any CPU
		{ECE9B280-9647-4092-BABF-EB2E25084670}.Release|x86.ActiveCfg = Release|Any CPU
		{ECE9B280-9647-4092-BABF-EB2E25084670}.Release|x86.Build.0 = Release|Any CPU
		{ECE9B280-9647-4092-BABF-EB2E25084670}.SignedRelease|Any CPU.ActiveCfg = Release|Any CPU
		{ECE9B280-9647-4092-BABF-EB2E25084670}.SignedRelease|Any CPU.Build.0 = Release|Any CPU
		{ECE9B280-9647-4092-BABF-EB2E25084670}.SignedRelease|x86.ActiveCfg = Release|Any CPU
		{ECE9B280-9647-4092-BABF-EB2E25084670}.SignedRelease|x86.Build.0 = Release|Any CPU
		{A37BB496-739D-440E-AB64-E2939A759898}.Debug|Any CPU.ActiveCfg = Debug|Any CPU
		{A37BB496-739D-440E-AB64-E2939A759898}.Debug|Any CPU.Build.0 = Debug|Any CPU
		{A37BB496-739D-440E-AB64-E2939A759898}.Debug|x86.ActiveCfg = Debug|Any CPU
		{A37BB496-739D-440E-AB64-E2939A759898}.Debug|x86.Build.0 = Debug|Any CPU
		{A37BB496-739D-440E-AB64-E2939A759898}.MacDebug|Any CPU.ActiveCfg = Debug|Any CPU
		{A37BB496-739D-440E-AB64-E2939A759898}.MacDebug|Any CPU.Build.0 = Debug|Any CPU
		{A37BB496-739D-440E-AB64-E2939A759898}.MacDebug|x86.ActiveCfg = Debug|Any CPU
		{A37BB496-739D-440E-AB64-E2939A759898}.MacDebug|x86.Build.0 = Debug|Any CPU
		{A37BB496-739D-440E-AB64-E2939A759898}.MacRelease|Any CPU.ActiveCfg = Release|Any CPU
		{A37BB496-739D-440E-AB64-E2939A759898}.MacRelease|Any CPU.Build.0 = Release|Any CPU
		{A37BB496-739D-440E-AB64-E2939A759898}.MacRelease|x86.ActiveCfg = Release|Any CPU
		{A37BB496-739D-440E-AB64-E2939A759898}.MacRelease|x86.Build.0 = Release|Any CPU
		{A37BB496-739D-440E-AB64-E2939A759898}.Release|Any CPU.ActiveCfg = Release|Any CPU
		{A37BB496-739D-440E-AB64-E2939A759898}.Release|Any CPU.Build.0 = Release|Any CPU
		{A37BB496-739D-440E-AB64-E2939A759898}.Release|x86.ActiveCfg = Release|Any CPU
		{A37BB496-739D-440E-AB64-E2939A759898}.Release|x86.Build.0 = Release|Any CPU
		{A37BB496-739D-440E-AB64-E2939A759898}.SignedRelease|Any CPU.ActiveCfg = Release|Any CPU
		{A37BB496-739D-440E-AB64-E2939A759898}.SignedRelease|Any CPU.Build.0 = Release|Any CPU
		{A37BB496-739D-440E-AB64-E2939A759898}.SignedRelease|x86.ActiveCfg = Release|Any CPU
		{A37BB496-739D-440E-AB64-E2939A759898}.SignedRelease|x86.Build.0 = Release|Any CPU
		{C03FF673-9A0B-4EA4-9D55-1DF5E2B5EF45}.Debug|Any CPU.ActiveCfg = Debug|Any CPU
		{C03FF673-9A0B-4EA4-9D55-1DF5E2B5EF45}.Debug|Any CPU.Build.0 = Debug|Any CPU
		{C03FF673-9A0B-4EA4-9D55-1DF5E2B5EF45}.Debug|x86.ActiveCfg = Debug|Any CPU
		{C03FF673-9A0B-4EA4-9D55-1DF5E2B5EF45}.Debug|x86.Build.0 = Debug|Any CPU
		{C03FF673-9A0B-4EA4-9D55-1DF5E2B5EF45}.MacDebug|Any CPU.ActiveCfg = Debug|Any CPU
		{C03FF673-9A0B-4EA4-9D55-1DF5E2B5EF45}.MacDebug|Any CPU.Build.0 = Debug|Any CPU
		{C03FF673-9A0B-4EA4-9D55-1DF5E2B5EF45}.MacDebug|x86.ActiveCfg = Debug|Any CPU
		{C03FF673-9A0B-4EA4-9D55-1DF5E2B5EF45}.MacDebug|x86.Build.0 = Debug|Any CPU
		{C03FF673-9A0B-4EA4-9D55-1DF5E2B5EF45}.MacRelease|Any CPU.ActiveCfg = Release|Any CPU
		{C03FF673-9A0B-4EA4-9D55-1DF5E2B5EF45}.MacRelease|Any CPU.Build.0 = Release|Any CPU
		{C03FF673-9A0B-4EA4-9D55-1DF5E2B5EF45}.MacRelease|x86.ActiveCfg = Release|Any CPU
		{C03FF673-9A0B-4EA4-9D55-1DF5E2B5EF45}.MacRelease|x86.Build.0 = Release|Any CPU
		{C03FF673-9A0B-4EA4-9D55-1DF5E2B5EF45}.Release|Any CPU.ActiveCfg = Release|Any CPU
		{C03FF673-9A0B-4EA4-9D55-1DF5E2B5EF45}.Release|Any CPU.Build.0 = Release|Any CPU
		{C03FF673-9A0B-4EA4-9D55-1DF5E2B5EF45}.Release|x86.ActiveCfg = Release|Any CPU
		{C03FF673-9A0B-4EA4-9D55-1DF5E2B5EF45}.Release|x86.Build.0 = Release|Any CPU
		{C03FF673-9A0B-4EA4-9D55-1DF5E2B5EF45}.SignedRelease|Any CPU.ActiveCfg = Release|Any CPU
		{C03FF673-9A0B-4EA4-9D55-1DF5E2B5EF45}.SignedRelease|Any CPU.Build.0 = Release|Any CPU
		{C03FF673-9A0B-4EA4-9D55-1DF5E2B5EF45}.SignedRelease|x86.ActiveCfg = Release|Any CPU
		{C03FF673-9A0B-4EA4-9D55-1DF5E2B5EF45}.SignedRelease|x86.Build.0 = Release|Any CPU
		{B5CD9509-EE58-4C71-8C77-5014E7A44502}.Debug|Any CPU.ActiveCfg = Debug|Any CPU
		{B5CD9509-EE58-4C71-8C77-5014E7A44502}.Debug|Any CPU.Build.0 = Debug|Any CPU
		{B5CD9509-EE58-4C71-8C77-5014E7A44502}.Debug|x86.ActiveCfg = Debug|Any CPU
		{B5CD9509-EE58-4C71-8C77-5014E7A44502}.Debug|x86.Build.0 = Debug|Any CPU
		{B5CD9509-EE58-4C71-8C77-5014E7A44502}.MacDebug|Any CPU.ActiveCfg = Debug|Any CPU
		{B5CD9509-EE58-4C71-8C77-5014E7A44502}.MacDebug|Any CPU.Build.0 = Debug|Any CPU
		{B5CD9509-EE58-4C71-8C77-5014E7A44502}.MacDebug|x86.ActiveCfg = Debug|Any CPU
		{B5CD9509-EE58-4C71-8C77-5014E7A44502}.MacDebug|x86.Build.0 = Debug|Any CPU
		{B5CD9509-EE58-4C71-8C77-5014E7A44502}.MacRelease|Any CPU.ActiveCfg = Release|Any CPU
		{B5CD9509-EE58-4C71-8C77-5014E7A44502}.MacRelease|Any CPU.Build.0 = Release|Any CPU
		{B5CD9509-EE58-4C71-8C77-5014E7A44502}.MacRelease|x86.ActiveCfg = Release|Any CPU
		{B5CD9509-EE58-4C71-8C77-5014E7A44502}.MacRelease|x86.Build.0 = Release|Any CPU
		{B5CD9509-EE58-4C71-8C77-5014E7A44502}.Release|Any CPU.ActiveCfg = Release|Any CPU
		{B5CD9509-EE58-4C71-8C77-5014E7A44502}.Release|Any CPU.Build.0 = Release|Any CPU
		{B5CD9509-EE58-4C71-8C77-5014E7A44502}.Release|x86.ActiveCfg = Release|Any CPU
		{B5CD9509-EE58-4C71-8C77-5014E7A44502}.Release|x86.Build.0 = Release|Any CPU
		{B5CD9509-EE58-4C71-8C77-5014E7A44502}.SignedRelease|Any CPU.ActiveCfg = Release|Any CPU
		{B5CD9509-EE58-4C71-8C77-5014E7A44502}.SignedRelease|Any CPU.Build.0 = Release|Any CPU
		{B5CD9509-EE58-4C71-8C77-5014E7A44502}.SignedRelease|x86.ActiveCfg = Release|Any CPU
		{B5CD9509-EE58-4C71-8C77-5014E7A44502}.SignedRelease|x86.Build.0 = Release|Any CPU
		{AECE16FA-D5B2-4F5B-AB26-6294AFF2E265}.Debug|Any CPU.ActiveCfg = Debug|Any CPU
		{AECE16FA-D5B2-4F5B-AB26-6294AFF2E265}.Debug|Any CPU.Build.0 = Debug|Any CPU
		{AECE16FA-D5B2-4F5B-AB26-6294AFF2E265}.Debug|x86.ActiveCfg = Debug|Any CPU
		{AECE16FA-D5B2-4F5B-AB26-6294AFF2E265}.Debug|x86.Build.0 = Debug|Any CPU
		{AECE16FA-D5B2-4F5B-AB26-6294AFF2E265}.MacDebug|Any CPU.ActiveCfg = Debug|Any CPU
		{AECE16FA-D5B2-4F5B-AB26-6294AFF2E265}.MacDebug|Any CPU.Build.0 = Debug|Any CPU
		{AECE16FA-D5B2-4F5B-AB26-6294AFF2E265}.MacDebug|x86.ActiveCfg = Debug|Any CPU
		{AECE16FA-D5B2-4F5B-AB26-6294AFF2E265}.MacDebug|x86.Build.0 = Debug|Any CPU
		{AECE16FA-D5B2-4F5B-AB26-6294AFF2E265}.MacRelease|Any CPU.ActiveCfg = Release|Any CPU
		{AECE16FA-D5B2-4F5B-AB26-6294AFF2E265}.MacRelease|Any CPU.Build.0 = Release|Any CPU
		{AECE16FA-D5B2-4F5B-AB26-6294AFF2E265}.MacRelease|x86.ActiveCfg = Release|Any CPU
		{AECE16FA-D5B2-4F5B-AB26-6294AFF2E265}.MacRelease|x86.Build.0 = Release|Any CPU
		{AECE16FA-D5B2-4F5B-AB26-6294AFF2E265}.Release|Any CPU.ActiveCfg = Release|Any CPU
		{AECE16FA-D5B2-4F5B-AB26-6294AFF2E265}.Release|Any CPU.Build.0 = Release|Any CPU
		{AECE16FA-D5B2-4F5B-AB26-6294AFF2E265}.Release|x86.ActiveCfg = Release|Any CPU
		{AECE16FA-D5B2-4F5B-AB26-6294AFF2E265}.Release|x86.Build.0 = Release|Any CPU
		{AECE16FA-D5B2-4F5B-AB26-6294AFF2E265}.SignedRelease|Any CPU.ActiveCfg = Release|Any CPU
		{AECE16FA-D5B2-4F5B-AB26-6294AFF2E265}.SignedRelease|Any CPU.Build.0 = Release|Any CPU
		{AECE16FA-D5B2-4F5B-AB26-6294AFF2E265}.SignedRelease|x86.ActiveCfg = Release|Any CPU
		{AECE16FA-D5B2-4F5B-AB26-6294AFF2E265}.SignedRelease|x86.Build.0 = Release|Any CPU
		{0D913602-39B1-4ABB-AE5A-D8EBAD1CCDD6}.Debug|Any CPU.ActiveCfg = Debug|Any CPU
		{0D913602-39B1-4ABB-AE5A-D8EBAD1CCDD6}.Debug|Any CPU.Build.0 = Debug|Any CPU
		{0D913602-39B1-4ABB-AE5A-D8EBAD1CCDD6}.Debug|x86.ActiveCfg = Debug|Any CPU
		{0D913602-39B1-4ABB-AE5A-D8EBAD1CCDD6}.Debug|x86.Build.0 = Debug|Any CPU
		{0D913602-39B1-4ABB-AE5A-D8EBAD1CCDD6}.MacDebug|Any CPU.ActiveCfg = Debug|Any CPU
		{0D913602-39B1-4ABB-AE5A-D8EBAD1CCDD6}.MacDebug|Any CPU.Build.0 = Debug|Any CPU
		{0D913602-39B1-4ABB-AE5A-D8EBAD1CCDD6}.MacDebug|x86.ActiveCfg = Debug|Any CPU
		{0D913602-39B1-4ABB-AE5A-D8EBAD1CCDD6}.MacDebug|x86.Build.0 = Debug|Any CPU
		{0D913602-39B1-4ABB-AE5A-D8EBAD1CCDD6}.MacRelease|Any CPU.ActiveCfg = Release|Any CPU
		{0D913602-39B1-4ABB-AE5A-D8EBAD1CCDD6}.MacRelease|Any CPU.Build.0 = Release|Any CPU
		{0D913602-39B1-4ABB-AE5A-D8EBAD1CCDD6}.MacRelease|x86.ActiveCfg = Release|Any CPU
		{0D913602-39B1-4ABB-AE5A-D8EBAD1CCDD6}.MacRelease|x86.Build.0 = Release|Any CPU
		{0D913602-39B1-4ABB-AE5A-D8EBAD1CCDD6}.Release|Any CPU.ActiveCfg = Release|Any CPU
		{0D913602-39B1-4ABB-AE5A-D8EBAD1CCDD6}.Release|Any CPU.Build.0 = Release|Any CPU
		{0D913602-39B1-4ABB-AE5A-D8EBAD1CCDD6}.Release|x86.ActiveCfg = Release|Any CPU
		{0D913602-39B1-4ABB-AE5A-D8EBAD1CCDD6}.Release|x86.Build.0 = Release|Any CPU
		{0D913602-39B1-4ABB-AE5A-D8EBAD1CCDD6}.SignedRelease|Any CPU.ActiveCfg = Release|Any CPU
		{0D913602-39B1-4ABB-AE5A-D8EBAD1CCDD6}.SignedRelease|Any CPU.Build.0 = Release|Any CPU
		{0D913602-39B1-4ABB-AE5A-D8EBAD1CCDD6}.SignedRelease|x86.ActiveCfg = Release|Any CPU
		{0D913602-39B1-4ABB-AE5A-D8EBAD1CCDD6}.SignedRelease|x86.Build.0 = Release|Any CPU
		{891C41D5-26D1-4EC8-B645-FB4C5236CC0E}.Debug|Any CPU.ActiveCfg = Debug|Any CPU
		{891C41D5-26D1-4EC8-B645-FB4C5236CC0E}.Debug|Any CPU.Build.0 = Debug|Any CPU
		{891C41D5-26D1-4EC8-B645-FB4C5236CC0E}.Debug|x86.ActiveCfg = Debug|Any CPU
		{891C41D5-26D1-4EC8-B645-FB4C5236CC0E}.Debug|x86.Build.0 = Debug|Any CPU
		{891C41D5-26D1-4EC8-B645-FB4C5236CC0E}.MacDebug|Any CPU.ActiveCfg = Debug|Any CPU
		{891C41D5-26D1-4EC8-B645-FB4C5236CC0E}.MacDebug|Any CPU.Build.0 = Debug|Any CPU
		{891C41D5-26D1-4EC8-B645-FB4C5236CC0E}.MacDebug|x86.ActiveCfg = Debug|Any CPU
		{891C41D5-26D1-4EC8-B645-FB4C5236CC0E}.MacDebug|x86.Build.0 = Debug|Any CPU
		{891C41D5-26D1-4EC8-B645-FB4C5236CC0E}.MacRelease|Any CPU.ActiveCfg = Release|Any CPU
		{891C41D5-26D1-4EC8-B645-FB4C5236CC0E}.MacRelease|Any CPU.Build.0 = Release|Any CPU
		{891C41D5-26D1-4EC8-B645-FB4C5236CC0E}.MacRelease|x86.ActiveCfg = Release|Any CPU
		{891C41D5-26D1-4EC8-B645-FB4C5236CC0E}.MacRelease|x86.Build.0 = Release|Any CPU
		{891C41D5-26D1-4EC8-B645-FB4C5236CC0E}.Release|Any CPU.ActiveCfg = Release|Any CPU
		{891C41D5-26D1-4EC8-B645-FB4C5236CC0E}.Release|Any CPU.Build.0 = Release|Any CPU
		{891C41D5-26D1-4EC8-B645-FB4C5236CC0E}.Release|x86.ActiveCfg = Release|Any CPU
		{891C41D5-26D1-4EC8-B645-FB4C5236CC0E}.Release|x86.Build.0 = Release|Any CPU
		{891C41D5-26D1-4EC8-B645-FB4C5236CC0E}.SignedRelease|Any CPU.ActiveCfg = Release|Any CPU
		{891C41D5-26D1-4EC8-B645-FB4C5236CC0E}.SignedRelease|Any CPU.Build.0 = Release|Any CPU
		{891C41D5-26D1-4EC8-B645-FB4C5236CC0E}.SignedRelease|x86.ActiveCfg = Release|Any CPU
		{891C41D5-26D1-4EC8-B645-FB4C5236CC0E}.SignedRelease|x86.Build.0 = Release|Any CPU
		{06935ED9-4199-4D53-AB77-2BAE57208F85}.Debug|Any CPU.ActiveCfg = Debug|Any CPU
		{06935ED9-4199-4D53-AB77-2BAE57208F85}.Debug|Any CPU.Build.0 = Debug|Any CPU
		{06935ED9-4199-4D53-AB77-2BAE57208F85}.Debug|x86.ActiveCfg = Debug|Any CPU
		{06935ED9-4199-4D53-AB77-2BAE57208F85}.Debug|x86.Build.0 = Debug|Any CPU
		{06935ED9-4199-4D53-AB77-2BAE57208F85}.MacDebug|Any CPU.ActiveCfg = Debug|Any CPU
		{06935ED9-4199-4D53-AB77-2BAE57208F85}.MacDebug|Any CPU.Build.0 = Debug|Any CPU
		{06935ED9-4199-4D53-AB77-2BAE57208F85}.MacDebug|x86.ActiveCfg = Debug|Any CPU
		{06935ED9-4199-4D53-AB77-2BAE57208F85}.MacDebug|x86.Build.0 = Debug|Any CPU
		{06935ED9-4199-4D53-AB77-2BAE57208F85}.MacRelease|Any CPU.ActiveCfg = Release|Any CPU
		{06935ED9-4199-4D53-AB77-2BAE57208F85}.MacRelease|Any CPU.Build.0 = Release|Any CPU
		{06935ED9-4199-4D53-AB77-2BAE57208F85}.MacRelease|x86.ActiveCfg = Release|Any CPU
		{06935ED9-4199-4D53-AB77-2BAE57208F85}.MacRelease|x86.Build.0 = Release|Any CPU
		{06935ED9-4199-4D53-AB77-2BAE57208F85}.Release|Any CPU.ActiveCfg = Release|Any CPU
		{06935ED9-4199-4D53-AB77-2BAE57208F85}.Release|Any CPU.Build.0 = Release|Any CPU
		{06935ED9-4199-4D53-AB77-2BAE57208F85}.Release|x86.ActiveCfg = Release|Any CPU
		{06935ED9-4199-4D53-AB77-2BAE57208F85}.Release|x86.Build.0 = Release|Any CPU
		{06935ED9-4199-4D53-AB77-2BAE57208F85}.SignedRelease|Any CPU.ActiveCfg = Release|Any CPU
		{06935ED9-4199-4D53-AB77-2BAE57208F85}.SignedRelease|Any CPU.Build.0 = Release|Any CPU
		{06935ED9-4199-4D53-AB77-2BAE57208F85}.SignedRelease|x86.ActiveCfg = Release|Any CPU
		{06935ED9-4199-4D53-AB77-2BAE57208F85}.SignedRelease|x86.Build.0 = Release|Any CPU
		{4933B173-831A-41B3-A04B-498EEC647B29}.Debug|Any CPU.ActiveCfg = Debug|Any CPU
		{4933B173-831A-41B3-A04B-498EEC647B29}.Debug|Any CPU.Build.0 = Debug|Any CPU
		{4933B173-831A-41B3-A04B-498EEC647B29}.Debug|x86.ActiveCfg = Debug|Any CPU
		{4933B173-831A-41B3-A04B-498EEC647B29}.Debug|x86.Build.0 = Debug|Any CPU
		{4933B173-831A-41B3-A04B-498EEC647B29}.MacDebug|Any CPU.ActiveCfg = Debug|Any CPU
		{4933B173-831A-41B3-A04B-498EEC647B29}.MacDebug|Any CPU.Build.0 = Debug|Any CPU
		{4933B173-831A-41B3-A04B-498EEC647B29}.MacDebug|x86.ActiveCfg = Debug|Any CPU
		{4933B173-831A-41B3-A04B-498EEC647B29}.MacDebug|x86.Build.0 = Debug|Any CPU
		{4933B173-831A-41B3-A04B-498EEC647B29}.MacRelease|Any CPU.ActiveCfg = Release|Any CPU
		{4933B173-831A-41B3-A04B-498EEC647B29}.MacRelease|Any CPU.Build.0 = Release|Any CPU
		{4933B173-831A-41B3-A04B-498EEC647B29}.MacRelease|x86.ActiveCfg = Release|Any CPU
		{4933B173-831A-41B3-A04B-498EEC647B29}.MacRelease|x86.Build.0 = Release|Any CPU
		{4933B173-831A-41B3-A04B-498EEC647B29}.Release|Any CPU.ActiveCfg = Release|Any CPU
		{4933B173-831A-41B3-A04B-498EEC647B29}.Release|Any CPU.Build.0 = Release|Any CPU
		{4933B173-831A-41B3-A04B-498EEC647B29}.Release|x86.ActiveCfg = Release|Any CPU
		{4933B173-831A-41B3-A04B-498EEC647B29}.Release|x86.Build.0 = Release|Any CPU
		{4933B173-831A-41B3-A04B-498EEC647B29}.SignedRelease|Any CPU.ActiveCfg = Release|Any CPU
		{4933B173-831A-41B3-A04B-498EEC647B29}.SignedRelease|Any CPU.Build.0 = Release|Any CPU
		{4933B173-831A-41B3-A04B-498EEC647B29}.SignedRelease|x86.ActiveCfg = Release|Any CPU
		{4933B173-831A-41B3-A04B-498EEC647B29}.SignedRelease|x86.Build.0 = Release|Any CPU
		{E3872E49-66F3-4EA1-9F99-2F6D85EBE5C7}.Debug|Any CPU.ActiveCfg = Debug|Any CPU
		{E3872E49-66F3-4EA1-9F99-2F6D85EBE5C7}.Debug|Any CPU.Build.0 = Debug|Any CPU
		{E3872E49-66F3-4EA1-9F99-2F6D85EBE5C7}.Debug|x86.ActiveCfg = Debug|Any CPU
		{E3872E49-66F3-4EA1-9F99-2F6D85EBE5C7}.Debug|x86.Build.0 = Debug|Any CPU
		{E3872E49-66F3-4EA1-9F99-2F6D85EBE5C7}.MacDebug|Any CPU.ActiveCfg = Debug|Any CPU
		{E3872E49-66F3-4EA1-9F99-2F6D85EBE5C7}.MacDebug|Any CPU.Build.0 = Debug|Any CPU
		{E3872E49-66F3-4EA1-9F99-2F6D85EBE5C7}.MacDebug|x86.ActiveCfg = Debug|Any CPU
		{E3872E49-66F3-4EA1-9F99-2F6D85EBE5C7}.MacDebug|x86.Build.0 = Debug|Any CPU
		{E3872E49-66F3-4EA1-9F99-2F6D85EBE5C7}.MacRelease|Any CPU.ActiveCfg = Release|Any CPU
		{E3872E49-66F3-4EA1-9F99-2F6D85EBE5C7}.MacRelease|Any CPU.Build.0 = Release|Any CPU
		{E3872E49-66F3-4EA1-9F99-2F6D85EBE5C7}.MacRelease|x86.ActiveCfg = Release|Any CPU
		{E3872E49-66F3-4EA1-9F99-2F6D85EBE5C7}.MacRelease|x86.Build.0 = Release|Any CPU
		{E3872E49-66F3-4EA1-9F99-2F6D85EBE5C7}.Release|Any CPU.ActiveCfg = Release|Any CPU
		{E3872E49-66F3-4EA1-9F99-2F6D85EBE5C7}.Release|Any CPU.Build.0 = Release|Any CPU
		{E3872E49-66F3-4EA1-9F99-2F6D85EBE5C7}.Release|x86.ActiveCfg = Release|Any CPU
		{E3872E49-66F3-4EA1-9F99-2F6D85EBE5C7}.Release|x86.Build.0 = Release|Any CPU
		{E3872E49-66F3-4EA1-9F99-2F6D85EBE5C7}.SignedRelease|Any CPU.ActiveCfg = Release|Any CPU
		{E3872E49-66F3-4EA1-9F99-2F6D85EBE5C7}.SignedRelease|Any CPU.Build.0 = Release|Any CPU
		{E3872E49-66F3-4EA1-9F99-2F6D85EBE5C7}.SignedRelease|x86.ActiveCfg = Release|Any CPU
		{E3872E49-66F3-4EA1-9F99-2F6D85EBE5C7}.SignedRelease|x86.Build.0 = Release|Any CPU
		{8553ABC7-ABFA-4A21-B0E8-68B7DE76129D}.Debug|Any CPU.ActiveCfg = Debug|Any CPU
		{8553ABC7-ABFA-4A21-B0E8-68B7DE76129D}.Debug|Any CPU.Build.0 = Debug|Any CPU
		{8553ABC7-ABFA-4A21-B0E8-68B7DE76129D}.Debug|x86.ActiveCfg = Debug|Any CPU
		{8553ABC7-ABFA-4A21-B0E8-68B7DE76129D}.Debug|x86.Build.0 = Debug|Any CPU
		{8553ABC7-ABFA-4A21-B0E8-68B7DE76129D}.MacDebug|Any CPU.ActiveCfg = Debug|Any CPU
		{8553ABC7-ABFA-4A21-B0E8-68B7DE76129D}.MacDebug|Any CPU.Build.0 = Debug|Any CPU
		{8553ABC7-ABFA-4A21-B0E8-68B7DE76129D}.MacDebug|x86.ActiveCfg = Debug|Any CPU
		{8553ABC7-ABFA-4A21-B0E8-68B7DE76129D}.MacDebug|x86.Build.0 = Debug|Any CPU
		{8553ABC7-ABFA-4A21-B0E8-68B7DE76129D}.MacRelease|Any CPU.ActiveCfg = Release|Any CPU
		{8553ABC7-ABFA-4A21-B0E8-68B7DE76129D}.MacRelease|Any CPU.Build.0 = Release|Any CPU
		{8553ABC7-ABFA-4A21-B0E8-68B7DE76129D}.MacRelease|x86.ActiveCfg = Release|Any CPU
		{8553ABC7-ABFA-4A21-B0E8-68B7DE76129D}.MacRelease|x86.Build.0 = Release|Any CPU
		{8553ABC7-ABFA-4A21-B0E8-68B7DE76129D}.Release|Any CPU.ActiveCfg = Release|Any CPU
		{8553ABC7-ABFA-4A21-B0E8-68B7DE76129D}.Release|Any CPU.Build.0 = Release|Any CPU
		{8553ABC7-ABFA-4A21-B0E8-68B7DE76129D}.Release|x86.ActiveCfg = Release|Any CPU
		{8553ABC7-ABFA-4A21-B0E8-68B7DE76129D}.Release|x86.Build.0 = Release|Any CPU
		{8553ABC7-ABFA-4A21-B0E8-68B7DE76129D}.SignedRelease|Any CPU.ActiveCfg = Release|Any CPU
		{8553ABC7-ABFA-4A21-B0E8-68B7DE76129D}.SignedRelease|Any CPU.Build.0 = Release|Any CPU
		{8553ABC7-ABFA-4A21-B0E8-68B7DE76129D}.SignedRelease|x86.ActiveCfg = Release|Any CPU
		{8553ABC7-ABFA-4A21-B0E8-68B7DE76129D}.SignedRelease|x86.Build.0 = Release|Any CPU
		{9B5BD1A0-3FBB-4632-9969-7FBE60DE93AC}.Debug|Any CPU.ActiveCfg = Debug|Any CPU
		{9B5BD1A0-3FBB-4632-9969-7FBE60DE93AC}.Debug|Any CPU.Build.0 = Debug|Any CPU
		{9B5BD1A0-3FBB-4632-9969-7FBE60DE93AC}.Debug|x86.ActiveCfg = Debug|Any CPU
		{9B5BD1A0-3FBB-4632-9969-7FBE60DE93AC}.Debug|x86.Build.0 = Debug|Any CPU
		{9B5BD1A0-3FBB-4632-9969-7FBE60DE93AC}.MacDebug|Any CPU.ActiveCfg = Debug|Any CPU
		{9B5BD1A0-3FBB-4632-9969-7FBE60DE93AC}.MacDebug|Any CPU.Build.0 = Debug|Any CPU
		{9B5BD1A0-3FBB-4632-9969-7FBE60DE93AC}.MacDebug|x86.ActiveCfg = Debug|Any CPU
		{9B5BD1A0-3FBB-4632-9969-7FBE60DE93AC}.MacDebug|x86.Build.0 = Debug|Any CPU
		{9B5BD1A0-3FBB-4632-9969-7FBE60DE93AC}.MacRelease|Any CPU.ActiveCfg = Release|Any CPU
		{9B5BD1A0-3FBB-4632-9969-7FBE60DE93AC}.MacRelease|Any CPU.Build.0 = Release|Any CPU
		{9B5BD1A0-3FBB-4632-9969-7FBE60DE93AC}.MacRelease|x86.ActiveCfg = Release|Any CPU
		{9B5BD1A0-3FBB-4632-9969-7FBE60DE93AC}.MacRelease|x86.Build.0 = Release|Any CPU
		{9B5BD1A0-3FBB-4632-9969-7FBE60DE93AC}.Release|Any CPU.ActiveCfg = Release|Any CPU
		{9B5BD1A0-3FBB-4632-9969-7FBE60DE93AC}.Release|Any CPU.Build.0 = Release|Any CPU
		{9B5BD1A0-3FBB-4632-9969-7FBE60DE93AC}.Release|x86.ActiveCfg = Release|Any CPU
		{9B5BD1A0-3FBB-4632-9969-7FBE60DE93AC}.Release|x86.Build.0 = Release|Any CPU
		{9B5BD1A0-3FBB-4632-9969-7FBE60DE93AC}.SignedRelease|Any CPU.ActiveCfg = Release|Any CPU
		{9B5BD1A0-3FBB-4632-9969-7FBE60DE93AC}.SignedRelease|Any CPU.Build.0 = Release|Any CPU
		{9B5BD1A0-3FBB-4632-9969-7FBE60DE93AC}.SignedRelease|x86.ActiveCfg = Release|Any CPU
		{9B5BD1A0-3FBB-4632-9969-7FBE60DE93AC}.SignedRelease|x86.Build.0 = Release|Any CPU
		{5C53A418-40C1-42BC-B30E-0EDA2737DE5F}.Debug|Any CPU.ActiveCfg = Debug|Any CPU
		{5C53A418-40C1-42BC-B30E-0EDA2737DE5F}.Debug|Any CPU.Build.0 = Debug|Any CPU
		{5C53A418-40C1-42BC-B30E-0EDA2737DE5F}.Debug|x86.ActiveCfg = Debug|Any CPU
		{5C53A418-40C1-42BC-B30E-0EDA2737DE5F}.Debug|x86.Build.0 = Debug|Any CPU
		{5C53A418-40C1-42BC-B30E-0EDA2737DE5F}.MacDebug|Any CPU.ActiveCfg = Debug|Any CPU
		{5C53A418-40C1-42BC-B30E-0EDA2737DE5F}.MacDebug|Any CPU.Build.0 = Debug|Any CPU
		{5C53A418-40C1-42BC-B30E-0EDA2737DE5F}.MacDebug|x86.ActiveCfg = Debug|Any CPU
		{5C53A418-40C1-42BC-B30E-0EDA2737DE5F}.MacDebug|x86.Build.0 = Debug|Any CPU
		{5C53A418-40C1-42BC-B30E-0EDA2737DE5F}.MacRelease|Any CPU.ActiveCfg = Release|Any CPU
		{5C53A418-40C1-42BC-B30E-0EDA2737DE5F}.MacRelease|Any CPU.Build.0 = Release|Any CPU
		{5C53A418-40C1-42BC-B30E-0EDA2737DE5F}.MacRelease|x86.ActiveCfg = Release|Any CPU
		{5C53A418-40C1-42BC-B30E-0EDA2737DE5F}.MacRelease|x86.Build.0 = Release|Any CPU
		{5C53A418-40C1-42BC-B30E-0EDA2737DE5F}.Release|Any CPU.ActiveCfg = Release|Any CPU
		{5C53A418-40C1-42BC-B30E-0EDA2737DE5F}.Release|Any CPU.Build.0 = Release|Any CPU
		{5C53A418-40C1-42BC-B30E-0EDA2737DE5F}.Release|x86.ActiveCfg = Release|Any CPU
		{5C53A418-40C1-42BC-B30E-0EDA2737DE5F}.Release|x86.Build.0 = Release|Any CPU
		{5C53A418-40C1-42BC-B30E-0EDA2737DE5F}.SignedRelease|Any CPU.ActiveCfg = Release|Any CPU
		{5C53A418-40C1-42BC-B30E-0EDA2737DE5F}.SignedRelease|Any CPU.Build.0 = Release|Any CPU
		{5C53A418-40C1-42BC-B30E-0EDA2737DE5F}.SignedRelease|x86.ActiveCfg = Release|Any CPU
		{5C53A418-40C1-42BC-B30E-0EDA2737DE5F}.SignedRelease|x86.Build.0 = Release|Any CPU
		{20960967-3647-41A2-9DF6-3E15E2AA7019}.Debug|Any CPU.ActiveCfg = Debug|Any CPU
		{20960967-3647-41A2-9DF6-3E15E2AA7019}.Debug|Any CPU.Build.0 = Debug|Any CPU
		{20960967-3647-41A2-9DF6-3E15E2AA7019}.Debug|x86.ActiveCfg = Debug|Any CPU
		{20960967-3647-41A2-9DF6-3E15E2AA7019}.Debug|x86.Build.0 = Debug|Any CPU
		{20960967-3647-41A2-9DF6-3E15E2AA7019}.MacDebug|Any CPU.ActiveCfg = Debug|Any CPU
		{20960967-3647-41A2-9DF6-3E15E2AA7019}.MacDebug|Any CPU.Build.0 = Debug|Any CPU
		{20960967-3647-41A2-9DF6-3E15E2AA7019}.MacDebug|x86.ActiveCfg = Debug|Any CPU
		{20960967-3647-41A2-9DF6-3E15E2AA7019}.MacDebug|x86.Build.0 = Debug|Any CPU
		{20960967-3647-41A2-9DF6-3E15E2AA7019}.MacRelease|Any CPU.ActiveCfg = Release|Any CPU
		{20960967-3647-41A2-9DF6-3E15E2AA7019}.MacRelease|Any CPU.Build.0 = Release|Any CPU
		{20960967-3647-41A2-9DF6-3E15E2AA7019}.MacRelease|x86.ActiveCfg = Release|Any CPU
		{20960967-3647-41A2-9DF6-3E15E2AA7019}.MacRelease|x86.Build.0 = Release|Any CPU
		{20960967-3647-41A2-9DF6-3E15E2AA7019}.Release|Any CPU.ActiveCfg = Release|Any CPU
		{20960967-3647-41A2-9DF6-3E15E2AA7019}.Release|Any CPU.Build.0 = Release|Any CPU
		{20960967-3647-41A2-9DF6-3E15E2AA7019}.Release|x86.ActiveCfg = Release|Any CPU
		{20960967-3647-41A2-9DF6-3E15E2AA7019}.Release|x86.Build.0 = Release|Any CPU
		{20960967-3647-41A2-9DF6-3E15E2AA7019}.SignedRelease|Any CPU.ActiveCfg = Release|Any CPU
		{20960967-3647-41A2-9DF6-3E15E2AA7019}.SignedRelease|Any CPU.Build.0 = Release|Any CPU
		{20960967-3647-41A2-9DF6-3E15E2AA7019}.SignedRelease|x86.ActiveCfg = Release|Any CPU
		{20960967-3647-41A2-9DF6-3E15E2AA7019}.SignedRelease|x86.Build.0 = Release|Any CPU
		{33836324-C699-4139-AB9C-7524570A04D5}.Debug|Any CPU.ActiveCfg = Debug|Any CPU
		{33836324-C699-4139-AB9C-7524570A04D5}.Debug|Any CPU.Build.0 = Debug|Any CPU
		{33836324-C699-4139-AB9C-7524570A04D5}.Debug|x86.ActiveCfg = Debug|Any CPU
		{33836324-C699-4139-AB9C-7524570A04D5}.Debug|x86.Build.0 = Debug|Any CPU
		{33836324-C699-4139-AB9C-7524570A04D5}.MacDebug|Any CPU.ActiveCfg = Debug|Any CPU
		{33836324-C699-4139-AB9C-7524570A04D5}.MacDebug|Any CPU.Build.0 = Debug|Any CPU
		{33836324-C699-4139-AB9C-7524570A04D5}.MacDebug|x86.ActiveCfg = Debug|Any CPU
		{33836324-C699-4139-AB9C-7524570A04D5}.MacDebug|x86.Build.0 = Debug|Any CPU
		{33836324-C699-4139-AB9C-7524570A04D5}.MacRelease|Any CPU.ActiveCfg = Release|Any CPU
		{33836324-C699-4139-AB9C-7524570A04D5}.MacRelease|Any CPU.Build.0 = Release|Any CPU
		{33836324-C699-4139-AB9C-7524570A04D5}.MacRelease|x86.ActiveCfg = Release|Any CPU
		{33836324-C699-4139-AB9C-7524570A04D5}.MacRelease|x86.Build.0 = Release|Any CPU
		{33836324-C699-4139-AB9C-7524570A04D5}.Release|Any CPU.ActiveCfg = Release|Any CPU
		{33836324-C699-4139-AB9C-7524570A04D5}.Release|Any CPU.Build.0 = Release|Any CPU
		{33836324-C699-4139-AB9C-7524570A04D5}.Release|x86.ActiveCfg = Release|Any CPU
		{33836324-C699-4139-AB9C-7524570A04D5}.Release|x86.Build.0 = Release|Any CPU
		{33836324-C699-4139-AB9C-7524570A04D5}.SignedRelease|Any CPU.ActiveCfg = Release|Any CPU
		{33836324-C699-4139-AB9C-7524570A04D5}.SignedRelease|Any CPU.Build.0 = Release|Any CPU
		{33836324-C699-4139-AB9C-7524570A04D5}.SignedRelease|x86.ActiveCfg = Release|Any CPU
		{33836324-C699-4139-AB9C-7524570A04D5}.SignedRelease|x86.Build.0 = Release|Any CPU
	EndGlobalSection
	GlobalSection(SolutionProperties) = preSolution
		HideSolutionNode = FALSE
	EndGlobalSection
	GlobalSection(NestedProjects) = preSolution
		{16013272-94C9-46DE-84A1-9562A322719D} = {576926A4-9EBF-47D2-BDDA-4FAF0ED534FE}
		{C83CABC0-A612-4F6D-AFDB-0E2B4C98CDEE} = {D93CA29A-10A8-4BA8-B05D-AA7B81A127F1}
		{76272AB0-DF7A-4AF8-BBD5-1AD87150BA7F} = {576926A4-9EBF-47D2-BDDA-4FAF0ED534FE}
		{6B894823-4076-4D56-B12D-81517AF3223D} = {576926A4-9EBF-47D2-BDDA-4FAF0ED534FE}
		{A49B162F-B08B-4753-99EA-9A8E07270F5E} = {576926A4-9EBF-47D2-BDDA-4FAF0ED534FE}
		{3A45F695-47A2-464C-ACE6-BDABBFA39FBC} = {938E48F1-4BDF-4953-AB18-E72D6FDB1E18}
		{39E61451-F4FE-493D-B754-5F06EB284AAC} = {938E48F1-4BDF-4953-AB18-E72D6FDB1E18}
		{3BFD6EE6-0267-4D82-BE7D-9B48B2F6F3D4} = {938E48F1-4BDF-4953-AB18-E72D6FDB1E18}
		{554DF209-7744-433F-993A-783E2A2803EF} = {F386119B-7D95-4F22-B789-CABE710FE83D}
		{406D064D-78B4-467F-86C6-B3E2F12C0A65} = {F386119B-7D95-4F22-B789-CABE710FE83D}
		{4A16BBDF-64EB-4CDE-97AA-B18C9A44CBB6} = {F386119B-7D95-4F22-B789-CABE710FE83D}
		{5315173F-51E5-4600-B31D-66CFE3B94205} = {F386119B-7D95-4F22-B789-CABE710FE83D}
		{CAD6BCB7-758B-4AA4-A5FE-A9FAB8A4CF2F} = {938E48F1-4BDF-4953-AB18-E72D6FDB1E18}
		{F1A82A4F-4A57-47D7-AE76-444C8A4FF54A} = {938E48F1-4BDF-4953-AB18-E72D6FDB1E18}
		{16EF1840-0361-439D-806C-92D0411122EB} = {C8BA5840-9AEC-48D9-ACAF-6C5C40366CE4}
		{EDCD4511-B016-48EE-BD73-491A6B6687E6} = {F386119B-7D95-4F22-B789-CABE710FE83D}
		{65EF51C6-5CB8-43B8-AE65-4A68F0B44AD2} = {C8BA5840-9AEC-48D9-ACAF-6C5C40366CE4}
		{F3D2FA84-C398-4390-9834-1272CC2D6F89} = {C8BA5840-9AEC-48D9-ACAF-6C5C40366CE4}
		{786BD0EE-1806-4158-BA45-80249AC6DFE7} = {C8BA5840-9AEC-48D9-ACAF-6C5C40366CE4}
		{F14023E2-F8DF-4EBC-B2C4-34A825E3790E} = {C8BA5840-9AEC-48D9-ACAF-6C5C40366CE4}
		{903E2E75-7B62-4C42-A001-404DC0235A6B} = {C8BA5840-9AEC-48D9-ACAF-6C5C40366CE4}
		{C8BA5840-9AEC-48D9-ACAF-6C5C40366CE4} = {88BF5669-D3F7-4409-8117-4222074F4354}
		{F386119B-7D95-4F22-B789-CABE710FE83D} = {88BF5669-D3F7-4409-8117-4222074F4354}
		{938E48F1-4BDF-4953-AB18-E72D6FDB1E18} = {88BF5669-D3F7-4409-8117-4222074F4354}
		{030666AA-FC71-449E-9DFC-270F1C23C5DA} = {938E48F1-4BDF-4953-AB18-E72D6FDB1E18}
		{200AC0CB-EBBF-4FDE-81D0-447CDFFFA2F7} = {C8BA5840-9AEC-48D9-ACAF-6C5C40366CE4}
		{ECE9B280-9647-4092-BABF-EB2E25084670} = {C8BA5840-9AEC-48D9-ACAF-6C5C40366CE4}
		{A37BB496-739D-440E-AB64-E2939A759898} = {938E48F1-4BDF-4953-AB18-E72D6FDB1E18}
		{C03FF673-9A0B-4EA4-9D55-1DF5E2B5EF45} = {576926A4-9EBF-47D2-BDDA-4FAF0ED534FE}
		{B5CD9509-EE58-4C71-8C77-5014E7A44502} = {576926A4-9EBF-47D2-BDDA-4FAF0ED534FE}
		{AECE16FA-D5B2-4F5B-AB26-6294AFF2E265} = {576926A4-9EBF-47D2-BDDA-4FAF0ED534FE}
		{0D913602-39B1-4ABB-AE5A-D8EBAD1CCDD6} = {88BF5669-D3F7-4409-8117-4222074F4354}
		{891C41D5-26D1-4EC8-B645-FB4C5236CC0E} = {D93CA29A-10A8-4BA8-B05D-AA7B81A127F1}
		{06935ED9-4199-4D53-AB77-2BAE57208F85} = {D93CA29A-10A8-4BA8-B05D-AA7B81A127F1}
		{31E3C458-01AE-4340-9AFB-2C004CD8C98F} = {88BF5669-D3F7-4409-8117-4222074F4354}
		{4933B173-831A-41B3-A04B-498EEC647B29} = {31E3C458-01AE-4340-9AFB-2C004CD8C98F}
		{E3872E49-66F3-4EA1-9F99-2F6D85EBE5C7} = {576926A4-9EBF-47D2-BDDA-4FAF0ED534FE}
		{8553ABC7-ABFA-4A21-B0E8-68B7DE76129D} = {938E48F1-4BDF-4953-AB18-E72D6FDB1E18}
		{C2C0DDDF-46A4-4672-B5B3-9BEB503C60D2} = {88BF5669-D3F7-4409-8117-4222074F4354}
		{9B5BD1A0-3FBB-4632-9969-7FBE60DE93AC} = {C2C0DDDF-46A4-4672-B5B3-9BEB503C60D2}
		{5C53A418-40C1-42BC-B30E-0EDA2737DE5F} = {C2C0DDDF-46A4-4672-B5B3-9BEB503C60D2}
		{F5FF8D13-A718-4C61-8156-66E89E9E0542} = {88BF5669-D3F7-4409-8117-4222074F4354}
		{20960967-3647-41A2-9DF6-3E15E2AA7019} = {F5FF8D13-A718-4C61-8156-66E89E9E0542}
		{33836324-C699-4139-AB9C-7524570A04D5} = {938E48F1-4BDF-4953-AB18-E72D6FDB1E18}
	EndGlobalSection
	GlobalSection(ExtensibilityGlobals) = postSolution
		SolutionGuid = {BF4EBA9F-71CB-48AF-BEF8-7414B6BC554E}
	EndGlobalSection
EndGlobal
